// !$*UTF8*$!
{
	archiveVersion = 1;
	classes = {
	};
	objectVersion = 46;
	objects = {

/* Begin PBXBuildFile section */
		92841A8817EDF63D005C0E18 /* Foundation.framework in Frameworks */ = {isa = PBXBuildFile; fileRef = 92841A8717EDF63D005C0E18 /* Foundation.framework */; };
		92841A8A17EDF63D005C0E18 /* CoreGraphics.framework in Frameworks */ = {isa = PBXBuildFile; fileRef = 92841A8917EDF63D005C0E18 /* CoreGraphics.framework */; };
		92841A8C17EDF63D005C0E18 /* UIKit.framework in Frameworks */ = {isa = PBXBuildFile; fileRef = 92841A8B17EDF63D005C0E18 /* UIKit.framework */; };
		92841A9217EDF63D005C0E18 /* InfoPlist.strings in Resources */ = {isa = PBXBuildFile; fileRef = 92841A9017EDF63D005C0E18 /* InfoPlist.strings */; };
		92841A9417EDF63D005C0E18 /* main.m in Sources */ = {isa = PBXBuildFile; fileRef = 92841A9317EDF63D005C0E18 /* main.m */; };
		92841A9817EDF63D005C0E18 /* FDAppDelegate.m in Sources */ = {isa = PBXBuildFile; fileRef = 92841A9717EDF63D005C0E18 /* FDAppDelegate.m */; };
		92841A9B17EDF63D005C0E18 /* Main_iPhone.storyboard in Resources */ = {isa = PBXBuildFile; fileRef = 92841A9917EDF63D005C0E18 /* Main_iPhone.storyboard */; };
		92841A9E17EDF63D005C0E18 /* Main_iPad.storyboard in Resources */ = {isa = PBXBuildFile; fileRef = 92841A9C17EDF63D005C0E18 /* Main_iPad.storyboard */; };
		92841AA117EDF63D005C0E18 /* FDMasterViewController.m in Sources */ = {isa = PBXBuildFile; fileRef = 92841AA017EDF63D005C0E18 /* FDMasterViewController.m */; };
		92841AA417EDF63D005C0E18 /* FDDetailViewController.m in Sources */ = {isa = PBXBuildFile; fileRef = 92841AA317EDF63D005C0E18 /* FDDetailViewController.m */; };
		92841AA617EDF63D005C0E18 /* Images.xcassets in Resources */ = {isa = PBXBuildFile; fileRef = 92841AA517EDF63D005C0E18 /* Images.xcassets */; };
		92841AAD17EDF63D005C0E18 /* XCTest.framework in Frameworks */ = {isa = PBXBuildFile; fileRef = 92841AAC17EDF63D005C0E18 /* XCTest.framework */; };
		92841AAE17EDF63D005C0E18 /* Foundation.framework in Frameworks */ = {isa = PBXBuildFile; fileRef = 92841A8717EDF63D005C0E18 /* Foundation.framework */; };
		92841AAF17EDF63D005C0E18 /* UIKit.framework in Frameworks */ = {isa = PBXBuildFile; fileRef = 92841A8B17EDF63D005C0E18 /* UIKit.framework */; };
		92841AB717EDF63D005C0E18 /* InfoPlist.strings in Resources */ = {isa = PBXBuildFile; fileRef = 92841AB517EDF63D005C0E18 /* InfoPlist.strings */; };
		92841AB917EDF63D005C0E18 /* FireflyUtilityTests.m in Sources */ = {isa = PBXBuildFile; fileRef = 92841AB817EDF63D005C0E18 /* FireflyUtilityTests.m */; };
		92841AD017EDF7CA005C0E18 /* CoreBluetooth.framework in Frameworks */ = {isa = PBXBuildFile; fileRef = 92841ACF17EDF7CA005C0E18 /* CoreBluetooth.framework */; };
		92841AD117EDF7F7005C0E18 /* libFireflyDevice.a in Frameworks */ = {isa = PBXBuildFile; fileRef = 92841ACC17EDF7BB005C0E18 /* libFireflyDevice.a */; };
		928BF64817F2818000370B91 /* FDDetailTabBarController.m in Sources */ = {isa = PBXBuildFile; fileRef = 928BF64717F2818000370B91 /* FDDetailTabBarController.m */; };
		929CA40B17F0992E00A4A992 /* FDDetailRadioViewController.m in Sources */ = {isa = PBXBuildFile; fileRef = 929CA40A17F0992E00A4A992 /* FDDetailRadioViewController.m */; };
		929CA40F17F0AD3400A4A992 /* FDDetailOverviewViewController.m in Sources */ = {isa = PBXBuildFile; fileRef = 929CA40E17F0AD3400A4A992 /* FDDetailOverviewViewController.m */; };
		929CA42817F0D73100A4A992 /* FDDetailIndicatorsViewController.m in Sources */ = {isa = PBXBuildFile; fileRef = 929CA42717F0D73100A4A992 /* FDDetailIndicatorsViewController.m */; };
		929CA42B17F0F01A00A4A992 /* FDUpdateView.m in Sources */ = {isa = PBXBuildFile; fileRef = 929CA42A17F0F01A00A4A992 /* FDUpdateView.m */; };
		929CA42E17F0F30600A4A992 /* FDDetailUpdateViewController.m in Sources */ = {isa = PBXBuildFile; fileRef = 929CA42D17F0F30600A4A992 /* FDDetailUpdateViewController.m */; };
		929CA43617F1242F00A4A992 /* FDDetailResetViewController.m in Sources */ = {isa = PBXBuildFile; fileRef = 929CA43517F1242F00A4A992 /* FDDetailResetViewController.m */; };
		92F863F817F3C38D000E23AF /* FDFireflyIceCollector.m in Sources */ = {isa = PBXBuildFile; fileRef = 92F863F717F3C38D000E23AF /* FDFireflyIceCollector.m */; };
		92F863FC17F3D0E6000E23AF /* FDDevice.m in Sources */ = {isa = PBXBuildFile; fileRef = 92F863FB17F3D0E6000E23AF /* FDDevice.m */; };
/* End PBXBuildFile section */

/* Begin PBXContainerItemProxy section */
		92841AB017EDF63D005C0E18 /* PBXContainerItemProxy */ = {
			isa = PBXContainerItemProxy;
			containerPortal = 92841A7C17EDF63D005C0E18 /* Project object */;
			proxyType = 1;
			remoteGlobalIDString = 92841A8317EDF63D005C0E18;
			remoteInfo = FireflyUtility;
		};
		92841ACB17EDF7BB005C0E18 /* PBXContainerItemProxy */ = {
			isa = PBXContainerItemProxy;
			containerPortal = 92841AC617EDF7BB005C0E18 /* FireflyDevice.xcodeproj */;
			proxyType = 2;
			remoteGlobalIDString = 929EF4B617EA06580044F6F9;
			remoteInfo = FireflyDevice;
		};
		92841ACD17EDF7BB005C0E18 /* PBXContainerItemProxy */ = {
			isa = PBXContainerItemProxy;
			containerPortal = 92841AC617EDF7BB005C0E18 /* FireflyDevice.xcodeproj */;
			proxyType = 2;
			remoteGlobalIDString = 929EF4C717EA06580044F6F9;
			remoteInfo = FireflyDeviceTests;
		};
		92841AD217EDF80B005C0E18 /* PBXContainerItemProxy */ = {
			isa = PBXContainerItemProxy;
			containerPortal = 92841AC617EDF7BB005C0E18 /* FireflyDevice.xcodeproj */;
			proxyType = 1;
			remoteGlobalIDString = 929EF4B517EA06580044F6F9;
			remoteInfo = FireflyDevice;
		};
/* End PBXContainerItemProxy section */

/* Begin PBXFileReference section */
		92841A8417EDF63D005C0E18 /* FireflyUtility.app */ = {isa = PBXFileReference; explicitFileType = wrapper.application; includeInIndex = 0; path = FireflyUtility.app; sourceTree = BUILT_PRODUCTS_DIR; };
		92841A8717EDF63D005C0E18 /* Foundation.framework */ = {isa = PBXFileReference; lastKnownFileType = wrapper.framework; name = Foundation.framework; path = System/Library/Frameworks/Foundation.framework; sourceTree = SDKROOT; };
		92841A8917EDF63D005C0E18 /* CoreGraphics.framework */ = {isa = PBXFileReference; lastKnownFileType = wrapper.framework; name = CoreGraphics.framework; path = System/Library/Frameworks/CoreGraphics.framework; sourceTree = SDKROOT; };
		92841A8B17EDF63D005C0E18 /* UIKit.framework */ = {isa = PBXFileReference; lastKnownFileType = wrapper.framework; name = UIKit.framework; path = System/Library/Frameworks/UIKit.framework; sourceTree = SDKROOT; };
		92841A8F17EDF63D005C0E18 /* FireflyUtility-Info.plist */ = {isa = PBXFileReference; lastKnownFileType = text.plist.xml; path = "FireflyUtility-Info.plist"; sourceTree = "<group>"; };
		92841A9117EDF63D005C0E18 /* en */ = {isa = PBXFileReference; lastKnownFileType = text.plist.strings; name = en; path = en.lproj/InfoPlist.strings; sourceTree = "<group>"; };
		92841A9317EDF63D005C0E18 /* main.m */ = {isa = PBXFileReference; lastKnownFileType = sourcecode.c.objc; path = main.m; sourceTree = "<group>"; };
		92841A9517EDF63D005C0E18 /* FireflyUtility-Prefix.pch */ = {isa = PBXFileReference; lastKnownFileType = sourcecode.c.h; path = "FireflyUtility-Prefix.pch"; sourceTree = "<group>"; };
		92841A9617EDF63D005C0E18 /* FDAppDelegate.h */ = {isa = PBXFileReference; lastKnownFileType = sourcecode.c.h; path = FDAppDelegate.h; sourceTree = "<group>"; };
		92841A9717EDF63D005C0E18 /* FDAppDelegate.m */ = {isa = PBXFileReference; lastKnownFileType = sourcecode.c.objc; path = FDAppDelegate.m; sourceTree = "<group>"; };
		92841A9A17EDF63D005C0E18 /* Base */ = {isa = PBXFileReference; lastKnownFileType = file.storyboard; name = Base; path = Base.lproj/Main_iPhone.storyboard; sourceTree = "<group>"; };
		92841A9D17EDF63D005C0E18 /* Base */ = {isa = PBXFileReference; lastKnownFileType = file.storyboard; name = Base; path = Base.lproj/Main_iPad.storyboard; sourceTree = "<group>"; };
		92841A9F17EDF63D005C0E18 /* FDMasterViewController.h */ = {isa = PBXFileReference; lastKnownFileType = sourcecode.c.h; path = FDMasterViewController.h; sourceTree = "<group>"; };
		92841AA017EDF63D005C0E18 /* FDMasterViewController.m */ = {isa = PBXFileReference; lastKnownFileType = sourcecode.c.objc; path = FDMasterViewController.m; sourceTree = "<group>"; };
		92841AA217EDF63D005C0E18 /* FDDetailViewController.h */ = {isa = PBXFileReference; lastKnownFileType = sourcecode.c.h; path = FDDetailViewController.h; sourceTree = "<group>"; };
		92841AA317EDF63D005C0E18 /* FDDetailViewController.m */ = {isa = PBXFileReference; lastKnownFileType = sourcecode.c.objc; path = FDDetailViewController.m; sourceTree = "<group>"; };
		92841AA517EDF63D005C0E18 /* Images.xcassets */ = {isa = PBXFileReference; lastKnownFileType = folder.assetcatalog; path = Images.xcassets; sourceTree = "<group>"; };
		92841AAB17EDF63D005C0E18 /* FireflyUtilityTests.xctest */ = {isa = PBXFileReference; explicitFileType = wrapper.cfbundle; includeInIndex = 0; path = FireflyUtilityTests.xctest; sourceTree = BUILT_PRODUCTS_DIR; };
		92841AAC17EDF63D005C0E18 /* XCTest.framework */ = {isa = PBXFileReference; lastKnownFileType = wrapper.framework; name = XCTest.framework; path = Library/Frameworks/XCTest.framework; sourceTree = DEVELOPER_DIR; };
		92841AB417EDF63D005C0E18 /* FireflyUtilityTests-Info.plist */ = {isa = PBXFileReference; lastKnownFileType = text.plist.xml; path = "FireflyUtilityTests-Info.plist"; sourceTree = "<group>"; };
		92841AB617EDF63D005C0E18 /* en */ = {isa = PBXFileReference; lastKnownFileType = text.plist.strings; name = en; path = en.lproj/InfoPlist.strings; sourceTree = "<group>"; };
		92841AB817EDF63D005C0E18 /* FireflyUtilityTests.m */ = {isa = PBXFileReference; lastKnownFileType = sourcecode.c.objc; path = FireflyUtilityTests.m; sourceTree = "<group>"; };
		92841AC617EDF7BB005C0E18 /* FireflyDevice.xcodeproj */ = {isa = PBXFileReference; lastKnownFileType = "wrapper.pb-project"; name = FireflyDevice.xcodeproj; path = ../FireflyDevice/FireflyDevice.xcodeproj; sourceTree = "<group>"; };
		92841ACF17EDF7CA005C0E18 /* CoreBluetooth.framework */ = {isa = PBXFileReference; lastKnownFileType = wrapper.framework; name = CoreBluetooth.framework; path = System/Library/Frameworks/CoreBluetooth.framework; sourceTree = SDKROOT; };
		928BF64617F2818000370B91 /* FDDetailTabBarController.h */ = {isa = PBXFileReference; fileEncoding = 4; lastKnownFileType = sourcecode.c.h; path = FDDetailTabBarController.h; sourceTree = "<group>"; };
		928BF64717F2818000370B91 /* FDDetailTabBarController.m */ = {isa = PBXFileReference; fileEncoding = 4; lastKnownFileType = sourcecode.c.objc; path = FDDetailTabBarController.m; sourceTree = "<group>"; };
		929CA40917F0992E00A4A992 /* FDDetailRadioViewController.h */ = {isa = PBXFileReference; fileEncoding = 4; lastKnownFileType = sourcecode.c.h; path = FDDetailRadioViewController.h; sourceTree = "<group>"; };
		929CA40A17F0992E00A4A992 /* FDDetailRadioViewController.m */ = {isa = PBXFileReference; fileEncoding = 4; lastKnownFileType = sourcecode.c.objc; path = FDDetailRadioViewController.m; sourceTree = "<group>"; };
		929CA40D17F0AD3400A4A992 /* FDDetailOverviewViewController.h */ = {isa = PBXFileReference; fileEncoding = 4; lastKnownFileType = sourcecode.c.h; path = FDDetailOverviewViewController.h; sourceTree = "<group>"; };
		929CA40E17F0AD3400A4A992 /* FDDetailOverviewViewController.m */ = {isa = PBXFileReference; fileEncoding = 4; lastKnownFileType = sourcecode.c.objc; path = FDDetailOverviewViewController.m; sourceTree = "<group>"; };
		929CA42617F0D73100A4A992 /* FDDetailIndicatorsViewController.h */ = {isa = PBXFileReference; fileEncoding = 4; lastKnownFileType = sourcecode.c.h; path = FDDetailIndicatorsViewController.h; sourceTree = "<group>"; };
		929CA42717F0D73100A4A992 /* FDDetailIndicatorsViewController.m */ = {isa = PBXFileReference; fileEncoding = 4; lastKnownFileType = sourcecode.c.objc; path = FDDetailIndicatorsViewController.m; sourceTree = "<group>"; };
		929CA42917F0F01A00A4A992 /* FDUpdateView.h */ = {isa = PBXFileReference; fileEncoding = 4; lastKnownFileType = sourcecode.c.h; path = FDUpdateView.h; sourceTree = "<group>"; };
		929CA42A17F0F01A00A4A992 /* FDUpdateView.m */ = {isa = PBXFileReference; fileEncoding = 4; lastKnownFileType = sourcecode.c.objc; path = FDUpdateView.m; sourceTree = "<group>"; };
		929CA42C17F0F30600A4A992 /* FDDetailUpdateViewController.h */ = {isa = PBXFileReference; fileEncoding = 4; lastKnownFileType = sourcecode.c.h; path = FDDetailUpdateViewController.h; sourceTree = "<group>"; };
		929CA42D17F0F30600A4A992 /* FDDetailUpdateViewController.m */ = {isa = PBXFileReference; fileEncoding = 4; lastKnownFileType = sourcecode.c.objc; path = FDDetailUpdateViewController.m; sourceTree = "<group>"; };
		929CA43417F1242F00A4A992 /* FDDetailResetViewController.h */ = {isa = PBXFileReference; fileEncoding = 4; lastKnownFileType = sourcecode.c.h; path = FDDetailResetViewController.h; sourceTree = "<group>"; };
		929CA43517F1242F00A4A992 /* FDDetailResetViewController.m */ = {isa = PBXFileReference; fileEncoding = 4; lastKnownFileType = sourcecode.c.objc; path = FDDetailResetViewController.m; sourceTree = "<group>"; };
		92F863F617F3C38D000E23AF /* FDFireflyIceCollector.h */ = {isa = PBXFileReference; fileEncoding = 4; lastKnownFileType = sourcecode.c.h; path = FDFireflyIceCollector.h; sourceTree = "<group>"; };
		92F863F717F3C38D000E23AF /* FDFireflyIceCollector.m */ = {isa = PBXFileReference; fileEncoding = 4; lastKnownFileType = sourcecode.c.objc; path = FDFireflyIceCollector.m; sourceTree = "<group>"; };
		92F863FA17F3D0E6000E23AF /* FDDevice.h */ = {isa = PBXFileReference; fileEncoding = 4; lastKnownFileType = sourcecode.c.h; path = FDDevice.h; sourceTree = "<group>"; };
		92F863FB17F3D0E6000E23AF /* FDDevice.m */ = {isa = PBXFileReference; fileEncoding = 4; lastKnownFileType = sourcecode.c.objc; path = FDDevice.m; sourceTree = "<group>"; };
/* End PBXFileReference section */

/* Begin PBXFrameworksBuildPhase section */
		92841A8117EDF63D005C0E18 /* Frameworks */ = {
			isa = PBXFrameworksBuildPhase;
			buildActionMask = 2147483647;
			files = (
				92841AD117EDF7F7005C0E18 /* libFireflyDevice.a in Frameworks */,
				92841AD017EDF7CA005C0E18 /* CoreBluetooth.framework in Frameworks */,
				92841A8A17EDF63D005C0E18 /* CoreGraphics.framework in Frameworks */,
				92841A8C17EDF63D005C0E18 /* UIKit.framework in Frameworks */,
				92841A8817EDF63D005C0E18 /* Foundation.framework in Frameworks */,
			);
			runOnlyForDeploymentPostprocessing = 0;
		};
		92841AA817EDF63D005C0E18 /* Frameworks */ = {
			isa = PBXFrameworksBuildPhase;
			buildActionMask = 2147483647;
			files = (
				92841AAD17EDF63D005C0E18 /* XCTest.framework in Frameworks */,
				92841AAF17EDF63D005C0E18 /* UIKit.framework in Frameworks */,
				92841AAE17EDF63D005C0E18 /* Foundation.framework in Frameworks */,
			);
			runOnlyForDeploymentPostprocessing = 0;
		};
/* End PBXFrameworksBuildPhase section */

/* Begin PBXGroup section */
		92841A7B17EDF63D005C0E18 = {
			isa = PBXGroup;
			children = (
				92841AC617EDF7BB005C0E18 /* FireflyDevice.xcodeproj */,
				92841A8D17EDF63D005C0E18 /* FireflyUtility */,
				92841AB217EDF63D005C0E18 /* FireflyUtilityTests */,
				92841A8617EDF63D005C0E18 /* Frameworks */,
				92841A8517EDF63D005C0E18 /* Products */,
			);
			sourceTree = "<group>";
		};
		92841A8517EDF63D005C0E18 /* Products */ = {
			isa = PBXGroup;
			children = (
				92841A8417EDF63D005C0E18 /* FireflyUtility.app */,
				92841AAB17EDF63D005C0E18 /* FireflyUtilityTests.xctest */,
			);
			name = Products;
			sourceTree = "<group>";
		};
		92841A8617EDF63D005C0E18 /* Frameworks */ = {
			isa = PBXGroup;
			children = (
				92841ACF17EDF7CA005C0E18 /* CoreBluetooth.framework */,
				92841A8717EDF63D005C0E18 /* Foundation.framework */,
				92841A8917EDF63D005C0E18 /* CoreGraphics.framework */,
				92841A8B17EDF63D005C0E18 /* UIKit.framework */,
				92841AAC17EDF63D005C0E18 /* XCTest.framework */,
			);
			name = Frameworks;
			sourceTree = "<group>";
		};
		92841A8D17EDF63D005C0E18 /* FireflyUtility */ = {
			isa = PBXGroup;
			children = (
				92841A8E17EDF63D005C0E18 /* Supporting Files */,
				92841A9917EDF63D005C0E18 /* Main_iPhone.storyboard */,
				92841A9C17EDF63D005C0E18 /* Main_iPad.storyboard */,
				92841AA517EDF63D005C0E18 /* Images.xcassets */,
				92841A9617EDF63D005C0E18 /* FDAppDelegate.h */,
				92841A9717EDF63D005C0E18 /* FDAppDelegate.m */,
				92841A9F17EDF63D005C0E18 /* FDMasterViewController.h */,
				92841AA017EDF63D005C0E18 /* FDMasterViewController.m */,
				92841AA217EDF63D005C0E18 /* FDDetailViewController.h */,
				92841AA317EDF63D005C0E18 /* FDDetailViewController.m */,
				929CA40D17F0AD3400A4A992 /* FDDetailOverviewViewController.h */,
				929CA40E17F0AD3400A4A992 /* FDDetailOverviewViewController.m */,
				929CA40917F0992E00A4A992 /* FDDetailRadioViewController.h */,
				929CA40A17F0992E00A4A992 /* FDDetailRadioViewController.m */,
				929CA42617F0D73100A4A992 /* FDDetailIndicatorsViewController.h */,
				929CA42717F0D73100A4A992 /* FDDetailIndicatorsViewController.m */,
				929CA42917F0F01A00A4A992 /* FDUpdateView.h */,
				929CA42A17F0F01A00A4A992 /* FDUpdateView.m */,
				929CA42C17F0F30600A4A992 /* FDDetailUpdateViewController.h */,
				929CA42D17F0F30600A4A992 /* FDDetailUpdateViewController.m */,
				929CA43417F1242F00A4A992 /* FDDetailResetViewController.h */,
				929CA43517F1242F00A4A992 /* FDDetailResetViewController.m */,
				928BF64617F2818000370B91 /* FDDetailTabBarController.h */,
				928BF64717F2818000370B91 /* FDDetailTabBarController.m */,
				92F863F617F3C38D000E23AF /* FDFireflyIceCollector.h */,
				92F863F717F3C38D000E23AF /* FDFireflyIceCollector.m */,
				92F863FA17F3D0E6000E23AF /* FDDevice.h */,
				92F863FB17F3D0E6000E23AF /* FDDevice.m */,
			);
			path = FireflyUtility;
			sourceTree = "<group>";
		};
		92841A8E17EDF63D005C0E18 /* Supporting Files */ = {
			isa = PBXGroup;
			children = (
				92841A8F17EDF63D005C0E18 /* FireflyUtility-Info.plist */,
				92841A9017EDF63D005C0E18 /* InfoPlist.strings */,
				92841A9317EDF63D005C0E18 /* main.m */,
				92841A9517EDF63D005C0E18 /* FireflyUtility-Prefix.pch */,
			);
			name = "Supporting Files";
			sourceTree = "<group>";
		};
		92841AB217EDF63D005C0E18 /* FireflyUtilityTests */ = {
			isa = PBXGroup;
			children = (
				92841AB817EDF63D005C0E18 /* FireflyUtilityTests.m */,
				92841AB317EDF63D005C0E18 /* Supporting Files */,
			);
			path = FireflyUtilityTests;
			sourceTree = "<group>";
		};
		92841AB317EDF63D005C0E18 /* Supporting Files */ = {
			isa = PBXGroup;
			children = (
				92841AB417EDF63D005C0E18 /* FireflyUtilityTests-Info.plist */,
				92841AB517EDF63D005C0E18 /* InfoPlist.strings */,
			);
			name = "Supporting Files";
			sourceTree = "<group>";
		};
		92841AC717EDF7BB005C0E18 /* Products */ = {
			isa = PBXGroup;
			children = (
				92841ACC17EDF7BB005C0E18 /* libFireflyDevice.a */,
				92841ACE17EDF7BB005C0E18 /* FireflyDeviceTests.octest */,
			);
			name = Products;
			sourceTree = "<group>";
		};
/* End PBXGroup section */

/* Begin PBXNativeTarget section */
		92841A8317EDF63D005C0E18 /* FireflyUtility */ = {
			isa = PBXNativeTarget;
			buildConfigurationList = 92841ABC17EDF63D005C0E18 /* Build configuration list for PBXNativeTarget "FireflyUtility" */;
			buildPhases = (
				92841A8017EDF63D005C0E18 /* Sources */,
				92841A8117EDF63D005C0E18 /* Frameworks */,
				92841A8217EDF63D005C0E18 /* Resources */,
			);
			buildRules = (
			);
			dependencies = (
				92841AD317EDF80B005C0E18 /* PBXTargetDependency */,
			);
			name = FireflyUtility;
			productName = FireflyUtility;
			productReference = 92841A8417EDF63D005C0E18 /* FireflyUtility.app */;
			productType = "com.apple.product-type.application";
		};
		92841AAA17EDF63D005C0E18 /* FireflyUtilityTests */ = {
			isa = PBXNativeTarget;
			buildConfigurationList = 92841ABF17EDF63D005C0E18 /* Build configuration list for PBXNativeTarget "FireflyUtilityTests" */;
			buildPhases = (
				92841AA717EDF63D005C0E18 /* Sources */,
				92841AA817EDF63D005C0E18 /* Frameworks */,
				92841AA917EDF63D005C0E18 /* Resources */,
			);
			buildRules = (
			);
			dependencies = (
				92841AB117EDF63D005C0E18 /* PBXTargetDependency */,
			);
			name = FireflyUtilityTests;
			productName = FireflyUtilityTests;
			productReference = 92841AAB17EDF63D005C0E18 /* FireflyUtilityTests.xctest */;
			productType = "com.apple.product-type.bundle.unit-test";
		};
/* End PBXNativeTarget section */

/* Begin PBXProject section */
		92841A7C17EDF63D005C0E18 /* Project object */ = {
			isa = PBXProject;
			attributes = {
				CLASSPREFIX = FD;
				LastUpgradeCheck = 0500;
				ORGANIZATIONNAME = "Firefly Design";
				TargetAttributes = {
					92841AAA17EDF63D005C0E18 = {
						TestTargetID = 92841A8317EDF63D005C0E18;
					};
				};
			};
			buildConfigurationList = 92841A7F17EDF63D005C0E18 /* Build configuration list for PBXProject "FireflyUtility" */;
			compatibilityVersion = "Xcode 3.2";
			developmentRegion = English;
			hasScannedForEncodings = 0;
			knownRegions = (
				en,
				Base,
			);
			mainGroup = 92841A7B17EDF63D005C0E18;
			productRefGroup = 92841A8517EDF63D005C0E18 /* Products */;
			projectDirPath = "";
			projectReferences = (
				{
					ProductGroup = 92841AC717EDF7BB005C0E18 /* Products */;
					ProjectRef = 92841AC617EDF7BB005C0E18 /* FireflyDevice.xcodeproj */;
				},
			);
			projectRoot = "";
			targets = (
				92841A8317EDF63D005C0E18 /* FireflyUtility */,
				92841AAA17EDF63D005C0E18 /* FireflyUtilityTests */,
			);
		};
/* End PBXProject section */

/* Begin PBXReferenceProxy section */
		92841ACC17EDF7BB005C0E18 /* libFireflyDevice.a */ = {
			isa = PBXReferenceProxy;
			fileType = archive.ar;
			path = libFireflyDevice.a;
			remoteRef = 92841ACB17EDF7BB005C0E18 /* PBXContainerItemProxy */;
			sourceTree = BUILT_PRODUCTS_DIR;
		};
		92841ACE17EDF7BB005C0E18 /* FireflyDeviceTests.octest */ = {
			isa = PBXReferenceProxy;
			fileType = wrapper.cfbundle;
			path = FireflyDeviceTests.octest;
			remoteRef = 92841ACD17EDF7BB005C0E18 /* PBXContainerItemProxy */;
			sourceTree = BUILT_PRODUCTS_DIR;
		};
/* End PBXReferenceProxy section */

/* Begin PBXResourcesBuildPhase section */
		92841A8217EDF63D005C0E18 /* Resources */ = {
			isa = PBXResourcesBuildPhase;
			buildActionMask = 2147483647;
			files = (
				92841A9E17EDF63D005C0E18 /* Main_iPad.storyboard in Resources */,
				92841AA617EDF63D005C0E18 /* Images.xcassets in Resources */,
				92841A9B17EDF63D005C0E18 /* Main_iPhone.storyboard in Resources */,
				92841A9217EDF63D005C0E18 /* InfoPlist.strings in Resources */,
			);
			runOnlyForDeploymentPostprocessing = 0;
		};
		92841AA917EDF63D005C0E18 /* Resources */ = {
			isa = PBXResourcesBuildPhase;
			buildActionMask = 2147483647;
			files = (
				92841AB717EDF63D005C0E18 /* InfoPlist.strings in Resources */,
			);
			runOnlyForDeploymentPostprocessing = 0;
		};
/* End PBXResourcesBuildPhase section */

/* Begin PBXSourcesBuildPhase section */
		92841A8017EDF63D005C0E18 /* Sources */ = {
			isa = PBXSourcesBuildPhase;
			buildActionMask = 2147483647;
			files = (
				929CA42E17F0F30600A4A992 /* FDDetailUpdateViewController.m in Sources */,
				929CA42B17F0F01A00A4A992 /* FDUpdateView.m in Sources */,
				92841AA117EDF63D005C0E18 /* FDMasterViewController.m in Sources */,
				92841A9817EDF63D005C0E18 /* FDAppDelegate.m in Sources */,
				92841A9417EDF63D005C0E18 /* main.m in Sources */,
				929CA40B17F0992E00A4A992 /* FDDetailRadioViewController.m in Sources */,
				929CA42817F0D73100A4A992 /* FDDetailIndicatorsViewController.m in Sources */,
				92F863FC17F3D0E6000E23AF /* FDDevice.m in Sources */,
				928BF64817F2818000370B91 /* FDDetailTabBarController.m in Sources */,
				929CA43617F1242F00A4A992 /* FDDetailResetViewController.m in Sources */,
				92F863F817F3C38D000E23AF /* FDFireflyIceCollector.m in Sources */,
				929CA40F17F0AD3400A4A992 /* FDDetailOverviewViewController.m in Sources */,
				92841AA417EDF63D005C0E18 /* FDDetailViewController.m in Sources */,
			);
			runOnlyForDeploymentPostprocessing = 0;
		};
		92841AA717EDF63D005C0E18 /* Sources */ = {
			isa = PBXSourcesBuildPhase;
			buildActionMask = 2147483647;
			files = (
				92841AB917EDF63D005C0E18 /* FireflyUtilityTests.m in Sources */,
			);
			runOnlyForDeploymentPostprocessing = 0;
		};
/* End PBXSourcesBuildPhase section */

/* Begin PBXTargetDependency section */
		92841AB117EDF63D005C0E18 /* PBXTargetDependency */ = {
			isa = PBXTargetDependency;
			target = 92841A8317EDF63D005C0E18 /* FireflyUtility */;
			targetProxy = 92841AB017EDF63D005C0E18 /* PBXContainerItemProxy */;
		};
		92841AD317EDF80B005C0E18 /* PBXTargetDependency */ = {
			isa = PBXTargetDependency;
			name = FireflyDevice;
			targetProxy = 92841AD217EDF80B005C0E18 /* PBXContainerItemProxy */;
		};
/* End PBXTargetDependency section */

/* Begin PBXVariantGroup section */
		92841A9017EDF63D005C0E18 /* InfoPlist.strings */ = {
			isa = PBXVariantGroup;
			children = (
				92841A9117EDF63D005C0E18 /* en */,
			);
			name = InfoPlist.strings;
			sourceTree = "<group>";
		};
		92841A9917EDF63D005C0E18 /* Main_iPhone.storyboard */ = {
			isa = PBXVariantGroup;
			children = (
				92841A9A17EDF63D005C0E18 /* Base */,
			);
			name = Main_iPhone.storyboard;
			sourceTree = "<group>";
		};
		92841A9C17EDF63D005C0E18 /* Main_iPad.storyboard */ = {
			isa = PBXVariantGroup;
			children = (
				92841A9D17EDF63D005C0E18 /* Base */,
			);
			name = Main_iPad.storyboard;
			sourceTree = "<group>";
		};
		92841AB517EDF63D005C0E18 /* InfoPlist.strings */ = {
			isa = PBXVariantGroup;
			children = (
				92841AB617EDF63D005C0E18 /* en */,
			);
			name = InfoPlist.strings;
			sourceTree = "<group>";
		};
/* End PBXVariantGroup section */

/* Begin XCBuildConfiguration section */
		92841ABA17EDF63D005C0E18 /* Debug */ = {
			isa = XCBuildConfiguration;
			buildSettings = {
				ALWAYS_SEARCH_USER_PATHS = NO;
				CLANG_CXX_LANGUAGE_STANDARD = "gnu++0x";
				CLANG_CXX_LIBRARY = "libc++";
				CLANG_ENABLE_MODULES = YES;
				CLANG_ENABLE_OBJC_ARC = YES;
				CLANG_WARN_BOOL_CONVERSION = YES;
				CLANG_WARN_CONSTANT_CONVERSION = YES;
				CLANG_WARN_DIRECT_OBJC_ISA_USAGE = YES_ERROR;
				CLANG_WARN_EMPTY_BODY = YES;
				CLANG_WARN_ENUM_CONVERSION = YES;
				CLANG_WARN_INT_CONVERSION = YES;
				CLANG_WARN_OBJC_ROOT_CLASS = YES_ERROR;
				CLANG_WARN__DUPLICATE_METHOD_MATCH = YES;
				"CODE_SIGN_IDENTITY[sdk=iphoneos*]" = "iPhone Developer";
				COPY_PHASE_STRIP = NO;
				GCC_C_LANGUAGE_STANDARD = gnu99;
				GCC_DYNAMIC_NO_PIC = NO;
				GCC_OPTIMIZATION_LEVEL = 0;
				GCC_PREPROCESSOR_DEFINITIONS = (
					"DEBUG=1",
					"$(inherited)",
				);
				GCC_SYMBOLS_PRIVATE_EXTERN = NO;
				GCC_WARN_64_TO_32_BIT_CONVERSION = YES;
				GCC_WARN_ABOUT_RETURN_TYPE = YES_ERROR;
				GCC_WARN_UNDECLARED_SELECTOR = YES;
				GCC_WARN_UNINITIALIZED_AUTOS = YES;
				GCC_WARN_UNUSED_FUNCTION = YES;
				GCC_WARN_UNUSED_VARIABLE = YES;
				IPHONEOS_DEPLOYMENT_TARGET = 7.0;
				ONLY_ACTIVE_ARCH = YES;
				SDKROOT = iphoneos;
				TARGETED_DEVICE_FAMILY = "1,2";
			};
			name = Debug;
		};
		92841ABB17EDF63D005C0E18 /* Release */ = {
			isa = XCBuildConfiguration;
			buildSettings = {
				ALWAYS_SEARCH_USER_PATHS = NO;
				CLANG_CXX_LANGUAGE_STANDARD = "gnu++0x";
				CLANG_CXX_LIBRARY = "libc++";
				CLANG_ENABLE_MODULES = YES;
				CLANG_ENABLE_OBJC_ARC = YES;
				CLANG_WARN_BOOL_CONVERSION = YES;
				CLANG_WARN_CONSTANT_CONVERSION = YES;
				CLANG_WARN_DIRECT_OBJC_ISA_USAGE = YES_ERROR;
				CLANG_WARN_EMPTY_BODY = YES;
				CLANG_WARN_ENUM_CONVERSION = YES;
				CLANG_WARN_INT_CONVERSION = YES;
				CLANG_WARN_OBJC_ROOT_CLASS = YES_ERROR;
				CLANG_WARN__DUPLICATE_METHOD_MATCH = YES;
				"CODE_SIGN_IDENTITY[sdk=iphoneos*]" = "iPhone Developer";
				COPY_PHASE_STRIP = YES;
				ENABLE_NS_ASSERTIONS = NO;
				GCC_C_LANGUAGE_STANDARD = gnu99;
				GCC_WARN_64_TO_32_BIT_CONVERSION = YES;
				GCC_WARN_ABOUT_RETURN_TYPE = YES_ERROR;
				GCC_WARN_UNDECLARED_SELECTOR = YES;
				GCC_WARN_UNINITIALIZED_AUTOS = YES;
				GCC_WARN_UNUSED_FUNCTION = YES;
				GCC_WARN_UNUSED_VARIABLE = YES;
				IPHONEOS_DEPLOYMENT_TARGET = 7.0;
				SDKROOT = iphoneos;
				TARGETED_DEVICE_FAMILY = "1,2";
				VALIDATE_PRODUCT = YES;
			};
			name = Release;
		};
		92841ABD17EDF63D005C0E18 /* Debug */ = {
			isa = XCBuildConfiguration;
			buildSettings = {
				ASSETCATALOG_COMPILER_APPICON_NAME = AppIcon;
				ASSETCATALOG_COMPILER_LAUNCHIMAGE_NAME = LaunchImage;
				GCC_PRECOMPILE_PREFIX_HEADER = YES;
				GCC_PREFIX_HEADER = "FireflyUtility/FireflyUtility-Prefix.pch";
				INFOPLIST_FILE = "FireflyUtility/FireflyUtility-Info.plist";
				PRODUCT_NAME = "$(TARGET_NAME)";
				WRAPPER_EXTENSION = app;
			};
			name = Debug;
		};
		92841ABE17EDF63D005C0E18 /* Release */ = {
			isa = XCBuildConfiguration;
			buildSettings = {
				ASSETCATALOG_COMPILER_APPICON_NAME = AppIcon;
				ASSETCATALOG_COMPILER_LAUNCHIMAGE_NAME = LaunchImage;
				GCC_PRECOMPILE_PREFIX_HEADER = YES;
				GCC_PREFIX_HEADER = "FireflyUtility/FireflyUtility-Prefix.pch";
				INFOPLIST_FILE = "FireflyUtility/FireflyUtility-Info.plist";
				PRODUCT_NAME = "$(TARGET_NAME)";
				WRAPPER_EXTENSION = app;
			};
			name = Release;
		};
		92841AC017EDF63D005C0E18 /* Debug */ = {
			isa = XCBuildConfiguration;
			buildSettings = {
				BUNDLE_LOADER = "$(BUILT_PRODUCTS_DIR)/FireflyUtility.app/FireflyUtility";
				FRAMEWORK_SEARCH_PATHS = (
					"$(SDKROOT)/Developer/Library/Frameworks",
					"$(inherited)",
					"$(DEVELOPER_FRAMEWORKS_DIR)",
				);
				GCC_PRECOMPILE_PREFIX_HEADER = YES;
				GCC_PREFIX_HEADER = "FireflyUtility/FireflyUtility-Prefix.pch";
				GCC_PREPROCESSOR_DEFINITIONS = (
					"DEBUG=1",
					"$(inherited)",
				);
				INFOPLIST_FILE = "FireflyUtilityTests/FireflyUtilityTests-Info.plist";
				PRODUCT_NAME = "$(TARGET_NAME)";
				TEST_HOST = "$(BUNDLE_LOADER)";
				WRAPPER_EXTENSION = xctest;
			};
			name = Debug;
		};
		92841AC117EDF63D005C0E18 /* Release */ = {
			isa = XCBuildConfiguration;
			buildSettings = {
				BUNDLE_LOADER = "$(BUILT_PRODUCTS_DIR)/FireflyUtility.app/FireflyUtility";
				FRAMEWORK_SEARCH_PATHS = (
					"$(SDKROOT)/Developer/Library/Frameworks",
					"$(inherited)",
					"$(DEVELOPER_FRAMEWORKS_DIR)",
				);
				GCC_PRECOMPILE_PREFIX_HEADER = YES;
				GCC_PREFIX_HEADER = "FireflyUtility/FireflyUtility-Prefix.pch";
				INFOPLIST_FILE = "FireflyUtilityTests/FireflyUtilityTests-Info.plist";
				PRODUCT_NAME = "$(TARGET_NAME)";
				TEST_HOST = "$(BUNDLE_LOADER)";
				WRAPPER_EXTENSION = xctest;
			};
			name = Release;
		};
/* End XCBuildConfiguration section */

/* Begin XCConfigurationList section */
		92841A7F17EDF63D005C0E18 /* Build configuration list for PBXProject "FireflyUtility" */ = {
			isa = XCConfigurationList;
			buildConfigurations = (
				92841ABA17EDF63D005C0E18 /* Debug */,
				92841ABB17EDF63D005C0E18 /* Release */,
			);
			defaultConfigurationIsVisible = 0;
			defaultConfigurationName = Release;
		};
		92841ABC17EDF63D005C0E18 /* Build configuration list for PBXNativeTarget "FireflyUtility" */ = {
			isa = XCConfigurationList;
			buildConfigurations = (
				92841ABD17EDF63D005C0E18 /* Debug */,
				92841ABE17EDF63D005C0E18 /* Release */,
			);
			defaultConfigurationIsVisible = 0;
			defaultConfigurationName = Release;
		};
		92841ABF17EDF63D005C0E18 /* Build configuration list for PBXNativeTarget "FireflyUtilityTests" */ = {
			isa = XCConfigurationList;
			buildConfigurations = (
				92841AC017EDF63D005C0E18 /* Debug */,
				92841AC117EDF63D005C0E18 /* Release */,
			);
			defaultConfigurationIsVisible = 0;
			defaultConfigurationName = Release;
		};
/* End XCConfigurationList section */
	};
	rootObject = 92841A7C17EDF63D005C0E18 /* Project object */;
}
