// !$*UTF8*$!
{
	archiveVersion = 1;
	classes = {
	};
	objectVersion = 46;
	objects = {

/* Begin PBXBuildFile section */
		9209193B18B5A02300CB1ECC /* help.png in Resources */ = {isa = PBXBuildFile; fileRef = 9209193918B5A02300CB1ECC /* help.png */; };
		9209193C18B5A02300CB1ECC /* help@2x.png in Resources */ = {isa = PBXBuildFile; fileRef = 9209193A18B5A02300CB1ECC /* help@2x.png */; };
		9209194218B5A15C00CB1ECC /* FDHelpController.m in Sources */ = {isa = PBXBuildFile; fileRef = 9209194118B5A15C00CB1ECC /* FDHelpController.m */; };
		9212D25A180B3F2D00576B41 /* FireflyIce.hex in Resources */ = {isa = PBXBuildFile; fileRef = 9212D259180B3F2D00576B41 /* FireflyIce.hex */; };
		921E693318A83A8600E90E5B /* update.png in Resources */ = {isa = PBXBuildFile; fileRef = 921E693118A83A8600E90E5B /* update.png */; };
		921E693418A83A8600E90E5B /* update@2x.png in Resources */ = {isa = PBXBuildFile; fileRef = 921E693218A83A8600E90E5B /* update@2x.png */; };
		921E693718A83B2200E90E5B /* mode.png in Resources */ = {isa = PBXBuildFile; fileRef = 921E693518A83B2200E90E5B /* mode.png */; };
		921E693818A83B2200E90E5B /* mode@2x.png in Resources */ = {isa = PBXBuildFile; fileRef = 921E693618A83B2200E90E5B /* mode@2x.png */; };
		921E693B18A83BC100E90E5B /* radio.png in Resources */ = {isa = PBXBuildFile; fileRef = 921E693918A83BC100E90E5B /* radio.png */; };
		921E693C18A83BC100E90E5B /* radio@2x.png in Resources */ = {isa = PBXBuildFile; fileRef = 921E693A18A83BC100E90E5B /* radio@2x.png */; };
		921E694718A83D5F00E90E5B /* dtm.png in Resources */ = {isa = PBXBuildFile; fileRef = 921E693D18A83D5F00E90E5B /* dtm.png */; };
		921E694818A83D5F00E90E5B /* dtm@2x.png in Resources */ = {isa = PBXBuildFile; fileRef = 921E693E18A83D5F00E90E5B /* dtm@2x.png */; };
		921E694918A83D5F00E90E5B /* indicators.png in Resources */ = {isa = PBXBuildFile; fileRef = 921E693F18A83D5F00E90E5B /* indicators.png */; };
		921E694A18A83D5F00E90E5B /* indicators@2x.png in Resources */ = {isa = PBXBuildFile; fileRef = 921E694018A83D5F00E90E5B /* indicators@2x.png */; };
		921E694B18A83D5F00E90E5B /* power.png in Resources */ = {isa = PBXBuildFile; fileRef = 921E694118A83D5F00E90E5B /* power.png */; };
		921E694C18A83D5F00E90E5B /* power@2x.png in Resources */ = {isa = PBXBuildFile; fileRef = 921E694218A83D5F00E90E5B /* power@2x.png */; };
		921E694D18A83D5F00E90E5B /* reset.png in Resources */ = {isa = PBXBuildFile; fileRef = 921E694318A83D5F00E90E5B /* reset.png */; };
		921E694E18A83D5F00E90E5B /* reset@2x.png in Resources */ = {isa = PBXBuildFile; fileRef = 921E694418A83D5F00E90E5B /* reset@2x.png */; };
		921E694F18A83D5F00E90E5B /* time.png in Resources */ = {isa = PBXBuildFile; fileRef = 921E694518A83D5F00E90E5B /* time.png */; };
		921E695018A83D5F00E90E5B /* time@2x.png in Resources */ = {isa = PBXBuildFile; fileRef = 921E694618A83D5F00E90E5B /* time@2x.png */; };
		921E695318A84CB300E90E5B /* overview.png in Resources */ = {isa = PBXBuildFile; fileRef = 921E695118A84CB300E90E5B /* overview.png */; };
		921E695418A84CB300E90E5B /* overview@2x.png in Resources */ = {isa = PBXBuildFile; fileRef = 921E695218A84CB300E90E5B /* overview@2x.png */; };
		923C344518972DB20068863D /* FDBatteryView.m in Sources */ = {isa = PBXBuildFile; fileRef = 923C344318972DB20068863D /* FDBatteryView.m */; };
		923C3454189733880068863D /* battery.png in Resources */ = {isa = PBXBuildFile; fileRef = 923C344C189733880068863D /* battery.png */; };
		923C3455189733880068863D /* battery@2x.png in Resources */ = {isa = PBXBuildFile; fileRef = 923C344D189733880068863D /* battery@2x.png */; };
		923C3456189733880068863D /* green_fuel.png in Resources */ = {isa = PBXBuildFile; fileRef = 923C344E189733880068863D /* green_fuel.png */; };
		923C3457189733880068863D /* green_fuel@2x.png in Resources */ = {isa = PBXBuildFile; fileRef = 923C344F189733880068863D /* green_fuel@2x.png */; };
		923C3458189733880068863D /* orange_fuel.png in Resources */ = {isa = PBXBuildFile; fileRef = 923C3450189733880068863D /* orange_fuel.png */; };
		923C3459189733880068863D /* orange_fuel@2x.png in Resources */ = {isa = PBXBuildFile; fileRef = 923C3451189733880068863D /* orange_fuel@2x.png */; };
		923C345A189733880068863D /* red_fuel.png in Resources */ = {isa = PBXBuildFile; fileRef = 923C3452189733880068863D /* red_fuel.png */; };
		923C345B189733880068863D /* red_fuel@2x.png in Resources */ = {isa = PBXBuildFile; fileRef = 923C3453189733880068863D /* red_fuel@2x.png */; };
		923C345E18973CFD0068863D /* FDDetailPowerViewController.m in Sources */ = {isa = PBXBuildFile; fileRef = 923C345D18973CFD0068863D /* FDDetailPowerViewController.m */; };
		9264BDA618CBBA8B00F8CB3D /* libFireflyDevice.a in Frameworks */ = {isa = PBXBuildFile; fileRef = 9264BD9B18CBBA5500F8CB3D /* libFireflyDevice.a */; };
		92841A8817EDF63D005C0E18 /* Foundation.framework in Frameworks */ = {isa = PBXBuildFile; fileRef = 92841A8717EDF63D005C0E18 /* Foundation.framework */; };
		92841A8A17EDF63D005C0E18 /* CoreGraphics.framework in Frameworks */ = {isa = PBXBuildFile; fileRef = 92841A8917EDF63D005C0E18 /* CoreGraphics.framework */; };
		92841A8C17EDF63D005C0E18 /* UIKit.framework in Frameworks */ = {isa = PBXBuildFile; fileRef = 92841A8B17EDF63D005C0E18 /* UIKit.framework */; };
		92841A9217EDF63D005C0E18 /* InfoPlist.strings in Resources */ = {isa = PBXBuildFile; fileRef = 92841A9017EDF63D005C0E18 /* InfoPlist.strings */; };
		92841A9417EDF63D005C0E18 /* main.m in Sources */ = {isa = PBXBuildFile; fileRef = 92841A9317EDF63D005C0E18 /* main.m */; };
		92841A9817EDF63D005C0E18 /* FDAppDelegate.m in Sources */ = {isa = PBXBuildFile; fileRef = 92841A9717EDF63D005C0E18 /* FDAppDelegate.m */; };
		92841A9B17EDF63D005C0E18 /* Main_iPhone.storyboard in Resources */ = {isa = PBXBuildFile; fileRef = 92841A9917EDF63D005C0E18 /* Main_iPhone.storyboard */; };
		92841A9E17EDF63D005C0E18 /* Main_iPad.storyboard in Resources */ = {isa = PBXBuildFile; fileRef = 92841A9C17EDF63D005C0E18 /* Main_iPad.storyboard */; };
		92841AA117EDF63D005C0E18 /* FDMasterViewController.m in Sources */ = {isa = PBXBuildFile; fileRef = 92841AA017EDF63D005C0E18 /* FDMasterViewController.m */; };
		92841AA417EDF63D005C0E18 /* FDDetailViewController.m in Sources */ = {isa = PBXBuildFile; fileRef = 92841AA317EDF63D005C0E18 /* FDDetailViewController.m */; };
		92841AA617EDF63D005C0E18 /* Images.xcassets in Resources */ = {isa = PBXBuildFile; fileRef = 92841AA517EDF63D005C0E18 /* Images.xcassets */; };
		92841AAD17EDF63D005C0E18 /* XCTest.framework in Frameworks */ = {isa = PBXBuildFile; fileRef = 92841AAC17EDF63D005C0E18 /* XCTest.framework */; };
		92841AAE17EDF63D005C0E18 /* Foundation.framework in Frameworks */ = {isa = PBXBuildFile; fileRef = 92841A8717EDF63D005C0E18 /* Foundation.framework */; };
		92841AAF17EDF63D005C0E18 /* UIKit.framework in Frameworks */ = {isa = PBXBuildFile; fileRef = 92841A8B17EDF63D005C0E18 /* UIKit.framework */; };
		92841AB717EDF63D005C0E18 /* InfoPlist.strings in Resources */ = {isa = PBXBuildFile; fileRef = 92841AB517EDF63D005C0E18 /* InfoPlist.strings */; };
		92841AB917EDF63D005C0E18 /* FireflyUtilityTests.m in Sources */ = {isa = PBXBuildFile; fileRef = 92841AB817EDF63D005C0E18 /* FireflyUtilityTests.m */; };
		92841AD017EDF7CA005C0E18 /* CoreBluetooth.framework in Frameworks */ = {isa = PBXBuildFile; fileRef = 92841ACF17EDF7CA005C0E18 /* CoreBluetooth.framework */; settings = {ATTRIBUTES = (Weak, ); }; };
		928BF64817F2818000370B91 /* FDDetailTabBarController.m in Sources */ = {isa = PBXBuildFile; fileRef = 928BF64717F2818000370B91 /* FDDetailTabBarController.m */; };
		92949D3918A5CAE400FD815F /* FDColorPicker_iPhone.xib in Resources */ = {isa = PBXBuildFile; fileRef = 92949D3818A5CAE400FD815F /* FDColorPicker_iPhone.xib */; };
		92949D4218A5CB9C00FD815F /* FDColorPickerViewController.m in Sources */ = {isa = PBXBuildFile; fileRef = 92949D4118A5CB9C00FD815F /* FDColorPickerViewController.m */; };
		92949D4518A5D7D100FD815F /* FDColorGamutView.m in Sources */ = {isa = PBXBuildFile; fileRef = 92949D4418A5D7D100FD815F /* FDColorGamutView.m */; };
		92949D4818A5DBA200FD815F /* FDColorSpectrumView.m in Sources */ = {isa = PBXBuildFile; fileRef = 92949D4718A5DBA200FD815F /* FDColorSpectrumView.m */; };
		92949D4B18A5DFD700FD815F /* FDColorUtilities.m in Sources */ = {isa = PBXBuildFile; fileRef = 92949D4A18A5DFD700FD815F /* FDColorUtilities.m */; };
		92949D4E18A5E49000FD815F /* FDColorTouchView.m in Sources */ = {isa = PBXBuildFile; fileRef = 92949D4D18A5E49000FD815F /* FDColorTouchView.m */; };
		92949D5318A5E80600FD815F /* FDColorSpectrumControl.m in Sources */ = {isa = PBXBuildFile; fileRef = 92949D5218A5E80600FD815F /* FDColorSpectrumControl.m */; };
		929CA40B17F0992E00A4A992 /* FDDetailRadioDirectTestModeViewController.m in Sources */ = {isa = PBXBuildFile; fileRef = 929CA40A17F0992E00A4A992 /* FDDetailRadioDirectTestModeViewController.m */; };
		929CA40F17F0AD3400A4A992 /* FDDetailOverviewViewController.m in Sources */ = {isa = PBXBuildFile; fileRef = 929CA40E17F0AD3400A4A992 /* FDDetailOverviewViewController.m */; };
		929CA42817F0D73100A4A992 /* FDDetailIndicatorsViewController.m in Sources */ = {isa = PBXBuildFile; fileRef = 929CA42717F0D73100A4A992 /* FDDetailIndicatorsViewController.m */; };
		929CA42B17F0F01A00A4A992 /* FDUpdateView.m in Sources */ = {isa = PBXBuildFile; fileRef = 929CA42A17F0F01A00A4A992 /* FDUpdateView.m */; };
		929CA42E17F0F30600A4A992 /* FDDetailUpdateViewController.m in Sources */ = {isa = PBXBuildFile; fileRef = 929CA42D17F0F30600A4A992 /* FDDetailUpdateViewController.m */; };
		929CA43617F1242F00A4A992 /* FDDetailResetViewController.m in Sources */ = {isa = PBXBuildFile; fileRef = 929CA43517F1242F00A4A992 /* FDDetailResetViewController.m */; };
		929CD2DA17F7BC14004CE8ED /* libsqlite3.dylib in Frameworks */ = {isa = PBXBuildFile; fileRef = 929CD2D917F7BC14004CE8ED /* libsqlite3.dylib */; };
		929CD2DC17F7BC54004CE8ED /* libz.dylib in Frameworks */ = {isa = PBXBuildFile; fileRef = 929CD2DB17F7BC54004CE8ED /* libz.dylib */; };
		92BE68A018A58D0600364A56 /* FDDetailRadioViewController.m in Sources */ = {isa = PBXBuildFile; fileRef = 92BE689F18A58D0600364A56 /* FDDetailRadioViewController.m */; };
		92DF2E4D18A6B6F10084B306 /* FDColorGamutControl.m in Sources */ = {isa = PBXBuildFile; fileRef = 92DF2E4C18A6B6F10084B306 /* FDColorGamutControl.m */; };
		92EAB18718A7F8FA00613447 /* FDDetailTimeViewController.m in Sources */ = {isa = PBXBuildFile; fileRef = 92EAB18618A7F8FA00613447 /* FDDetailTimeViewController.m */; };
		92EAB18D18A7F91500613447 /* FDDetailModeViewController.m in Sources */ = {isa = PBXBuildFile; fileRef = 92EAB18C18A7F91500613447 /* FDDetailModeViewController.m */; };
		92EF7AB018A7208D002A21FF /* FDColorButton.m in Sources */ = {isa = PBXBuildFile; fileRef = 92EF7AAF18A7208D002A21FF /* FDColorButton.m */; };
		92F863F817F3C38D000E23AF /* FDFireflyIceCollector.m in Sources */ = {isa = PBXBuildFile; fileRef = 92F863F717F3C38D000E23AF /* FDFireflyIceCollector.m */; };
/* End PBXBuildFile section */

/* Begin PBXContainerItemProxy section */
		9264BD9A18CBBA5500F8CB3D /* PBXContainerItemProxy */ = {
			isa = PBXContainerItemProxy;
			containerPortal = 92841AC617EDF7BB005C0E18 /* FireflyDevice.xcodeproj */;
			proxyType = 2;
			remoteGlobalIDString = 929EF4B617EA06580044F6F9;
			remoteInfo = FireflyDevice.library;
		};
		9264BD9C18CBBA5500F8CB3D /* PBXContainerItemProxy */ = {
			isa = PBXContainerItemProxy;
			containerPortal = 92841AC617EDF7BB005C0E18 /* FireflyDevice.xcodeproj */;
			proxyType = 2;
			remoteGlobalIDString = 929EF4C717EA06580044F6F9;
			remoteInfo = FireflyDeviceTests.library;
		};
		9264BD9E18CBBA5500F8CB3D /* PBXContainerItemProxy */ = {
			isa = PBXContainerItemProxy;
			containerPortal = 92841AC617EDF7BB005C0E18 /* FireflyDevice.xcodeproj */;
			proxyType = 2;
			remoteGlobalIDString = 92DF1393180B01AE00A1B849;
			remoteInfo = FireflyDevice.framework;
		};
		9264BDA018CBBA5500F8CB3D /* PBXContainerItemProxy */ = {
			isa = PBXContainerItemProxy;
			containerPortal = 92841AC617EDF7BB005C0E18 /* FireflyDevice.xcodeproj */;
			proxyType = 2;
			remoteGlobalIDString = 92DF13A8180B01AE00A1B849;
			remoteInfo = FireflyDeviceTests.framework;
		};
		9264BDA418CBBA8300F8CB3D /* PBXContainerItemProxy */ = {
			isa = PBXContainerItemProxy;
			containerPortal = 92841AC617EDF7BB005C0E18 /* FireflyDevice.xcodeproj */;
			proxyType = 1;
			remoteGlobalIDString = 929EF4B517EA06580044F6F9;
			remoteInfo = FireflyDevice.library;
		};
		92841AB017EDF63D005C0E18 /* PBXContainerItemProxy */ = {
			isa = PBXContainerItemProxy;
			containerPortal = 92841A7C17EDF63D005C0E18 /* Project object */;
			proxyType = 1;
			remoteGlobalIDString = 92841A8317EDF63D005C0E18;
			remoteInfo = FireflyUtility;
		};
/* End PBXContainerItemProxy section */

/* Begin PBXFileReference section */
		9209193918B5A02300CB1ECC /* help.png */ = {isa = PBXFileReference; lastKnownFileType = image.png; path = help.png; sourceTree = "<group>"; };
		9209193A18B5A02300CB1ECC /* help@2x.png */ = {isa = PBXFileReference; lastKnownFileType = image.png; path = "help@2x.png"; sourceTree = "<group>"; };
		9209194018B5A15C00CB1ECC /* FDHelpController.h */ = {isa = PBXFileReference; fileEncoding = 4; lastKnownFileType = sourcecode.c.h; path = FDHelpController.h; sourceTree = "<group>"; };
		9209194118B5A15C00CB1ECC /* FDHelpController.m */ = {isa = PBXFileReference; fileEncoding = 4; lastKnownFileType = sourcecode.c.objc; path = FDHelpController.m; sourceTree = "<group>"; };
		9212D259180B3F2D00576B41 /* FireflyIce.hex */ = {isa = PBXFileReference; fileEncoding = 4; lastKnownFileType = text; name = FireflyIce.hex; path = ../../../FireflyDevice/FireflyDevice/FireflyIce.hex; sourceTree = "<group>"; };
		921E693118A83A8600E90E5B /* update.png */ = {isa = PBXFileReference; lastKnownFileType = image.png; path = update.png; sourceTree = "<group>"; };
		921E693218A83A8600E90E5B /* update@2x.png */ = {isa = PBXFileReference; lastKnownFileType = image.png; path = "update@2x.png"; sourceTree = "<group>"; };
		921E693518A83B2200E90E5B /* mode.png */ = {isa = PBXFileReference; lastKnownFileType = image.png; path = mode.png; sourceTree = "<group>"; };
		921E693618A83B2200E90E5B /* mode@2x.png */ = {isa = PBXFileReference; lastKnownFileType = image.png; path = "mode@2x.png"; sourceTree = "<group>"; };
		921E693918A83BC100E90E5B /* radio.png */ = {isa = PBXFileReference; lastKnownFileType = image.png; path = radio.png; sourceTree = "<group>"; };
		921E693A18A83BC100E90E5B /* radio@2x.png */ = {isa = PBXFileReference; lastKnownFileType = image.png; path = "radio@2x.png"; sourceTree = "<group>"; };
		921E693D18A83D5F00E90E5B /* dtm.png */ = {isa = PBXFileReference; lastKnownFileType = image.png; path = dtm.png; sourceTree = "<group>"; };
		921E693E18A83D5F00E90E5B /* dtm@2x.png */ = {isa = PBXFileReference; lastKnownFileType = image.png; path = "dtm@2x.png"; sourceTree = "<group>"; };
		921E693F18A83D5F00E90E5B /* indicators.png */ = {isa = PBXFileReference; lastKnownFileType = image.png; path = indicators.png; sourceTree = "<group>"; };
		921E694018A83D5F00E90E5B /* indicators@2x.png */ = {isa = PBXFileReference; lastKnownFileType = image.png; path = "indicators@2x.png"; sourceTree = "<group>"; };
		921E694118A83D5F00E90E5B /* power.png */ = {isa = PBXFileReference; lastKnownFileType = image.png; path = power.png; sourceTree = "<group>"; };
		921E694218A83D5F00E90E5B /* power@2x.png */ = {isa = PBXFileReference; lastKnownFileType = image.png; path = "power@2x.png"; sourceTree = "<group>"; };
		921E694318A83D5F00E90E5B /* reset.png */ = {isa = PBXFileReference; lastKnownFileType = image.png; path = reset.png; sourceTree = "<group>"; };
		921E694418A83D5F00E90E5B /* reset@2x.png */ = {isa = PBXFileReference; lastKnownFileType = image.png; path = "reset@2x.png"; sourceTree = "<group>"; };
		921E694518A83D5F00E90E5B /* time.png */ = {isa = PBXFileReference; lastKnownFileType = image.png; path = time.png; sourceTree = "<group>"; };
		921E694618A83D5F00E90E5B /* time@2x.png */ = {isa = PBXFileReference; lastKnownFileType = image.png; path = "time@2x.png"; sourceTree = "<group>"; };
		921E695118A84CB300E90E5B /* overview.png */ = {isa = PBXFileReference; lastKnownFileType = image.png; path = overview.png; sourceTree = "<group>"; };
		921E695218A84CB300E90E5B /* overview@2x.png */ = {isa = PBXFileReference; lastKnownFileType = image.png; path = "overview@2x.png"; sourceTree = "<group>"; };
		923C344318972DB20068863D /* FDBatteryView.m */ = {isa = PBXFileReference; fileEncoding = 4; lastKnownFileType = sourcecode.c.objc; path = FDBatteryView.m; sourceTree = "<group>"; };
		923C344418972DB20068863D /* FDBatteryView.h */ = {isa = PBXFileReference; fileEncoding = 4; lastKnownFileType = sourcecode.c.h; path = FDBatteryView.h; sourceTree = "<group>"; };
		923C344C189733880068863D /* battery.png */ = {isa = PBXFileReference; lastKnownFileType = image.png; path = battery.png; sourceTree = "<group>"; };
		923C344D189733880068863D /* battery@2x.png */ = {isa = PBXFileReference; lastKnownFileType = image.png; path = "battery@2x.png"; sourceTree = "<group>"; };
		923C344E189733880068863D /* green_fuel.png */ = {isa = PBXFileReference; lastKnownFileType = image.png; path = green_fuel.png; sourceTree = "<group>"; };
		923C344F189733880068863D /* green_fuel@2x.png */ = {isa = PBXFileReference; lastKnownFileType = image.png; path = "green_fuel@2x.png"; sourceTree = "<group>"; };
		923C3450189733880068863D /* orange_fuel.png */ = {isa = PBXFileReference; lastKnownFileType = image.png; path = orange_fuel.png; sourceTree = "<group>"; };
		923C3451189733880068863D /* orange_fuel@2x.png */ = {isa = PBXFileReference; lastKnownFileType = image.png; path = "orange_fuel@2x.png"; sourceTree = "<group>"; };
		923C3452189733880068863D /* red_fuel.png */ = {isa = PBXFileReference; lastKnownFileType = image.png; path = red_fuel.png; sourceTree = "<group>"; };
		923C3453189733880068863D /* red_fuel@2x.png */ = {isa = PBXFileReference; lastKnownFileType = image.png; path = "red_fuel@2x.png"; sourceTree = "<group>"; };
		923C345C18973CFD0068863D /* FDDetailPowerViewController.h */ = {isa = PBXFileReference; fileEncoding = 4; lastKnownFileType = sourcecode.c.h; path = FDDetailPowerViewController.h; sourceTree = "<group>"; };
		923C345D18973CFD0068863D /* FDDetailPowerViewController.m */ = {isa = PBXFileReference; fileEncoding = 4; lastKnownFileType = sourcecode.c.objc; path = FDDetailPowerViewController.m; sourceTree = "<group>"; };
		92841A8417EDF63D005C0E18 /* FireflyUtility.app */ = {isa = PBXFileReference; explicitFileType = wrapper.application; includeInIndex = 0; path = FireflyUtility.app; sourceTree = BUILT_PRODUCTS_DIR; };
		92841A8717EDF63D005C0E18 /* Foundation.framework */ = {isa = PBXFileReference; lastKnownFileType = wrapper.framework; name = Foundation.framework; path = System/Library/Frameworks/Foundation.framework; sourceTree = SDKROOT; };
		92841A8917EDF63D005C0E18 /* CoreGraphics.framework */ = {isa = PBXFileReference; lastKnownFileType = wrapper.framework; name = CoreGraphics.framework; path = System/Library/Frameworks/CoreGraphics.framework; sourceTree = SDKROOT; };
		92841A8B17EDF63D005C0E18 /* UIKit.framework */ = {isa = PBXFileReference; lastKnownFileType = wrapper.framework; name = UIKit.framework; path = System/Library/Frameworks/UIKit.framework; sourceTree = SDKROOT; };
		92841A8F17EDF63D005C0E18 /* FireflyUtility-Info.plist */ = {isa = PBXFileReference; lastKnownFileType = text.plist.xml; path = "FireflyUtility-Info.plist"; sourceTree = "<group>"; };
		92841A9117EDF63D005C0E18 /* en */ = {isa = PBXFileReference; lastKnownFileType = text.plist.strings; name = en; path = en.lproj/InfoPlist.strings; sourceTree = "<group>"; };
		92841A9317EDF63D005C0E18 /* main.m */ = {isa = PBXFileReference; lastKnownFileType = sourcecode.c.objc; path = main.m; sourceTree = "<group>"; };
		92841A9517EDF63D005C0E18 /* FireflyUtility-Prefix.pch */ = {isa = PBXFileReference; lastKnownFileType = sourcecode.c.h; path = "FireflyUtility-Prefix.pch"; sourceTree = "<group>"; };
		92841A9617EDF63D005C0E18 /* FDAppDelegate.h */ = {isa = PBXFileReference; lastKnownFileType = sourcecode.c.h; path = FDAppDelegate.h; sourceTree = "<group>"; };
		92841A9717EDF63D005C0E18 /* FDAppDelegate.m */ = {isa = PBXFileReference; lastKnownFileType = sourcecode.c.objc; path = FDAppDelegate.m; sourceTree = "<group>"; };
		92841A9A17EDF63D005C0E18 /* Base */ = {isa = PBXFileReference; lastKnownFileType = file.storyboard; name = Base; path = Base.lproj/Main_iPhone.storyboard; sourceTree = "<group>"; };
		92841A9D17EDF63D005C0E18 /* Base */ = {isa = PBXFileReference; lastKnownFileType = file.storyboard; name = Base; path = Base.lproj/Main_iPad.storyboard; sourceTree = "<group>"; };
		92841A9F17EDF63D005C0E18 /* FDMasterViewController.h */ = {isa = PBXFileReference; lastKnownFileType = sourcecode.c.h; path = FDMasterViewController.h; sourceTree = "<group>"; };
		92841AA017EDF63D005C0E18 /* FDMasterViewController.m */ = {isa = PBXFileReference; lastKnownFileType = sourcecode.c.objc; path = FDMasterViewController.m; sourceTree = "<group>"; };
		92841AA217EDF63D005C0E18 /* FDDetailViewController.h */ = {isa = PBXFileReference; lastKnownFileType = sourcecode.c.h; path = FDDetailViewController.h; sourceTree = "<group>"; };
		92841AA317EDF63D005C0E18 /* FDDetailViewController.m */ = {isa = PBXFileReference; lastKnownFileType = sourcecode.c.objc; path = FDDetailViewController.m; sourceTree = "<group>"; };
		92841AA517EDF63D005C0E18 /* Images.xcassets */ = {isa = PBXFileReference; lastKnownFileType = folder.assetcatalog; path = Images.xcassets; sourceTree = "<group>"; };
		92841AAB17EDF63D005C0E18 /* FireflyUtilityTests.xctest */ = {isa = PBXFileReference; explicitFileType = wrapper.cfbundle; includeInIndex = 0; path = FireflyUtilityTests.xctest; sourceTree = BUILT_PRODUCTS_DIR; };
		92841AAC17EDF63D005C0E18 /* XCTest.framework */ = {isa = PBXFileReference; lastKnownFileType = wrapper.framework; name = XCTest.framework; path = Library/Frameworks/XCTest.framework; sourceTree = DEVELOPER_DIR; };
		92841AB417EDF63D005C0E18 /* FireflyUtilityTests-Info.plist */ = {isa = PBXFileReference; lastKnownFileType = text.plist.xml; path = "FireflyUtilityTests-Info.plist"; sourceTree = "<group>"; };
		92841AB617EDF63D005C0E18 /* en */ = {isa = PBXFileReference; lastKnownFileType = text.plist.strings; name = en; path = en.lproj/InfoPlist.strings; sourceTree = "<group>"; };
		92841AB817EDF63D005C0E18 /* FireflyUtilityTests.m */ = {isa = PBXFileReference; lastKnownFileType = sourcecode.c.objc; path = FireflyUtilityTests.m; sourceTree = "<group>"; };
		92841AC617EDF7BB005C0E18 /* FireflyDevice.xcodeproj */ = {isa = PBXFileReference; lastKnownFileType = "wrapper.pb-project"; name = FireflyDevice.xcodeproj; path = ../../FireflyDevice/FireflyDevice.xcodeproj; sourceTree = "<group>"; };
		92841ACF17EDF7CA005C0E18 /* CoreBluetooth.framework */ = {isa = PBXFileReference; lastKnownFileType = wrapper.framework; name = CoreBluetooth.framework; path = System/Library/Frameworks/CoreBluetooth.framework; sourceTree = SDKROOT; };
		928BF64617F2818000370B91 /* FDDetailTabBarController.h */ = {isa = PBXFileReference; fileEncoding = 4; lastKnownFileType = sourcecode.c.h; path = FDDetailTabBarController.h; sourceTree = "<group>"; };
		928BF64717F2818000370B91 /* FDDetailTabBarController.m */ = {isa = PBXFileReference; fileEncoding = 4; lastKnownFileType = sourcecode.c.objc; path = FDDetailTabBarController.m; sourceTree = "<group>"; };
		92949D3818A5CAE400FD815F /* FDColorPicker_iPhone.xib */ = {isa = PBXFileReference; fileEncoding = 4; lastKnownFileType = file.xib; path = FDColorPicker_iPhone.xib; sourceTree = "<group>"; };
		92949D4018A5CB9C00FD815F /* FDColorPickerViewController.h */ = {isa = PBXFileReference; fileEncoding = 4; lastKnownFileType = sourcecode.c.h; path = FDColorPickerViewController.h; sourceTree = "<group>"; };
		92949D4118A5CB9C00FD815F /* FDColorPickerViewController.m */ = {isa = PBXFileReference; fileEncoding = 4; lastKnownFileType = sourcecode.c.objc; path = FDColorPickerViewController.m; sourceTree = "<group>"; };
		92949D4318A5D7D100FD815F /* FDColorGamutView.h */ = {isa = PBXFileReference; fileEncoding = 4; lastKnownFileType = sourcecode.c.h; path = FDColorGamutView.h; sourceTree = "<group>"; };
		92949D4418A5D7D100FD815F /* FDColorGamutView.m */ = {isa = PBXFileReference; fileEncoding = 4; lastKnownFileType = sourcecode.c.objc; path = FDColorGamutView.m; sourceTree = "<group>"; };
		92949D4618A5DBA200FD815F /* FDColorSpectrumView.h */ = {isa = PBXFileReference; fileEncoding = 4; lastKnownFileType = sourcecode.c.h; path = FDColorSpectrumView.h; sourceTree = "<group>"; };
		92949D4718A5DBA200FD815F /* FDColorSpectrumView.m */ = {isa = PBXFileReference; fileEncoding = 4; lastKnownFileType = sourcecode.c.objc; path = FDColorSpectrumView.m; sourceTree = "<group>"; };
		92949D4918A5DFD700FD815F /* FDColorUtilities.h */ = {isa = PBXFileReference; fileEncoding = 4; lastKnownFileType = sourcecode.c.h; path = FDColorUtilities.h; sourceTree = "<group>"; };
		92949D4A18A5DFD700FD815F /* FDColorUtilities.m */ = {isa = PBXFileReference; fileEncoding = 4; lastKnownFileType = sourcecode.c.objc; path = FDColorUtilities.m; sourceTree = "<group>"; };
		92949D4C18A5E49000FD815F /* FDColorTouchView.h */ = {isa = PBXFileReference; fileEncoding = 4; lastKnownFileType = sourcecode.c.h; path = FDColorTouchView.h; sourceTree = "<group>"; };
		92949D4D18A5E49000FD815F /* FDColorTouchView.m */ = {isa = PBXFileReference; fileEncoding = 4; lastKnownFileType = sourcecode.c.objc; path = FDColorTouchView.m; sourceTree = "<group>"; };
		92949D5118A5E80600FD815F /* FDColorSpectrumControl.h */ = {isa = PBXFileReference; fileEncoding = 4; lastKnownFileType = sourcecode.c.h; path = FDColorSpectrumControl.h; sourceTree = "<group>"; };
		92949D5218A5E80600FD815F /* FDColorSpectrumControl.m */ = {isa = PBXFileReference; fileEncoding = 4; lastKnownFileType = sourcecode.c.objc; path = FDColorSpectrumControl.m; sourceTree = "<group>"; };
		929CA40917F0992E00A4A992 /* FDDetailRadioDirectTestModeViewController.h */ = {isa = PBXFileReference; fileEncoding = 4; lastKnownFileType = sourcecode.c.h; path = FDDetailRadioDirectTestModeViewController.h; sourceTree = "<group>"; };
		929CA40A17F0992E00A4A992 /* FDDetailRadioDirectTestModeViewController.m */ = {isa = PBXFileReference; fileEncoding = 4; lastKnownFileType = sourcecode.c.objc; path = FDDetailRadioDirectTestModeViewController.m; sourceTree = "<group>"; };
		929CA40D17F0AD3400A4A992 /* FDDetailOverviewViewController.h */ = {isa = PBXFileReference; fileEncoding = 4; lastKnownFileType = sourcecode.c.h; path = FDDetailOverviewViewController.h; sourceTree = "<group>"; };
		929CA40E17F0AD3400A4A992 /* FDDetailOverviewViewController.m */ = {isa = PBXFileReference; fileEncoding = 4; lastKnownFileType = sourcecode.c.objc; path = FDDetailOverviewViewController.m; sourceTree = "<group>"; };
		929CA42617F0D73100A4A992 /* FDDetailIndicatorsViewController.h */ = {isa = PBXFileReference; fileEncoding = 4; lastKnownFileType = sourcecode.c.h; path = FDDetailIndicatorsViewController.h; sourceTree = "<group>"; };
		929CA42717F0D73100A4A992 /* FDDetailIndicatorsViewController.m */ = {isa = PBXFileReference; fileEncoding = 4; lastKnownFileType = sourcecode.c.objc; path = FDDetailIndicatorsViewController.m; sourceTree = "<group>"; };
		929CA42917F0F01A00A4A992 /* FDUpdateView.h */ = {isa = PBXFileReference; fileEncoding = 4; lastKnownFileType = sourcecode.c.h; path = FDUpdateView.h; sourceTree = "<group>"; };
		929CA42A17F0F01A00A4A992 /* FDUpdateView.m */ = {isa = PBXFileReference; fileEncoding = 4; lastKnownFileType = sourcecode.c.objc; path = FDUpdateView.m; sourceTree = "<group>"; };
		929CA42C17F0F30600A4A992 /* FDDetailUpdateViewController.h */ = {isa = PBXFileReference; fileEncoding = 4; lastKnownFileType = sourcecode.c.h; path = FDDetailUpdateViewController.h; sourceTree = "<group>"; };
		929CA42D17F0F30600A4A992 /* FDDetailUpdateViewController.m */ = {isa = PBXFileReference; fileEncoding = 4; lastKnownFileType = sourcecode.c.objc; path = FDDetailUpdateViewController.m; sourceTree = "<group>"; };
		929CA43417F1242F00A4A992 /* FDDetailResetViewController.h */ = {isa = PBXFileReference; fileEncoding = 4; lastKnownFileType = sourcecode.c.h; path = FDDetailResetViewController.h; sourceTree = "<group>"; };
		929CA43517F1242F00A4A992 /* FDDetailResetViewController.m */ = {isa = PBXFileReference; fileEncoding = 4; lastKnownFileType = sourcecode.c.objc; path = FDDetailResetViewController.m; sourceTree = "<group>"; };
		929CD2D917F7BC14004CE8ED /* libsqlite3.dylib */ = {isa = PBXFileReference; lastKnownFileType = "compiled.mach-o.dylib"; name = libsqlite3.dylib; path = usr/lib/libsqlite3.dylib; sourceTree = SDKROOT; };
		929CD2DB17F7BC54004CE8ED /* libz.dylib */ = {isa = PBXFileReference; lastKnownFileType = "compiled.mach-o.dylib"; name = libz.dylib; path = usr/lib/libz.dylib; sourceTree = SDKROOT; };
		92BE689E18A58D0600364A56 /* FDDetailRadioViewController.h */ = {isa = PBXFileReference; fileEncoding = 4; lastKnownFileType = sourcecode.c.h; path = FDDetailRadioViewController.h; sourceTree = "<group>"; };
		92BE689F18A58D0600364A56 /* FDDetailRadioViewController.m */ = {isa = PBXFileReference; fileEncoding = 4; lastKnownFileType = sourcecode.c.objc; path = FDDetailRadioViewController.m; sourceTree = "<group>"; };
		92DF2E4B18A6B6F10084B306 /* FDColorGamutControl.h */ = {isa = PBXFileReference; fileEncoding = 4; lastKnownFileType = sourcecode.c.h; path = FDColorGamutControl.h; sourceTree = "<group>"; };
		92DF2E4C18A6B6F10084B306 /* FDColorGamutControl.m */ = {isa = PBXFileReference; fileEncoding = 4; lastKnownFileType = sourcecode.c.objc; path = FDColorGamutControl.m; sourceTree = "<group>"; };
		92EAB18518A7F8FA00613447 /* FDDetailTimeViewController.h */ = {isa = PBXFileReference; fileEncoding = 4; lastKnownFileType = sourcecode.c.h; path = FDDetailTimeViewController.h; sourceTree = "<group>"; };
		92EAB18618A7F8FA00613447 /* FDDetailTimeViewController.m */ = {isa = PBXFileReference; fileEncoding = 4; lastKnownFileType = sourcecode.c.objc; path = FDDetailTimeViewController.m; sourceTree = "<group>"; };
		92EAB18B18A7F91500613447 /* FDDetailModeViewController.h */ = {isa = PBXFileReference; fileEncoding = 4; lastKnownFileType = sourcecode.c.h; path = FDDetailModeViewController.h; sourceTree = "<group>"; };
		92EAB18C18A7F91500613447 /* FDDetailModeViewController.m */ = {isa = PBXFileReference; fileEncoding = 4; lastKnownFileType = sourcecode.c.objc; path = FDDetailModeViewController.m; sourceTree = "<group>"; };
		92EF7AAE18A7208D002A21FF /* FDColorButton.h */ = {isa = PBXFileReference; fileEncoding = 4; lastKnownFileType = sourcecode.c.h; path = FDColorButton.h; sourceTree = "<group>"; };
		92EF7AAF18A7208D002A21FF /* FDColorButton.m */ = {isa = PBXFileReference; fileEncoding = 4; lastKnownFileType = sourcecode.c.objc; path = FDColorButton.m; sourceTree = "<group>"; };
		92F863F617F3C38D000E23AF /* FDFireflyIceCollector.h */ = {isa = PBXFileReference; fileEncoding = 4; lastKnownFileType = sourcecode.c.h; path = FDFireflyIceCollector.h; sourceTree = "<group>"; };
		92F863F717F3C38D000E23AF /* FDFireflyIceCollector.m */ = {isa = PBXFileReference; fileEncoding = 4; lastKnownFileType = sourcecode.c.objc; path = FDFireflyIceCollector.m; sourceTree = "<group>"; };
/* End PBXFileReference section */

/* Begin PBXFrameworksBuildPhase section */
		92841A8117EDF63D005C0E18 /* Frameworks */ = {
			isa = PBXFrameworksBuildPhase;
			buildActionMask = 2147483647;
			files = (
				9264BDA618CBBA8B00F8CB3D /* libFireflyDevice.a in Frameworks */,
				929CD2DC17F7BC54004CE8ED /* libz.dylib in Frameworks */,
				929CD2DA17F7BC14004CE8ED /* libsqlite3.dylib in Frameworks */,
				92841AD017EDF7CA005C0E18 /* CoreBluetooth.framework in Frameworks */,
				92841A8A17EDF63D005C0E18 /* CoreGraphics.framework in Frameworks */,
				92841A8C17EDF63D005C0E18 /* UIKit.framework in Frameworks */,
				92841A8817EDF63D005C0E18 /* Foundation.framework in Frameworks */,
			);
			runOnlyForDeploymentPostprocessing = 0;
		};
		92841AA817EDF63D005C0E18 /* Frameworks */ = {
			isa = PBXFrameworksBuildPhase;
			buildActionMask = 2147483647;
			files = (
				92841AAD17EDF63D005C0E18 /* XCTest.framework in Frameworks */,
				92841AAF17EDF63D005C0E18 /* UIKit.framework in Frameworks */,
				92841AAE17EDF63D005C0E18 /* Foundation.framework in Frameworks */,
			);
			runOnlyForDeploymentPostprocessing = 0;
		};
/* End PBXFrameworksBuildPhase section */

/* Begin PBXGroup section */
		921E691B18A838B700E90E5B /* Detail View Icons */ = {
			isa = PBXGroup;
			children = (
				921E695118A84CB300E90E5B /* overview.png */,
				921E695218A84CB300E90E5B /* overview@2x.png */,
				921E693D18A83D5F00E90E5B /* dtm.png */,
				921E693E18A83D5F00E90E5B /* dtm@2x.png */,
				921E693F18A83D5F00E90E5B /* indicators.png */,
				921E694018A83D5F00E90E5B /* indicators@2x.png */,
				921E694118A83D5F00E90E5B /* power.png */,
				921E694218A83D5F00E90E5B /* power@2x.png */,
				921E694318A83D5F00E90E5B /* reset.png */,
				921E694418A83D5F00E90E5B /* reset@2x.png */,
				921E694518A83D5F00E90E5B /* time.png */,
				921E694618A83D5F00E90E5B /* time@2x.png */,
				921E693918A83BC100E90E5B /* radio.png */,
				921E693A18A83BC100E90E5B /* radio@2x.png */,
				921E693518A83B2200E90E5B /* mode.png */,
				921E693618A83B2200E90E5B /* mode@2x.png */,
				921E693118A83A8600E90E5B /* update.png */,
				921E693218A83A8600E90E5B /* update@2x.png */,
			);
			name = "Detail View Icons";
			sourceTree = "<group>";
		};
		9264BD9418CBBA5500F8CB3D /* Products */ = {
			isa = PBXGroup;
			children = (
				9264BD9B18CBBA5500F8CB3D /* libFireflyDevice.a */,
				9264BD9D18CBBA5500F8CB3D /* FireflyDeviceTests.library.octest */,
				9264BD9F18CBBA5500F8CB3D /* FireflyDevice.framework */,
				9264BDA118CBBA5500F8CB3D /* FireflyDeviceTests.framework.xctest */,
			);
			name = Products;
			sourceTree = "<group>";
		};
		92841A7B17EDF63D005C0E18 = {
			isa = PBXGroup;
			children = (
				92841AC617EDF7BB005C0E18 /* FireflyDevice.xcodeproj */,
				92841A8D17EDF63D005C0E18 /* FireflyUtility */,
				92841AB217EDF63D005C0E18 /* FireflyUtilityTests */,
				92841A8617EDF63D005C0E18 /* Frameworks */,
				92841A8517EDF63D005C0E18 /* Products */,
			);
			sourceTree = "<group>";
		};
		92841A8517EDF63D005C0E18 /* Products */ = {
			isa = PBXGroup;
			children = (
				92841A8417EDF63D005C0E18 /* FireflyUtility.app */,
				92841AAB17EDF63D005C0E18 /* FireflyUtilityTests.xctest */,
			);
			name = Products;
			sourceTree = "<group>";
		};
		92841A8617EDF63D005C0E18 /* Frameworks */ = {
			isa = PBXGroup;
			children = (
				929CD2DB17F7BC54004CE8ED /* libz.dylib */,
				929CD2D917F7BC14004CE8ED /* libsqlite3.dylib */,
				92841ACF17EDF7CA005C0E18 /* CoreBluetooth.framework */,
				92841A8717EDF63D005C0E18 /* Foundation.framework */,
				92841A8917EDF63D005C0E18 /* CoreGraphics.framework */,
				92841A8B17EDF63D005C0E18 /* UIKit.framework */,
				92841AAC17EDF63D005C0E18 /* XCTest.framework */,
			);
			name = Frameworks;
			sourceTree = "<group>";
		};
		92841A8D17EDF63D005C0E18 /* FireflyUtility */ = {
			isa = PBXGroup;
			children = (
				92841A8E17EDF63D005C0E18 /* Supporting Files */,
				92841AA517EDF63D005C0E18 /* Images.xcassets */,
				92841A9917EDF63D005C0E18 /* Main_iPhone.storyboard */,
				92841A9C17EDF63D005C0E18 /* Main_iPad.storyboard */,
				92841A9617EDF63D005C0E18 /* FDAppDelegate.h */,
				92841A9717EDF63D005C0E18 /* FDAppDelegate.m */,
				92F863F617F3C38D000E23AF /* FDFireflyIceCollector.h */,
				92F863F717F3C38D000E23AF /* FDFireflyIceCollector.m */,
				92841A9F17EDF63D005C0E18 /* FDMasterViewController.h */,
				92841AA017EDF63D005C0E18 /* FDMasterViewController.m */,
				92841AA217EDF63D005C0E18 /* FDDetailViewController.h */,
				92841AA317EDF63D005C0E18 /* FDDetailViewController.m */,
				928BF64617F2818000370B91 /* FDDetailTabBarController.h */,
				928BF64717F2818000370B91 /* FDDetailTabBarController.m */,
				92949D5018A5E79600FD815F /* Detail Views */,
				921E691B18A838B700E90E5B /* Detail View Icons */,
				92DA060818B6E8250026FB69 /* Help Support */,
				92949D4F18A5E77500FD815F /* Color Picker */,
				92EF7AAD18A70C73002A21FF /* Battery View */,
			);
			path = FireflyUtility;
			sourceTree = "<group>";
		};
		92841A8E17EDF63D005C0E18 /* Supporting Files */ = {
			isa = PBXGroup;
			children = (
				9212D259180B3F2D00576B41 /* FireflyIce.hex */,
				92841A8F17EDF63D005C0E18 /* FireflyUtility-Info.plist */,
				92841A9017EDF63D005C0E18 /* InfoPlist.strings */,
				92841A9317EDF63D005C0E18 /* main.m */,
				92841A9517EDF63D005C0E18 /* FireflyUtility-Prefix.pch */,
			);
			name = "Supporting Files";
			sourceTree = "<group>";
		};
		92841AB217EDF63D005C0E18 /* FireflyUtilityTests */ = {
			isa = PBXGroup;
			children = (
				92841AB817EDF63D005C0E18 /* FireflyUtilityTests.m */,
				92841AB317EDF63D005C0E18 /* Supporting Files */,
			);
			path = FireflyUtilityTests;
			sourceTree = "<group>";
		};
		92841AB317EDF63D005C0E18 /* Supporting Files */ = {
			isa = PBXGroup;
			children = (
				92841AB417EDF63D005C0E18 /* FireflyUtilityTests-Info.plist */,
				92841AB517EDF63D005C0E18 /* InfoPlist.strings */,
			);
			name = "Supporting Files";
			sourceTree = "<group>";
		};
		92949D4F18A5E77500FD815F /* Color Picker */ = {
			isa = PBXGroup;
			children = (
				92EF7AAE18A7208D002A21FF /* FDColorButton.h */,
				92EF7AAF18A7208D002A21FF /* FDColorButton.m */,
				92949D4018A5CB9C00FD815F /* FDColorPickerViewController.h */,
				92949D4118A5CB9C00FD815F /* FDColorPickerViewController.m */,
				92949D3818A5CAE400FD815F /* FDColorPicker_iPhone.xib */,
				92DF2E4B18A6B6F10084B306 /* FDColorGamutControl.h */,
				92DF2E4C18A6B6F10084B306 /* FDColorGamutControl.m */,
				92949D4318A5D7D100FD815F /* FDColorGamutView.h */,
				92949D4418A5D7D100FD815F /* FDColorGamutView.m */,
				92949D5118A5E80600FD815F /* FDColorSpectrumControl.h */,
				92949D5218A5E80600FD815F /* FDColorSpectrumControl.m */,
				92949D4618A5DBA200FD815F /* FDColorSpectrumView.h */,
				92949D4718A5DBA200FD815F /* FDColorSpectrumView.m */,
				92949D4918A5DFD700FD815F /* FDColorUtilities.h */,
				92949D4A18A5DFD700FD815F /* FDColorUtilities.m */,
				92949D4C18A5E49000FD815F /* FDColorTouchView.h */,
				92949D4D18A5E49000FD815F /* FDColorTouchView.m */,
			);
			name = "Color Picker";
			sourceTree = "<group>";
		};
		92949D5018A5E79600FD815F /* Detail Views */ = {
			isa = PBXGroup;
			children = (
				929CA40D17F0AD3400A4A992 /* FDDetailOverviewViewController.h */,
				929CA40E17F0AD3400A4A992 /* FDDetailOverviewViewController.m */,
				92BE689E18A58D0600364A56 /* FDDetailRadioViewController.h */,
				92BE689F18A58D0600364A56 /* FDDetailRadioViewController.m */,
				929CA40917F0992E00A4A992 /* FDDetailRadioDirectTestModeViewController.h */,
				929CA40A17F0992E00A4A992 /* FDDetailRadioDirectTestModeViewController.m */,
				929CA42617F0D73100A4A992 /* FDDetailIndicatorsViewController.h */,
				929CA42717F0D73100A4A992 /* FDDetailIndicatorsViewController.m */,
				929CA42917F0F01A00A4A992 /* FDUpdateView.h */,
				929CA42A17F0F01A00A4A992 /* FDUpdateView.m */,
				929CA42C17F0F30600A4A992 /* FDDetailUpdateViewController.h */,
				929CA42D17F0F30600A4A992 /* FDDetailUpdateViewController.m */,
				929CA43417F1242F00A4A992 /* FDDetailResetViewController.h */,
				929CA43517F1242F00A4A992 /* FDDetailResetViewController.m */,
				923C345C18973CFD0068863D /* FDDetailPowerViewController.h */,
				923C345D18973CFD0068863D /* FDDetailPowerViewController.m */,
				92EAB18518A7F8FA00613447 /* FDDetailTimeViewController.h */,
				92EAB18618A7F8FA00613447 /* FDDetailTimeViewController.m */,
				92EAB18B18A7F91500613447 /* FDDetailModeViewController.h */,
				92EAB18C18A7F91500613447 /* FDDetailModeViewController.m */,
			);
			name = "Detail Views";
			sourceTree = "<group>";
		};
		92DA060818B6E8250026FB69 /* Help Support */ = {
			isa = PBXGroup;
			children = (
				9209194018B5A15C00CB1ECC /* FDHelpController.h */,
				9209194118B5A15C00CB1ECC /* FDHelpController.m */,
				9209193918B5A02300CB1ECC /* help.png */,
				9209193A18B5A02300CB1ECC /* help@2x.png */,
			);
			name = "Help Support";
			sourceTree = "<group>";
		};
		92EF7AAD18A70C73002A21FF /* Battery View */ = {
			isa = PBXGroup;
			children = (
				923C344318972DB20068863D /* FDBatteryView.m */,
				923C344418972DB20068863D /* FDBatteryView.h */,
				923C344C189733880068863D /* battery.png */,
				923C344D189733880068863D /* battery@2x.png */,
				923C344E189733880068863D /* green_fuel.png */,
				923C344F189733880068863D /* green_fuel@2x.png */,
				923C3450189733880068863D /* orange_fuel.png */,
				923C3451189733880068863D /* orange_fuel@2x.png */,
				923C3452189733880068863D /* red_fuel.png */,
				923C3453189733880068863D /* red_fuel@2x.png */,
			);
			name = "Battery View";
			sourceTree = "<group>";
		};
/* End PBXGroup section */

/* Begin PBXNativeTarget section */
		92841A8317EDF63D005C0E18 /* FireflyUtility */ = {
			isa = PBXNativeTarget;
			buildConfigurationList = 92841ABC17EDF63D005C0E18 /* Build configuration list for PBXNativeTarget "FireflyUtility" */;
			buildPhases = (
				92841A8017EDF63D005C0E18 /* Sources */,
				92841A8117EDF63D005C0E18 /* Frameworks */,
				92841A8217EDF63D005C0E18 /* Resources */,
			);
			buildRules = (
			);
			dependencies = (
				9264BDA518CBBA8300F8CB3D /* PBXTargetDependency */,
			);
			name = FireflyUtility;
			productName = FireflyUtility;
			productReference = 92841A8417EDF63D005C0E18 /* FireflyUtility.app */;
			productType = "com.apple.product-type.application";
		};
		92841AAA17EDF63D005C0E18 /* FireflyUtilityTests */ = {
			isa = PBXNativeTarget;
			buildConfigurationList = 92841ABF17EDF63D005C0E18 /* Build configuration list for PBXNativeTarget "FireflyUtilityTests" */;
			buildPhases = (
				92841AA717EDF63D005C0E18 /* Sources */,
				92841AA817EDF63D005C0E18 /* Frameworks */,
				92841AA917EDF63D005C0E18 /* Resources */,
			);
			buildRules = (
			);
			dependencies = (
				92841AB117EDF63D005C0E18 /* PBXTargetDependency */,
			);
			name = FireflyUtilityTests;
			productName = FireflyUtilityTests;
			productReference = 92841AAB17EDF63D005C0E18 /* FireflyUtilityTests.xctest */;
			productType = "com.apple.product-type.bundle.unit-test";
		};
/* End PBXNativeTarget section */

/* Begin PBXProject section */
		92841A7C17EDF63D005C0E18 /* Project object */ = {
			isa = PBXProject;
			attributes = {
				CLASSPREFIX = FD;
				LastUpgradeCheck = 0510;
				ORGANIZATIONNAME = "Firefly Design";
				TargetAttributes = {
					92841A8317EDF63D005C0E18 = {
						DevelopmentTeam = TVNL896ZKT;
						SystemCapabilities = {
							com.apple.BackgroundModes = {
								enabled = 1;
							};
						};
					};
					92841AAA17EDF63D005C0E18 = {
						TestTargetID = 92841A8317EDF63D005C0E18;
					};
				};
			};
			buildConfigurationList = 92841A7F17EDF63D005C0E18 /* Build configuration list for PBXProject "FireflyUtility" */;
			compatibilityVersion = "Xcode 3.2";
			developmentRegion = English;
			hasScannedForEncodings = 0;
			knownRegions = (
				en,
				Base,
			);
			mainGroup = 92841A7B17EDF63D005C0E18;
			productRefGroup = 92841A8517EDF63D005C0E18 /* Products */;
			projectDirPath = "";
			projectReferences = (
				{
					ProductGroup = 9264BD9418CBBA5500F8CB3D /* Products */;
					ProjectRef = 92841AC617EDF7BB005C0E18 /* FireflyDevice.xcodeproj */;
				},
			);
			projectRoot = "";
			targets = (
				92841A8317EDF63D005C0E18 /* FireflyUtility */,
				92841AAA17EDF63D005C0E18 /* FireflyUtilityTests */,
			);
		};
/* End PBXProject section */

/* Begin PBXReferenceProxy section */
		9264BD9B18CBBA5500F8CB3D /* libFireflyDevice.a */ = {
			isa = PBXReferenceProxy;
			fileType = archive.ar;
			path = libFireflyDevice.a;
			remoteRef = 9264BD9A18CBBA5500F8CB3D /* PBXContainerItemProxy */;
			sourceTree = BUILT_PRODUCTS_DIR;
		};
		9264BD9D18CBBA5500F8CB3D /* FireflyDeviceTests.library.octest */ = {
			isa = PBXReferenceProxy;
			fileType = wrapper.cfbundle;
			path = FireflyDeviceTests.library.octest;
			remoteRef = 9264BD9C18CBBA5500F8CB3D /* PBXContainerItemProxy */;
			sourceTree = BUILT_PRODUCTS_DIR;
		};
		9264BD9F18CBBA5500F8CB3D /* FireflyDevice.framework */ = {
			isa = PBXReferenceProxy;
			fileType = wrapper.framework;
			path = FireflyDevice.framework;
			remoteRef = 9264BD9E18CBBA5500F8CB3D /* PBXContainerItemProxy */;
			sourceTree = BUILT_PRODUCTS_DIR;
		};
		9264BDA118CBBA5500F8CB3D /* FireflyDeviceTests.framework.xctest */ = {
			isa = PBXReferenceProxy;
			fileType = wrapper.cfbundle;
			path = FireflyDeviceTests.framework.xctest;
			remoteRef = 9264BDA018CBBA5500F8CB3D /* PBXContainerItemProxy */;
			sourceTree = BUILT_PRODUCTS_DIR;
		};
/* End PBXReferenceProxy section */

/* Begin PBXResourcesBuildPhase section */
		92841A8217EDF63D005C0E18 /* Resources */ = {
			isa = PBXResourcesBuildPhase;
			buildActionMask = 2147483647;
			files = (
				9212D25A180B3F2D00576B41 /* FireflyIce.hex in Resources */,
				921E694D18A83D5F00E90E5B /* reset.png in Resources */,
				921E694B18A83D5F00E90E5B /* power.png in Resources */,
				921E695418A84CB300E90E5B /* overview@2x.png in Resources */,
				923C3454189733880068863D /* battery.png in Resources */,
				923C3455189733880068863D /* battery@2x.png in Resources */,
				921E693718A83B2200E90E5B /* mode.png in Resources */,
				92841A9E17EDF63D005C0E18 /* Main_iPad.storyboard in Resources */,
				921E693318A83A8600E90E5B /* update.png in Resources */,
				921E694E18A83D5F00E90E5B /* reset@2x.png in Resources */,
				92949D3918A5CAE400FD815F /* FDColorPicker_iPhone.xib in Resources */,
				921E693B18A83BC100E90E5B /* radio.png in Resources */,
				921E693C18A83BC100E90E5B /* radio@2x.png in Resources */,
				921E694C18A83D5F00E90E5B /* power@2x.png in Resources */,
				92841AA617EDF63D005C0E18 /* Images.xcassets in Resources */,
				923C3456189733880068863D /* green_fuel.png in Resources */,
				923C3459189733880068863D /* orange_fuel@2x.png in Resources */,
				923C345B189733880068863D /* red_fuel@2x.png in Resources */,
				921E693818A83B2200E90E5B /* mode@2x.png in Resources */,
				92841A9B17EDF63D005C0E18 /* Main_iPhone.storyboard in Resources */,
				9209193B18B5A02300CB1ECC /* help.png in Resources */,
				9209193C18B5A02300CB1ECC /* help@2x.png in Resources */,
				923C3458189733880068863D /* orange_fuel.png in Resources */,
				923C345A189733880068863D /* red_fuel.png in Resources */,
				921E693418A83A8600E90E5B /* update@2x.png in Resources */,
				921E694718A83D5F00E90E5B /* dtm.png in Resources */,
				923C3457189733880068863D /* green_fuel@2x.png in Resources */,
				921E694818A83D5F00E90E5B /* dtm@2x.png in Resources */,
				921E695318A84CB300E90E5B /* overview.png in Resources */,
				921E694918A83D5F00E90E5B /* indicators.png in Resources */,
				921E694A18A83D5F00E90E5B /* indicators@2x.png in Resources */,
				92841A9217EDF63D005C0E18 /* InfoPlist.strings in Resources */,
				921E694F18A83D5F00E90E5B /* time.png in Resources */,
				921E695018A83D5F00E90E5B /* time@2x.png in Resources */,
			);
			runOnlyForDeploymentPostprocessing = 0;
		};
		92841AA917EDF63D005C0E18 /* Resources */ = {
			isa = PBXResourcesBuildPhase;
			buildActionMask = 2147483647;
			files = (
				92841AB717EDF63D005C0E18 /* InfoPlist.strings in Resources */,
			);
			runOnlyForDeploymentPostprocessing = 0;
		};
/* End PBXResourcesBuildPhase section */

/* Begin PBXSourcesBuildPhase section */
		92841A8017EDF63D005C0E18 /* Sources */ = {
			isa = PBXSourcesBuildPhase;
			buildActionMask = 2147483647;
			files = (
				9209194218B5A15C00CB1ECC /* FDHelpController.m in Sources */,
				929CA42E17F0F30600A4A992 /* FDDetailUpdateViewController.m in Sources */,
				92949D4518A5D7D100FD815F /* FDColorGamutView.m in Sources */,
				92EAB18718A7F8FA00613447 /* FDDetailTimeViewController.m in Sources */,
				923C344518972DB20068863D /* FDBatteryView.m in Sources */,
				929CA42B17F0F01A00A4A992 /* FDUpdateView.m in Sources */,
				92841AA117EDF63D005C0E18 /* FDMasterViewController.m in Sources */,
				92841A9817EDF63D005C0E18 /* FDAppDelegate.m in Sources */,
				92841A9417EDF63D005C0E18 /* main.m in Sources */,
				92949D4B18A5DFD700FD815F /* FDColorUtilities.m in Sources */,
				92949D4E18A5E49000FD815F /* FDColorTouchView.m in Sources */,
				929CA40B17F0992E00A4A992 /* FDDetailRadioDirectTestModeViewController.m in Sources */,
				929CA42817F0D73100A4A992 /* FDDetailIndicatorsViewController.m in Sources */,
				928BF64817F2818000370B91 /* FDDetailTabBarController.m in Sources */,
				92BE68A018A58D0600364A56 /* FDDetailRadioViewController.m in Sources */,
				92949D5318A5E80600FD815F /* FDColorSpectrumControl.m in Sources */,
				929CA43617F1242F00A4A992 /* FDDetailResetViewController.m in Sources */,
				92F863F817F3C38D000E23AF /* FDFireflyIceCollector.m in Sources */,
				92EAB18D18A7F91500613447 /* FDDetailModeViewController.m in Sources */,
				923C345E18973CFD0068863D /* FDDetailPowerViewController.m in Sources */,
				92EF7AB018A7208D002A21FF /* FDColorButton.m in Sources */,
				929CA40F17F0AD3400A4A992 /* FDDetailOverviewViewController.m in Sources */,
				92949D4818A5DBA200FD815F /* FDColorSpectrumView.m in Sources */,
				92949D4218A5CB9C00FD815F /* FDColorPickerViewController.m in Sources */,
				92DF2E4D18A6B6F10084B306 /* FDColorGamutControl.m in Sources */,
				92841AA417EDF63D005C0E18 /* FDDetailViewController.m in Sources */,
			);
			runOnlyForDeploymentPostprocessing = 0;
		};
		92841AA717EDF63D005C0E18 /* Sources */ = {
			isa = PBXSourcesBuildPhase;
			buildActionMask = 2147483647;
			files = (
				92841AB917EDF63D005C0E18 /* FireflyUtilityTests.m in Sources */,
			);
			runOnlyForDeploymentPostprocessing = 0;
		};
/* End PBXSourcesBuildPhase section */

/* Begin PBXTargetDependency section */
		9264BDA518CBBA8300F8CB3D /* PBXTargetDependency */ = {
			isa = PBXTargetDependency;
			name = FireflyDevice.library;
			targetProxy = 9264BDA418CBBA8300F8CB3D /* PBXContainerItemProxy */;
		};
		92841AB117EDF63D005C0E18 /* PBXTargetDependency */ = {
			isa = PBXTargetDependency;
			target = 92841A8317EDF63D005C0E18 /* FireflyUtility */;
			targetProxy = 92841AB017EDF63D005C0E18 /* PBXContainerItemProxy */;
		};
/* End PBXTargetDependency section */

/* Begin PBXVariantGroup section */
		92841A9017EDF63D005C0E18 /* InfoPlist.strings */ = {
			isa = PBXVariantGroup;
			children = (
				92841A9117EDF63D005C0E18 /* en */,
			);
			name = InfoPlist.strings;
			sourceTree = "<group>";
		};
		92841A9917EDF63D005C0E18 /* Main_iPhone.storyboard */ = {
			isa = PBXVariantGroup;
			children = (
				92841A9A17EDF63D005C0E18 /* Base */,
			);
			name = Main_iPhone.storyboard;
			sourceTree = "<group>";
		};
		92841A9C17EDF63D005C0E18 /* Main_iPad.storyboard */ = {
			isa = PBXVariantGroup;
			children = (
				92841A9D17EDF63D005C0E18 /* Base */,
			);
			name = Main_iPad.storyboard;
			sourceTree = "<group>";
		};
		92841AB517EDF63D005C0E18 /* InfoPlist.strings */ = {
			isa = PBXVariantGroup;
			children = (
				92841AB617EDF63D005C0E18 /* en */,
			);
			name = InfoPlist.strings;
			sourceTree = "<group>";
		};
/* End PBXVariantGroup section */

/* Begin XCBuildConfiguration section */
		92841ABA17EDF63D005C0E18 /* Debug */ = {
			isa = XCBuildConfiguration;
			buildSettings = {
				ALWAYS_SEARCH_USER_PATHS = NO;
				CLANG_CXX_LANGUAGE_STANDARD = "gnu++0x";
				CLANG_CXX_LIBRARY = "libc++";
				CLANG_ENABLE_MODULES = YES;
				CLANG_ENABLE_OBJC_ARC = YES;
				CLANG_WARN_BOOL_CONVERSION = YES;
				CLANG_WARN_CONSTANT_CONVERSION = YES;
				CLANG_WARN_DIRECT_OBJC_ISA_USAGE = YES_ERROR;
				CLANG_WARN_EMPTY_BODY = YES;
				CLANG_WARN_ENUM_CONVERSION = YES;
				CLANG_WARN_INT_CONVERSION = YES;
				CLANG_WARN_OBJC_ROOT_CLASS = YES_ERROR;
				CLANG_WARN__DUPLICATE_METHOD_MATCH = YES;
				"CODE_SIGN_IDENTITY[sdk=iphoneos*]" = "iPhone Developer";
				COPY_PHASE_STRIP = NO;
				GCC_C_LANGUAGE_STANDARD = gnu99;
				GCC_DYNAMIC_NO_PIC = NO;
				GCC_OPTIMIZATION_LEVEL = 0;
				GCC_PREPROCESSOR_DEFINITIONS = (
					"DEBUG=1",
					"$(inherited)",
				);
				GCC_SYMBOLS_PRIVATE_EXTERN = NO;
				GCC_WARN_64_TO_32_BIT_CONVERSION = YES;
				GCC_WARN_ABOUT_RETURN_TYPE = YES_ERROR;
				GCC_WARN_UNDECLARED_SELECTOR = YES;
				GCC_WARN_UNINITIALIZED_AUTOS = YES;
				GCC_WARN_UNUSED_FUNCTION = YES;
				GCC_WARN_UNUSED_VARIABLE = YES;
				IPHONEOS_DEPLOYMENT_TARGET = 6.1;
				ONLY_ACTIVE_ARCH = YES;
				SDKROOT = iphoneos;
				TARGETED_DEVICE_FAMILY = "1,2";
			};
			name = Debug;
		};
		92841ABB17EDF63D005C0E18 /* Release */ = {
			isa = XCBuildConfiguration;
			buildSettings = {
				ALWAYS_SEARCH_USER_PATHS = NO;
				CLANG_CXX_LANGUAGE_STANDARD = "gnu++0x";
				CLANG_CXX_LIBRARY = "libc++";
				CLANG_ENABLE_MODULES = YES;
				CLANG_ENABLE_OBJC_ARC = YES;
				CLANG_WARN_BOOL_CONVERSION = YES;
				CLANG_WARN_CONSTANT_CONVERSION = YES;
				CLANG_WARN_DIRECT_OBJC_ISA_USAGE = YES_ERROR;
				CLANG_WARN_EMPTY_BODY = YES;
				CLANG_WARN_ENUM_CONVERSION = YES;
				CLANG_WARN_INT_CONVERSION = YES;
				CLANG_WARN_OBJC_ROOT_CLASS = YES_ERROR;
				CLANG_WARN__DUPLICATE_METHOD_MATCH = YES;
				CODE_SIGN_IDENTITY = "iPhone Distribution";
				"CODE_SIGN_IDENTITY[sdk=iphoneos*]" = "iPhone Distribution";
				COPY_PHASE_STRIP = YES;
				ENABLE_NS_ASSERTIONS = NO;
				GCC_C_LANGUAGE_STANDARD = gnu99;
				GCC_WARN_64_TO_32_BIT_CONVERSION = YES;
				GCC_WARN_ABOUT_RETURN_TYPE = YES_ERROR;
				GCC_WARN_UNDECLARED_SELECTOR = YES;
				GCC_WARN_UNINITIALIZED_AUTOS = YES;
				GCC_WARN_UNUSED_FUNCTION = YES;
				GCC_WARN_UNUSED_VARIABLE = YES;
				IPHONEOS_DEPLOYMENT_TARGET = 6.1;
				SDKROOT = iphoneos;
				TARGETED_DEVICE_FAMILY = "1,2";
				VALIDATE_PRODUCT = YES;
			};
			name = Release;
		};
		92841ABD17EDF63D005C0E18 /* Debug */ = {
			isa = XCBuildConfiguration;
			buildSettings = {
				ASSETCATALOG_COMPILER_APPICON_NAME = AppIcon;
				ASSETCATALOG_COMPILER_LAUNCHIMAGE_NAME = LaunchImage;
				CODE_SIGN_IDENTITY = "iPhone Developer";
				"CODE_SIGN_IDENTITY[sdk=iphoneos*]" = "iPhone Developer";
				GCC_PRECOMPILE_PREFIX_HEADER = YES;
				GCC_PREFIX_HEADER = "FireflyUtility/FireflyUtility-Prefix.pch";
				INFOPLIST_FILE = "FireflyUtility/FireflyUtility-Info.plist";
				IPHONEOS_DEPLOYMENT_TARGET = 6.1;
				PRODUCT_NAME = "$(TARGET_NAME)";
				PROVISIONING_PROFILE = "51DBA0E7-2163-4536-94DB-0F30DAB89164";
				TARGETED_DEVICE_FAMILY = 1;
				WRAPPER_EXTENSION = app;
			};
			name = Debug;
		};
		92841ABE17EDF63D005C0E18 /* Release */ = {
			isa = XCBuildConfiguration;
			buildSettings = {
				ASSETCATALOG_COMPILER_APPICON_NAME = AppIcon;
				ASSETCATALOG_COMPILER_LAUNCHIMAGE_NAME = LaunchImage;
				CODE_SIGN_IDENTITY = "iPhone Developer";
				"CODE_SIGN_IDENTITY[sdk=iphoneos*]" = "iPhone Developer";
				GCC_PRECOMPILE_PREFIX_HEADER = YES;
				GCC_PREFIX_HEADER = "FireflyUtility/FireflyUtility-Prefix.pch";
				INFOPLIST_FILE = "FireflyUtility/FireflyUtility-Info.plist";
				IPHONEOS_DEPLOYMENT_TARGET = 6.1;
				PRODUCT_NAME = "$(TARGET_NAME)";
				PROVISIONING_PROFILE = "51DBA0E7-2163-4536-94DB-0F30DAB89164";
				TARGETED_DEVICE_FAMILY = 1;
				WRAPPER_EXTENSION = app;
			};
			name = Release;
		};
		92841AC017EDF63D005C0E18 /* Debug */ = {
			isa = XCBuildConfiguration;
			buildSettings = {
				BUNDLE_LOADER = "$(BUILT_PRODUCTS_DIR)/FireflyUtility.app/FireflyUtility";
				FRAMEWORK_SEARCH_PATHS = (
					"$(SDKROOT)/Developer/Library/Frameworks",
					"$(inherited)",
					"$(DEVELOPER_FRAMEWORKS_DIR)",
				);
				GCC_PRECOMPILE_PREFIX_HEADER = YES;
				GCC_PREFIX_HEADER = "FireflyUtility/FireflyUtility-Prefix.pch";
				GCC_PREPROCESSOR_DEFINITIONS = (
					"DEBUG=1",
					"$(inherited)",
				);
				INFOPLIST_FILE = "FireflyUtilityTests/FireflyUtilityTests-Info.plist";
				PRODUCT_NAME = "$(TARGET_NAME)";
				TEST_HOST = "$(BUNDLE_LOADER)";
				WRAPPER_EXTENSION = xctest;
			};
			name = Debug;
		};
		92841AC117EDF63D005C0E18 /* Release */ = {
			isa = XCBuildConfiguration;
			buildSettings = {
				BUNDLE_LOADER = "$(BUILT_PRODUCTS_DIR)/FireflyUtility.app/FireflyUtility";
				FRAMEWORK_SEARCH_PATHS = (
					"$(SDKROOT)/Developer/Library/Frameworks",
					"$(inherited)",
					"$(DEVELOPER_FRAMEWORKS_DIR)",
				);
				GCC_PRECOMPILE_PREFIX_HEADER = YES;
				GCC_PREFIX_HEADER = "FireflyUtility/FireflyUtility-Prefix.pch";
				INFOPLIST_FILE = "FireflyUtilityTests/FireflyUtilityTests-Info.plist";
				PRODUCT_NAME = "$(TARGET_NAME)";
				TEST_HOST = "$(BUNDLE_LOADER)";
				WRAPPER_EXTENSION = xctest;
			};
			name = Release;
		};
/* End XCBuildConfiguration section */

/* Begin XCConfigurationList section */
		92841A7F17EDF63D005C0E18 /* Build configuration list for PBXProject "FireflyUtility" */ = {
			isa = XCConfigurationList;
			buildConfigurations = (
				92841ABA17EDF63D005C0E18 /* Debug */,
				92841ABB17EDF63D005C0E18 /* Release */,
			);
			defaultConfigurationIsVisible = 0;
			defaultConfigurationName = Release;
		};
		92841ABC17EDF63D005C0E18 /* Build configuration list for PBXNativeTarget "FireflyUtility" */ = {
			isa = XCConfigurationList;
			buildConfigurations = (
				92841ABD17EDF63D005C0E18 /* Debug */,
				92841ABE17EDF63D005C0E18 /* Release */,
			);
			defaultConfigurationIsVisible = 0;
			defaultConfigurationName = Release;
		};
		92841ABF17EDF63D005C0E18 /* Build configuration list for PBXNativeTarget "FireflyUtilityTests" */ = {
			isa = XCConfigurationList;
			buildConfigurations = (
				92841AC017EDF63D005C0E18 /* Debug */,
				92841AC117EDF63D005C0E18 /* Release */,
			);
			defaultConfigurationIsVisible = 0;
			defaultConfigurationName = Release;
		};
/* End XCConfigurationList section */
	};
	rootObject = 92841A7C17EDF63D005C0E18 /* Project object */;
}
