// !$*UTF8*$!
{
	archiveVersion = 1;
	classes = {
	};
	objectVersion = 48;
	objects = {

/* Begin PBXBuildFile section */
		92B0C3002013F9A800E1C982 /* AppDelegate.swift in Sources */ = {isa = PBXBuildFile; fileRef = 92B0C2FF2013F9A800E1C982 /* AppDelegate.swift */; };
		92B0C3022013F9A800E1C982 /* ViewController.swift in Sources */ = {isa = PBXBuildFile; fileRef = 92B0C3012013F9A800E1C982 /* ViewController.swift */; };
		92B0C3042013F9A800E1C982 /* Assets.xcassets in Resources */ = {isa = PBXBuildFile; fileRef = 92B0C3032013F9A800E1C982 /* Assets.xcassets */; };
		92B0C3072013F9A800E1C982 /* Main.storyboard in Resources */ = {isa = PBXBuildFile; fileRef = 92B0C3052013F9A800E1C982 /* Main.storyboard */; };
		92B0C314201408D200E1C982 /* CloudKit.framework in Frameworks */ = {isa = PBXBuildFile; fileRef = 92B0C313201408D200E1C982 /* CloudKit.framework */; };
/* End PBXBuildFile section */

/* Begin PBXFileReference section */
		92B0C2FC2013F9A800E1C982 /* Firefly Activity Access.app */ = {isa = PBXFileReference; explicitFileType = wrapper.application; includeInIndex = 0; path = "Firefly Activity Access.app"; sourceTree = BUILT_PRODUCTS_DIR; };
		92B0C2FF2013F9A800E1C982 /* AppDelegate.swift */ = {isa = PBXFileReference; lastKnownFileType = sourcecode.swift; path = AppDelegate.swift; sourceTree = "<group>"; };
		92B0C3012013F9A800E1C982 /* ViewController.swift */ = {isa = PBXFileReference; lastKnownFileType = sourcecode.swift; path = ViewController.swift; sourceTree = "<group>"; };
		92B0C3032013F9A800E1C982 /* Assets.xcassets */ = {isa = PBXFileReference; lastKnownFileType = folder.assetcatalog; path = Assets.xcassets; sourceTree = "<group>"; };
		92B0C3062013F9A800E1C982 /* Base */ = {isa = PBXFileReference; lastKnownFileType = file.storyboard; name = Base; path = Base.lproj/Main.storyboard; sourceTree = "<group>"; };
		92B0C3082013F9A800E1C982 /* Info.plist */ = {isa = PBXFileReference; lastKnownFileType = text.plist.xml; path = Info.plist; sourceTree = "<group>"; };
		92B0C3092013F9A800E1C982 /* Firefly_Activity_Access.entitlements */ = {isa = PBXFileReference; lastKnownFileType = text.plist.entitlements; path = Firefly_Activity_Access.entitlements; sourceTree = "<group>"; };
		92B0C313201408D200E1C982 /* CloudKit.framework */ = {isa = PBXFileReference; lastKnownFileType = wrapper.framework; name = CloudKit.framework; path = System/Library/Frameworks/CloudKit.framework; sourceTree = SDKROOT; };
/* End PBXFileReference section */

/* Begin PBXFrameworksBuildPhase section */
		92B0C2F92013F9A800E1C982 /* Frameworks */ = {
			isa = PBXFrameworksBuildPhase;
			buildActionMask = 2147483647;
			files = (
				92B0C314201408D200E1C982 /* CloudKit.framework in Frameworks */,
			);
			runOnlyForDeploymentPostprocessing = 0;
		};
/* End PBXFrameworksBuildPhase section */

/* Begin PBXGroup section */
		92B0C2F32013F9A800E1C982 = {
			isa = PBXGroup;
			children = (
				92B0C2FE2013F9A800E1C982 /* Firefly Activity Access */,
				92B0C2FD2013F9A800E1C982 /* Products */,
				92B0C3102014082400E1C982 /* Frameworks */,
			);
			sourceTree = "<group>";
		};
		92B0C2FD2013F9A800E1C982 /* Products */ = {
			isa = PBXGroup;
			children = (
				92B0C2FC2013F9A800E1C982 /* Firefly Activity Access.app */,
			);
			name = Products;
			sourceTree = "<group>";
		};
		92B0C2FE2013F9A800E1C982 /* Firefly Activity Access */ = {
			isa = PBXGroup;
			children = (
				92B0C2FF2013F9A800E1C982 /* AppDelegate.swift */,
				92B0C3012013F9A800E1C982 /* ViewController.swift */,
				92B0C3032013F9A800E1C982 /* Assets.xcassets */,
				92B0C3052013F9A800E1C982 /* Main.storyboard */,
				92B0C3082013F9A800E1C982 /* Info.plist */,
				92B0C3092013F9A800E1C982 /* Firefly_Activity_Access.entitlements */,
			);
			path = "Firefly Activity Access";
			sourceTree = "<group>";
		};
		92B0C3102014082400E1C982 /* Frameworks */ = {
			isa = PBXGroup;
			children = (
				92B0C313201408D200E1C982 /* CloudKit.framework */,
			);
			name = Frameworks;
			sourceTree = "<group>";
		};
/* End PBXGroup section */

/* Begin PBXNativeTarget section */
		92B0C2FB2013F9A800E1C982 /* Firefly Activity Access */ = {
			isa = PBXNativeTarget;
			buildConfigurationList = 92B0C30C2013F9A800E1C982 /* Build configuration list for PBXNativeTarget "Firefly Activity Access" */;
			buildPhases = (
				92B0C2F82013F9A800E1C982 /* Sources */,
				92B0C2F92013F9A800E1C982 /* Frameworks */,
				92B0C2FA2013F9A800E1C982 /* Resources */,
			);
			buildRules = (
			);
			dependencies = (
			);
			name = "Firefly Activity Access";
			productName = "Firefly Activity Access";
			productReference = 92B0C2FC2013F9A800E1C982 /* Firefly Activity Access.app */;
			productType = "com.apple.product-type.application";
		};
/* End PBXNativeTarget section */

/* Begin PBXProject section */
		92B0C2F42013F9A800E1C982 /* Project object */ = {
			isa = PBXProject;
			attributes = {
				LastSwiftUpdateCheck = 0920;
				LastUpgradeCheck = 0920;
				ORGANIZATIONNAME = "Firefly Design LLC";
				TargetAttributes = {
					92B0C2FB2013F9A800E1C982 = {
						CreatedOnToolsVersion = 9.2;
						ProvisioningStyle = Automatic;
						SystemCapabilities = {
							com.apple.Push = {
								enabled = 1;
							};
							com.apple.Sandbox = {
								enabled = 0;
							};
							com.apple.iCloud = {
								enabled = 1;
							};
						};
					};
				};
			};
			buildConfigurationList = 92B0C2F72013F9A800E1C982 /* Build configuration list for PBXProject "Firefly Activity Access" */;
			compatibilityVersion = "Xcode 8.0";
			developmentRegion = en;
			hasScannedForEncodings = 0;
			knownRegions = (
				en,
				Base,
			);
			mainGroup = 92B0C2F32013F9A800E1C982;
			productRefGroup = 92B0C2FD2013F9A800E1C982 /* Products */;
			projectDirPath = "";
			projectRoot = "";
			targets = (
				92B0C2FB2013F9A800E1C982 /* Firefly Activity Access */,
			);
		};
/* End PBXProject section */

/* Begin PBXResourcesBuildPhase section */
		92B0C2FA2013F9A800E1C982 /* Resources */ = {
			isa = PBXResourcesBuildPhase;
			buildActionMask = 2147483647;
			files = (
				92B0C3042013F9A800E1C982 /* Assets.xcassets in Resources */,
				92B0C3072013F9A800E1C982 /* Main.storyboard in Resources */,
			);
			runOnlyForDeploymentPostprocessing = 0;
		};
/* End PBXResourcesBuildPhase section */

/* Begin PBXSourcesBuildPhase section */
		92B0C2F82013F9A800E1C982 /* Sources */ = {
			isa = PBXSourcesBuildPhase;
			buildActionMask = 2147483647;
			files = (
				92B0C3022013F9A800E1C982 /* ViewController.swift in Sources */,
				92B0C3002013F9A800E1C982 /* AppDelegate.swift in Sources */,
			);
			runOnlyForDeploymentPostprocessing = 0;
		};
/* End PBXSourcesBuildPhase section */

/* Begin PBXVariantGroup section */
		92B0C3052013F9A800E1C982 /* Main.storyboard */ = {
			isa = PBXVariantGroup;
			children = (
				92B0C3062013F9A800E1C982 /* Base */,
			);
			name = Main.storyboard;
			sourceTree = "<group>";
		};
/* End PBXVariantGroup section */

/* Begin XCBuildConfiguration section */
		92B0C30A2013F9A800E1C982 /* Debug */ = {
			isa = XCBuildConfiguration;
			buildSettings = {
				ALWAYS_SEARCH_USER_PATHS = NO;
				CLANG_ANALYZER_NONNULL = YES;
				CLANG_ANALYZER_NUMBER_OBJECT_CONVERSION = YES_AGGRESSIVE;
				CLANG_CXX_LANGUAGE_STANDARD = "gnu++14";
				CLANG_CXX_LIBRARY = "libc++";
				CLANG_ENABLE_MODULES = YES;
				CLANG_ENABLE_OBJC_ARC = YES;
				CLANG_WARN_BLOCK_CAPTURE_AUTORELEASING = YES;
				CLANG_WARN_BOOL_CONVERSION = YES;
				CLANG_WARN_COMMA = YES;
				CLANG_WARN_CONSTANT_CONVERSION = YES;
				CLANG_WARN_DIRECT_OBJC_ISA_USAGE = YES_ERROR;
				CLANG_WARN_DOCUMENTATION_COMMENTS = YES;
				CLANG_WARN_EMPTY_BODY = YES;
				CLANG_WARN_ENUM_CONVERSION = YES;
				CLANG_WARN_INFINITE_RECURSION = YES;
				CLANG_WARN_INT_CONVERSION = YES;
				CLANG_WARN_NON_LITERAL_NULL_CONVERSION = YES;
				CLANG_WARN_OBJC_LITERAL_CONVERSION = YES;
				CLANG_WARN_OBJC_ROOT_CLASS = YES_ERROR;
				CLANG_WARN_RANGE_LOOP_ANALYSIS = YES;
				CLANG_WARN_STRICT_PROTOTYPES = YES;
				CLANG_WARN_SUSPICIOUS_MOVE = YES;
				CLANG_WARN_UNGUARDED_AVAILABILITY = YES_AGGRESSIVE;
				CLANG_WARN_UNREACHABLE_CODE = YES;
				CLANG_WARN__DUPLICATE_METHOD_MATCH = YES;
				CODE_SIGN_IDENTITY = "Mac Developer";
				COPY_PHASE_STRIP = NO;
				DEBUG_INFORMATION_FORMAT = dwarf;
				ENABLE_STRICT_OBJC_MSGSEND = YES;
				ENABLE_TESTABILITY = YES;
				GCC_C_LANGUAGE_STANDARD = gnu11;
				GCC_DYNAMIC_NO_PIC = NO;
				GCC_NO_COMMON_BLOCKS = YES;
				GCC_OPTIMIZATION_LEVEL = 0;
				GCC_PREPROCESSOR_DEFINITIONS = (
					"DEBUG=1",
					"$(inherited)",
				);
				GCC_WARN_64_TO_32_BIT_CONVERSION = YES;
				GCC_WARN_ABOUT_RETURN_TYPE = YES_ERROR;
				GCC_WARN_UNDECLARED_SELECTOR = YES;
				GCC_WARN_UNINITIALIZED_AUTOS = YES_AGGRESSIVE;
				GCC_WARN_UNUSED_FUNCTION = YES;
				GCC_WARN_UNUSED_VARIABLE = YES;
				MACOSX_DEPLOYMENT_TARGET = 10.13;
				MTL_ENABLE_DEBUG_INFO = YES;
				ONLY_ACTIVE_ARCH = YES;
				SDKROOT = macosx;
				SWIFT_ACTIVE_COMPILATION_CONDITIONS = DEBUG;
				SWIFT_OPTIMIZATION_LEVEL = "-Onone";
			};
			name = Debug;
		};
		92B0C30B2013F9A800E1C982 /* Release */ = {
			isa = XCBuildConfiguration;
			buildSettings = {
				ALWAYS_SEARCH_USER_PATHS = NO;
				CLANG_ANALYZER_NONNULL = YES;
				CLANG_ANALYZER_NUMBER_OBJECT_CONVERSION = YES_AGGRESSIVE;
				CLANG_CXX_LANGUAGE_STANDARD = "gnu++14";
				CLANG_CXX_LIBRARY = "libc++";
				CLANG_ENABLE_MODULES = YES;
				CLANG_ENABLE_OBJC_ARC = YES;
				CLANG_WARN_BLOCK_CAPTURE_AUTORELEASING = YES;
				CLANG_WARN_BOOL_CONVERSION = YES;
				CLANG_WARN_COMMA = YES;
				CLANG_WARN_CONSTANT_CONVERSION = YES;
				CLANG_WARN_DIRECT_OBJC_ISA_USAGE = YES_ERROR;
				CLANG_WARN_DOCUMENTATION_COMMENTS = YES;
				CLANG_WARN_EMPTY_BODY = YES;
				CLANG_WARN_ENUM_CONVERSION = YES;
				CLANG_WARN_INFINITE_RECURSION = YES;
				CLANG_WARN_INT_CONVERSION = YES;
				CLANG_WARN_NON_LITERAL_NULL_CONVERSION = YES;
				CLANG_WARN_OBJC_LITERAL_CONVERSION = YES;
				CLANG_WARN_OBJC_ROOT_CLASS = YES_ERROR;
				CLANG_WARN_RANGE_LOOP_ANALYSIS = YES;
				CLANG_WARN_STRICT_PROTOTYPES = YES;
				CLANG_WARN_SUSPICIOUS_MOVE = YES;
				CLANG_WARN_UNGUARDED_AVAILABILITY = YES_AGGRESSIVE;
				CLANG_WARN_UNREACHABLE_CODE = YES;
				CLANG_WARN__DUPLICATE_METHOD_MATCH = YES;
				CODE_SIGN_IDENTITY = "Mac Developer";
				COPY_PHASE_STRIP = NO;
				DEBUG_INFORMATION_FORMAT = "dwarf-with-dsym";
				ENABLE_NS_ASSERTIONS = NO;
				ENABLE_STRICT_OBJC_MSGSEND = YES;
				GCC_C_LANGUAGE_STANDARD = gnu11;
				GCC_NO_COMMON_BLOCKS = YES;
				GCC_WARN_64_TO_32_BIT_CONVERSION = YES;
				GCC_WARN_ABOUT_RETURN_TYPE = YES_ERROR;
				GCC_WARN_UNDECLARED_SELECTOR = YES;
				GCC_WARN_UNINITIALIZED_AUTOS = YES_AGGRESSIVE;
				GCC_WARN_UNUSED_FUNCTION = YES;
				GCC_WARN_UNUSED_VARIABLE = YES;
				MACOSX_DEPLOYMENT_TARGET = 10.13;
				MTL_ENABLE_DEBUG_INFO = NO;
				SDKROOT = macosx;
				SWIFT_OPTIMIZATION_LEVEL = "-Owholemodule";
			};
			name = Release;
		};
		92B0C30D2013F9A800E1C982 /* Debug */ = {
			isa = XCBuildConfiguration;
			buildSettings = {
				ASSETCATALOG_COMPILER_APPICON_NAME = AppIcon;
				CODE_SIGN_ENTITLEMENTS = "Firefly Activity Access/Firefly_Activity_Access.entitlements";
				CODE_SIGN_STYLE = Automatic;
				COMBINE_HIDPI_IMAGES = YES;
				DEVELOPMENT_TEAM = TVNL896ZKT;
				INFOPLIST_FILE = "Firefly Activity Access/Info.plist";
				LD_RUNPATH_SEARCH_PATHS = "$(inherited) @executable_path/../Frameworks";
				PRODUCT_BUNDLE_IDENTIFIER = "com.fireflydesign.Firefly-Activity-Access";
				PRODUCT_NAME = "$(TARGET_NAME)";
				SWIFT_VERSION = 4.0;
			};
			name = Debug;
		};
		92B0C30E2013F9A800E1C982 /* Release */ = {
			isa = XCBuildConfiguration;
			buildSettings = {
				ASSETCATALOG_COMPILER_APPICON_NAME = AppIcon;
				CODE_SIGN_ENTITLEMENTS = "Firefly Activity Access/Firefly_Activity_Access.entitlements";
				CODE_SIGN_STYLE = Automatic;
				COMBINE_HIDPI_IMAGES = YES;
				DEVELOPMENT_TEAM = TVNL896ZKT;
				INFOPLIST_FILE = "Firefly Activity Access/Info.plist";
				LD_RUNPATH_SEARCH_PATHS = "$(inherited) @executable_path/../Frameworks";
				PRODUCT_BUNDLE_IDENTIFIER = "com.fireflydesign.Firefly-Activity-Access";
				PRODUCT_NAME = "$(TARGET_NAME)";
				SWIFT_VERSION = 4.0;
			};
			name = Release;
		};
/* End XCBuildConfiguration section */

/* Begin XCConfigurationList section */
		92B0C2F72013F9A800E1C982 /* Build configuration list for PBXProject "Firefly Activity Access" */ = {
			isa = XCConfigurationList;
			buildConfigurations = (
				92B0C30A2013F9A800E1C982 /* Debug */,
				92B0C30B2013F9A800E1C982 /* Release */,
			);
			defaultConfigurationIsVisible = 0;
			defaultConfigurationName = Release;
		};
		92B0C30C2013F9A800E1C982 /* Build configuration list for PBXNativeTarget "Firefly Activity Access" */ = {
			isa = XCConfigurationList;
			buildConfigurations = (
				92B0C30D2013F9A800E1C982 /* Debug */,
				92B0C30E2013F9A800E1C982 /* Release */,
			);
			defaultConfigurationIsVisible = 0;
			defaultConfigurationName = Release;
		};
/* End XCConfigurationList section */
	};
	rootObject = 92B0C2F42013F9A800E1C982 /* Project object */;
}
