// !$*UTF8*$!
{
	archiveVersion = 1;
	classes = {
	};
	objectVersion = 46;
	objects = {

/* Begin PBXBuildFile section */
		921383A5182C5B3B00D89159 /* FDHelloTaskTests.m in Sources */ = {isa = PBXBuildFile; fileRef = 929EF4D717EA06580044F6F9 /* FDHelloTaskTests.m */; };
		921383E0182C6C1200D89159 /* OCMock.framework in Frameworks */ = {isa = PBXBuildFile; fileRef = 921383A1182C43AE00D89159 /* OCMock.framework */; };
		921383E2182C6C3400D89159 /* OCMock.framework in CopyFiles */ = {isa = PBXBuildFile; fileRef = 921383A1182C43AE00D89159 /* OCMock.framework */; };
		922F06891857BDE2002948C1 /* FDIEEE754Tests.m in Sources */ = {isa = PBXBuildFile; fileRef = 922F06871857BB1A002948C1 /* FDIEEE754Tests.m */; };
		922F1E32182C956F00F06BF6 /* FDFireflyIceChannelBLETests.m in Sources */ = {isa = PBXBuildFile; fileRef = 922F1E30182C90FA00F06BF6 /* FDFireflyIceChannelBLETests.m */; };
		922F1E34182C97C800F06BF6 /* IOBluetooth.framework in Frameworks */ = {isa = PBXBuildFile; fileRef = 922F1E33182C97C800F06BF6 /* IOBluetooth.framework */; };
		922F8E61182D5D3100DC853F /* FireflyDevice.h in Headers */ = {isa = PBXBuildFile; fileRef = 929EF4BE17EA06580044F6F9 /* FireflyDevice.h */; settings = {ATTRIBUTES = (Public, ); }; };
		923493491854D19000FEFBDF /* FDIEEE754.m in Sources */ = {isa = PBXBuildFile; fileRef = 923493481854D19000FEFBDF /* FDIEEE754.m */; };
		9234934A1854D33B00FEFBDF /* FDIEEE754.m in Sources */ = {isa = PBXBuildFile; fileRef = 923493481854D19000FEFBDF /* FDIEEE754.m */; };
		9234934B1854D34C00FEFBDF /* FDIEEE754.h in Headers */ = {isa = PBXBuildFile; fileRef = 923493471854D19000FEFBDF /* FDIEEE754.h */; settings = {ATTRIBUTES = (Public, ); }; };
		9234934C1854D35D00FEFBDF /* FDIEEE754.h in CopyFiles */ = {isa = PBXBuildFile; fileRef = 923493471854D19000FEFBDF /* FDIEEE754.h */; };
		924948F318207FEB00FA97D5 /* FDFireflyIceSimpleTask.m in Sources */ = {isa = PBXBuildFile; fileRef = 924D016018104C7200EB500A /* FDFireflyIceSimpleTask.m */; };
		924948F41820809000FA97D5 /* FDFireflyIceSimpleTask.h in Headers */ = {isa = PBXBuildFile; fileRef = 924D015F18104C7200EB500A /* FDFireflyIceSimpleTask.h */; settings = {ATTRIBUTES = (Public, ); }; };
		924A9FFC1816E119002017EC /* FDHelloTask.h in CopyFiles */ = {isa = PBXBuildFile; fileRef = 92EAA71A1801CD24004DADFC /* FDHelloTask.h */; };
		924D016118104C7200EB500A /* FDFireflyIceSimpleTask.m in Sources */ = {isa = PBXBuildFile; fileRef = 924D016018104C7200EB500A /* FDFireflyIceSimpleTask.m */; };
		924D016218104F5700EB500A /* FDFireflyIceSimpleTask.h in CopyFiles */ = {isa = PBXBuildFile; fileRef = 924D015F18104C7200EB500A /* FDFireflyIceSimpleTask.h */; };
		9259AFFC18663CB30086F634 /* FDFireflyDeviceLogger.m in Sources */ = {isa = PBXBuildFile; fileRef = 9259AFFB18663CB30086F634 /* FDFireflyDeviceLogger.m */; };
		9259B0001866414D0086F634 /* FDFireflyDeviceLogger.h in Headers */ = {isa = PBXBuildFile; fileRef = 9259AFFA18663CB30086F634 /* FDFireflyDeviceLogger.h */; settings = {ATTRIBUTES = (Public, ); }; };
		9259B0071866486F0086F634 /* FDFireflyDeviceLogger.m in Sources */ = {isa = PBXBuildFile; fileRef = 9259AFFB18663CB30086F634 /* FDFireflyDeviceLogger.m */; };
		925D78D2182163F800318FDC /* FireflyDevice.m in Sources */ = {isa = PBXBuildFile; fileRef = 929EF4C017EA06580044F6F9 /* FireflyDevice.m */; };
		927F3DB717FA20A200C933DD /* FDFireflyIceManager.m in Sources */ = {isa = PBXBuildFile; fileRef = 927F3DB617FA20A200C933DD /* FDFireflyIceManager.m */; };
		927F3DBC17FA4F0B00C933DD /* FDSyncTask.h in CopyFiles */ = {isa = PBXBuildFile; fileRef = 92F863F317F3B4E0000E23AF /* FDSyncTask.h */; };
		927F3DBD17FA4F0B00C933DD /* FDFireflyIceManager.h in CopyFiles */ = {isa = PBXBuildFile; fileRef = 927F3DB517FA20A200C933DD /* FDFireflyIceManager.h */; };
		929EF4BA17EA06580044F6F9 /* Foundation.framework in Frameworks */ = {isa = PBXBuildFile; fileRef = 929EF4B917EA06580044F6F9 /* Foundation.framework */; };
		929EF4BF17EA06580044F6F9 /* FireflyDevice.h in CopyFiles */ = {isa = PBXBuildFile; fileRef = 929EF4BE17EA06580044F6F9 /* FireflyDevice.h */; };
		929EF4C117EA06580044F6F9 /* FireflyDevice.m in Sources */ = {isa = PBXBuildFile; fileRef = 929EF4C017EA06580044F6F9 /* FireflyDevice.m */; };
		929EF4C917EA06580044F6F9 /* SenTestingKit.framework in Frameworks */ = {isa = PBXBuildFile; fileRef = 929EF4C817EA06580044F6F9 /* SenTestingKit.framework */; };
		929EF4CB17EA06580044F6F9 /* UIKit.framework in Frameworks */ = {isa = PBXBuildFile; fileRef = 929EF4CA17EA06580044F6F9 /* UIKit.framework */; };
		929EF4CC17EA06580044F6F9 /* Foundation.framework in Frameworks */ = {isa = PBXBuildFile; fileRef = 929EF4B917EA06580044F6F9 /* Foundation.framework */; };
		929EF4CF17EA06580044F6F9 /* libFireflyDevice.a in Frameworks */ = {isa = PBXBuildFile; fileRef = 929EF4B617EA06580044F6F9 /* libFireflyDevice.a */; };
		929EF4D517EA06580044F6F9 /* InfoPlist.strings in Resources */ = {isa = PBXBuildFile; fileRef = 929EF4D317EA06580044F6F9 /* InfoPlist.strings */; };
		929EF4F517EA06C10044F6F9 /* FDDetour.m in Sources */ = {isa = PBXBuildFile; fileRef = 929EF4E217EA06C10044F6F9 /* FDDetour.m */; };
		929EF4F617EA06C10044F6F9 /* FDDetourSource.m in Sources */ = {isa = PBXBuildFile; fileRef = 929EF4E417EA06C10044F6F9 /* FDDetourSource.m */; };
		929EF4F717EA06C10044F6F9 /* FDExecutor.m in Sources */ = {isa = PBXBuildFile; fileRef = 929EF4E617EA06C10044F6F9 /* FDExecutor.m */; };
		929EF4F817EA06C10044F6F9 /* FDFireflyIce.m in Sources */ = {isa = PBXBuildFile; fileRef = 929EF4E817EA06C10044F6F9 /* FDFireflyIce.m */; };
		929EF4F917EA06C10044F6F9 /* FDFireflyIceChannel.m in Sources */ = {isa = PBXBuildFile; fileRef = 929EF4EA17EA06C10044F6F9 /* FDFireflyIceChannel.m */; };
		929EF4FA17EA06C10044F6F9 /* FDFireflyIceChannelBLE.m in Sources */ = {isa = PBXBuildFile; fileRef = 929EF4EC17EA06C10044F6F9 /* FDFireflyIceChannelBLE.m */; };
		929EF4FB17EA06C10044F6F9 /* FDFireflyIceCoder.m in Sources */ = {isa = PBXBuildFile; fileRef = 929EF4EE17EA06C10044F6F9 /* FDFireflyIceCoder.m */; };
		929EF4FC17EA06C10044F6F9 /* FDFireflyIceTaskSteps.m in Sources */ = {isa = PBXBuildFile; fileRef = 929EF4F017EA06C10044F6F9 /* FDFireflyIceTaskSteps.m */; };
		929EF4FD17EA06C10044F6F9 /* FDFirmwareUpdateTask.m in Sources */ = {isa = PBXBuildFile; fileRef = 929EF4F217EA06C10044F6F9 /* FDFirmwareUpdateTask.m */; };
		929EF4FE17EA06C10044F6F9 /* FDObservable.m in Sources */ = {isa = PBXBuildFile; fileRef = 929EF4F417EA06C10044F6F9 /* FDObservable.m */; };
		929EF50317EA07D60044F6F9 /* FDBinary.m in Sources */ = {isa = PBXBuildFile; fileRef = 929EF50017EA07D60044F6F9 /* FDBinary.m */; };
		929EF50417EA07D60044F6F9 /* FDCrypto.m in Sources */ = {isa = PBXBuildFile; fileRef = 929EF50217EA07D60044F6F9 /* FDCrypto.m */; };
		929EF50717EA0F420044F6F9 /* FDIntelHex.m in Sources */ = {isa = PBXBuildFile; fileRef = 929EF50617EA0F420044F6F9 /* FDIntelHex.m */; };
		92D7338517EAB5DA007A1254 /* FDBinary.h in CopyFiles */ = {isa = PBXBuildFile; fileRef = 929EF4FF17EA07D60044F6F9 /* FDBinary.h */; };
		92D7338617EAB5DA007A1254 /* FDCrypto.h in CopyFiles */ = {isa = PBXBuildFile; fileRef = 929EF50117EA07D60044F6F9 /* FDCrypto.h */; };
		92D7338717EAB5DA007A1254 /* FDDetour.h in CopyFiles */ = {isa = PBXBuildFile; fileRef = 929EF4E117EA06C10044F6F9 /* FDDetour.h */; };
		92D7338817EAB5DA007A1254 /* FDDetourSource.h in CopyFiles */ = {isa = PBXBuildFile; fileRef = 929EF4E317EA06C10044F6F9 /* FDDetourSource.h */; };
		92D7338917EAB5DA007A1254 /* FDIntelHex.h in CopyFiles */ = {isa = PBXBuildFile; fileRef = 929EF50517EA0F420044F6F9 /* FDIntelHex.h */; };
		92D7338A17EAB5DA007A1254 /* FDExecutor.h in CopyFiles */ = {isa = PBXBuildFile; fileRef = 929EF4E517EA06C10044F6F9 /* FDExecutor.h */; };
		92D7338B17EAB5DA007A1254 /* FDFireflyIce.h in CopyFiles */ = {isa = PBXBuildFile; fileRef = 929EF4E717EA06C10044F6F9 /* FDFireflyIce.h */; };
		92D7338C17EAB5DA007A1254 /* FDFireflyIceChannel.h in CopyFiles */ = {isa = PBXBuildFile; fileRef = 929EF4E917EA06C10044F6F9 /* FDFireflyIceChannel.h */; };
		92D7338D17EAB5DA007A1254 /* FDFireflyIceChannelBLE.h in CopyFiles */ = {isa = PBXBuildFile; fileRef = 929EF4EB17EA06C10044F6F9 /* FDFireflyIceChannelBLE.h */; };
		92D7338E17EAB5DA007A1254 /* FDFireflyIceCoder.h in CopyFiles */ = {isa = PBXBuildFile; fileRef = 929EF4ED17EA06C10044F6F9 /* FDFireflyIceCoder.h */; };
		92D7338F17EAB5DA007A1254 /* FDFireflyIceTaskSteps.h in CopyFiles */ = {isa = PBXBuildFile; fileRef = 929EF4EF17EA06C10044F6F9 /* FDFireflyIceTaskSteps.h */; };
		92D7339017EAB5DA007A1254 /* FDFirmwareUpdateTask.h in CopyFiles */ = {isa = PBXBuildFile; fileRef = 929EF4F117EA06C10044F6F9 /* FDFirmwareUpdateTask.h */; };
		92D7339117EAB5DA007A1254 /* FDObservable.h in CopyFiles */ = {isa = PBXBuildFile; fileRef = 929EF4F317EA06C10044F6F9 /* FDObservable.h */; };
		92DF1395180B01AE00A1B849 /* Cocoa.framework in Frameworks */ = {isa = PBXBuildFile; fileRef = 92DF1394180B01AE00A1B849 /* Cocoa.framework */; };
		92DF13AA180B01AE00A1B849 /* XCTest.framework in Frameworks */ = {isa = PBXBuildFile; fileRef = 92DF13A9180B01AE00A1B849 /* XCTest.framework */; };
		92DF13AB180B01AE00A1B849 /* Cocoa.framework in Frameworks */ = {isa = PBXBuildFile; fileRef = 92DF1394180B01AE00A1B849 /* Cocoa.framework */; };
		92DF13AE180B01AE00A1B849 /* FireflyDevice.framework in Frameworks */ = {isa = PBXBuildFile; fileRef = 92DF1393180B01AE00A1B849 /* FireflyDevice.framework */; };
		92DF13BD180B02BF00A1B849 /* FDBinary.h in Headers */ = {isa = PBXBuildFile; fileRef = 929EF4FF17EA07D60044F6F9 /* FDBinary.h */; settings = {ATTRIBUTES = (Public, ); }; };
		92DF13BE180B02C800A1B849 /* FDBinary.m in Sources */ = {isa = PBXBuildFile; fileRef = 929EF50017EA07D60044F6F9 /* FDBinary.m */; };
		92DF13BF180B02C800A1B849 /* FDCrypto.h in Headers */ = {isa = PBXBuildFile; fileRef = 929EF50117EA07D60044F6F9 /* FDCrypto.h */; settings = {ATTRIBUTES = (Public, ); }; };
		92DF13C0180B02C800A1B849 /* FDCrypto.m in Sources */ = {isa = PBXBuildFile; fileRef = 929EF50217EA07D60044F6F9 /* FDCrypto.m */; };
		92DF13C1180B02C800A1B849 /* FDDetour.h in Headers */ = {isa = PBXBuildFile; fileRef = 929EF4E117EA06C10044F6F9 /* FDDetour.h */; settings = {ATTRIBUTES = (Public, ); }; };
		92DF13C2180B02C800A1B849 /* FDDetour.m in Sources */ = {isa = PBXBuildFile; fileRef = 929EF4E217EA06C10044F6F9 /* FDDetour.m */; };
		92DF13C3180B02C800A1B849 /* FDDetourSource.h in Headers */ = {isa = PBXBuildFile; fileRef = 929EF4E317EA06C10044F6F9 /* FDDetourSource.h */; settings = {ATTRIBUTES = (Public, ); }; };
		92DF13C4180B02C800A1B849 /* FDDetourSource.m in Sources */ = {isa = PBXBuildFile; fileRef = 929EF4E417EA06C10044F6F9 /* FDDetourSource.m */; };
		92DF13C5180B02C800A1B849 /* FDIntelHex.h in Headers */ = {isa = PBXBuildFile; fileRef = 929EF50517EA0F420044F6F9 /* FDIntelHex.h */; settings = {ATTRIBUTES = (Public, ); }; };
		92DF13C6180B02C800A1B849 /* FDIntelHex.m in Sources */ = {isa = PBXBuildFile; fileRef = 929EF50617EA0F420044F6F9 /* FDIntelHex.m */; };
		92DF13C7180B02C800A1B849 /* FDObservable.h in Headers */ = {isa = PBXBuildFile; fileRef = 929EF4F317EA06C10044F6F9 /* FDObservable.h */; settings = {ATTRIBUTES = (Public, ); }; };
		92DF13C8180B02C800A1B849 /* FDObservable.m in Sources */ = {isa = PBXBuildFile; fileRef = 929EF4F417EA06C10044F6F9 /* FDObservable.m */; };
		92DF13C9180B02C800A1B849 /* FDExecutor.h in Headers */ = {isa = PBXBuildFile; fileRef = 929EF4E517EA06C10044F6F9 /* FDExecutor.h */; settings = {ATTRIBUTES = (Public, ); }; };
		92DF13CA180B02C800A1B849 /* FDExecutor.m in Sources */ = {isa = PBXBuildFile; fileRef = 929EF4E617EA06C10044F6F9 /* FDExecutor.m */; };
		92DF13CB180B02C800A1B849 /* FDFireflyIce.h in Headers */ = {isa = PBXBuildFile; fileRef = 929EF4E717EA06C10044F6F9 /* FDFireflyIce.h */; settings = {ATTRIBUTES = (Public, ); }; };
		92DF13CC180B02C800A1B849 /* FDFireflyIce.m in Sources */ = {isa = PBXBuildFile; fileRef = 929EF4E817EA06C10044F6F9 /* FDFireflyIce.m */; };
		92DF13CD180B02C800A1B849 /* FDFireflyIceChannel.h in Headers */ = {isa = PBXBuildFile; fileRef = 929EF4E917EA06C10044F6F9 /* FDFireflyIceChannel.h */; settings = {ATTRIBUTES = (Public, ); }; };
		92DF13CE180B02C800A1B849 /* FDFireflyIceChannel.m in Sources */ = {isa = PBXBuildFile; fileRef = 929EF4EA17EA06C10044F6F9 /* FDFireflyIceChannel.m */; };
		92DF13CF180B02C800A1B849 /* FDFireflyIceChannelBLE.h in Headers */ = {isa = PBXBuildFile; fileRef = 929EF4EB17EA06C10044F6F9 /* FDFireflyIceChannelBLE.h */; settings = {ATTRIBUTES = (Public, ); }; };
		92DF13D0180B02C800A1B849 /* FDFireflyIceChannelBLE.m in Sources */ = {isa = PBXBuildFile; fileRef = 929EF4EC17EA06C10044F6F9 /* FDFireflyIceChannelBLE.m */; };
		92DF13D1180B02C800A1B849 /* FDFireflyIceCoder.h in Headers */ = {isa = PBXBuildFile; fileRef = 929EF4ED17EA06C10044F6F9 /* FDFireflyIceCoder.h */; settings = {ATTRIBUTES = (Public, ); }; };
		92DF13D2180B02C800A1B849 /* FDFireflyIceCoder.m in Sources */ = {isa = PBXBuildFile; fileRef = 929EF4EE17EA06C10044F6F9 /* FDFireflyIceCoder.m */; };
		92DF13D3180B02C800A1B849 /* FDFireflyIceTaskSteps.h in Headers */ = {isa = PBXBuildFile; fileRef = 929EF4EF17EA06C10044F6F9 /* FDFireflyIceTaskSteps.h */; settings = {ATTRIBUTES = (Public, ); }; };
		92DF13D4180B02C800A1B849 /* FDFireflyIceTaskSteps.m in Sources */ = {isa = PBXBuildFile; fileRef = 929EF4F017EA06C10044F6F9 /* FDFireflyIceTaskSteps.m */; };
		92DF13D5180B02C800A1B849 /* FDHelloTask.h in Headers */ = {isa = PBXBuildFile; fileRef = 92EAA71A1801CD24004DADFC /* FDHelloTask.h */; settings = {ATTRIBUTES = (Public, ); }; };
		92DF13D6180B02C800A1B849 /* FDHelloTask.m in Sources */ = {isa = PBXBuildFile; fileRef = 92EAA71B1801CD24004DADFC /* FDHelloTask.m */; };
		92DF13D7180B02C800A1B849 /* FDSyncTask.h in Headers */ = {isa = PBXBuildFile; fileRef = 92F863F317F3B4E0000E23AF /* FDSyncTask.h */; settings = {ATTRIBUTES = (Public, ); }; };
		92DF13D8180B02C800A1B849 /* FDSyncTask.m in Sources */ = {isa = PBXBuildFile; fileRef = 92F863F417F3B4E0000E23AF /* FDSyncTask.m */; };
		92DF13D9180B02C800A1B849 /* FDFirmwareUpdateTask.h in Headers */ = {isa = PBXBuildFile; fileRef = 929EF4F117EA06C10044F6F9 /* FDFirmwareUpdateTask.h */; settings = {ATTRIBUTES = (Public, ); }; };
		92DF13DA180B02C800A1B849 /* FDFirmwareUpdateTask.m in Sources */ = {isa = PBXBuildFile; fileRef = 929EF4F217EA06C10044F6F9 /* FDFirmwareUpdateTask.m */; };
		92DF13DB180B02C800A1B849 /* FDFireflyIceManager.h in Headers */ = {isa = PBXBuildFile; fileRef = 927F3DB517FA20A200C933DD /* FDFireflyIceManager.h */; settings = {ATTRIBUTES = (Public, ); }; };
		92DF13DC180B02C800A1B849 /* FDFireflyIceManager.m in Sources */ = {isa = PBXBuildFile; fileRef = 927F3DB617FA20A200C933DD /* FDFireflyIceManager.m */; };
		92DF13DE180B031700A1B849 /* IOBluetooth.framework in Frameworks */ = {isa = PBXBuildFile; fileRef = 92DF13DD180B031700A1B849 /* IOBluetooth.framework */; };
		92DF13F8180B042600A1B849 /* FDFireflyIceChannelUSB.h in Headers */ = {isa = PBXBuildFile; fileRef = 92DF13F6180B042600A1B849 /* FDFireflyIceChannelUSB.h */; settings = {ATTRIBUTES = (Public, ); }; };
		92DF13F9180B042600A1B849 /* FDFireflyIceChannelUSB.m in Sources */ = {isa = PBXBuildFile; fileRef = 92DF13F7180B042600A1B849 /* FDFireflyIceChannelUSB.m */; };
		92DF13FC180B047400A1B849 /* FDUSBHIDMonitor.h in Headers */ = {isa = PBXBuildFile; fileRef = 92DF13FA180B047400A1B849 /* FDUSBHIDMonitor.h */; settings = {ATTRIBUTES = (Public, ); }; };
		92DF13FD180B047400A1B849 /* FDUSBHIDMonitor.m in Sources */ = {isa = PBXBuildFile; fileRef = 92DF13FB180B047400A1B849 /* FDUSBHIDMonitor.m */; };
		92DF1445180B092900A1B849 /* IOKit.framework in Frameworks */ = {isa = PBXBuildFile; fileRef = 92DF1444180B092900A1B849 /* IOKit.framework */; };
		92DF1464180B0C9A00A1B849 /* FireflyIce.hex in Resources */ = {isa = PBXBuildFile; fileRef = 92DF1463180B0C9400A1B849 /* FireflyIce.hex */; };
		92EAA71C1801CD24004DADFC /* FDHelloTask.m in Sources */ = {isa = PBXBuildFile; fileRef = 92EAA71B1801CD24004DADFC /* FDHelloTask.m */; };
		92F7AFA018664D2E00CDC99B /* FDFireflyDeviceLogger.h in CopyFiles */ = {isa = PBXBuildFile; fileRef = 9259AFFA18663CB30086F634 /* FDFireflyDeviceLogger.h */; };
		92F863F517F3B4E0000E23AF /* FDSyncTask.m in Sources */ = {isa = PBXBuildFile; fileRef = 92F863F417F3B4E0000E23AF /* FDSyncTask.m */; };
/* End PBXBuildFile section */

/* Begin PBXContainerItemProxy section */
		929EF4CD17EA06580044F6F9 /* PBXContainerItemProxy */ = {
			isa = PBXContainerItemProxy;
			containerPortal = 929EF4AE17EA06580044F6F9 /* Project object */;
			proxyType = 1;
			remoteGlobalIDString = 929EF4B517EA06580044F6F9;
			remoteInfo = FireflyDevice;
		};
		92DF13AC180B01AE00A1B849 /* PBXContainerItemProxy */ = {
			isa = PBXContainerItemProxy;
			containerPortal = 929EF4AE17EA06580044F6F9 /* Project object */;
			proxyType = 1;
			remoteGlobalIDString = 92DF1392180B01AE00A1B849;
			remoteInfo = FireflyDevice;
		};
/* End PBXContainerItemProxy section */

/* Begin PBXCopyFilesBuildPhase section */
		921383E1182C6C2200D89159 /* CopyFiles */ = {
			isa = PBXCopyFilesBuildPhase;
			buildActionMask = 2147483647;
			dstPath = "";
			dstSubfolderSpec = 16;
			files = (
				921383E2182C6C3400D89159 /* OCMock.framework in CopyFiles */,
			);
			runOnlyForDeploymentPostprocessing = 0;
		};
		929EF4B417EA06580044F6F9 /* CopyFiles */ = {
			isa = PBXCopyFilesBuildPhase;
			buildActionMask = 2147483647;
			dstPath = "include/${PRODUCT_NAME}";
			dstSubfolderSpec = 16;
			files = (
				9234934C1854D35D00FEFBDF /* FDIEEE754.h in CopyFiles */,
				924A9FFC1816E119002017EC /* FDHelloTask.h in CopyFiles */,
				924D016218104F5700EB500A /* FDFireflyIceSimpleTask.h in CopyFiles */,
				927F3DBC17FA4F0B00C933DD /* FDSyncTask.h in CopyFiles */,
				927F3DBD17FA4F0B00C933DD /* FDFireflyIceManager.h in CopyFiles */,
				92D7338517EAB5DA007A1254 /* FDBinary.h in CopyFiles */,
				92D7338617EAB5DA007A1254 /* FDCrypto.h in CopyFiles */,
				92D7338717EAB5DA007A1254 /* FDDetour.h in CopyFiles */,
				92D7338817EAB5DA007A1254 /* FDDetourSource.h in CopyFiles */,
				92D7338917EAB5DA007A1254 /* FDIntelHex.h in CopyFiles */,
				92D7338A17EAB5DA007A1254 /* FDExecutor.h in CopyFiles */,
				92D7338B17EAB5DA007A1254 /* FDFireflyIce.h in CopyFiles */,
				92D7338C17EAB5DA007A1254 /* FDFireflyIceChannel.h in CopyFiles */,
				92D7338D17EAB5DA007A1254 /* FDFireflyIceChannelBLE.h in CopyFiles */,
				92D7338E17EAB5DA007A1254 /* FDFireflyIceCoder.h in CopyFiles */,
				92D7338F17EAB5DA007A1254 /* FDFireflyIceTaskSteps.h in CopyFiles */,
				92D7339017EAB5DA007A1254 /* FDFirmwareUpdateTask.h in CopyFiles */,
				92D7339117EAB5DA007A1254 /* FDObservable.h in CopyFiles */,
				929EF4BF17EA06580044F6F9 /* FireflyDevice.h in CopyFiles */,
				92F7AFA018664D2E00CDC99B /* FDFireflyDeviceLogger.h in CopyFiles */,
			);
			runOnlyForDeploymentPostprocessing = 0;
		};
/* End PBXCopyFilesBuildPhase section */

/* Begin PBXFileReference section */
		921383A1182C43AE00D89159 /* OCMock.framework */ = {isa = PBXFileReference; lastKnownFileType = wrapper.framework; name = OCMock.framework; path = ../../ocmock/OSX/OCMock.framework; sourceTree = "<group>"; };
		922F06871857BB1A002948C1 /* FDIEEE754Tests.m */ = {isa = PBXFileReference; fileEncoding = 4; lastKnownFileType = sourcecode.c.objc; path = FDIEEE754Tests.m; sourceTree = "<group>"; };
		922F1E30182C90FA00F06BF6 /* FDFireflyIceChannelBLETests.m */ = {isa = PBXFileReference; fileEncoding = 4; lastKnownFileType = sourcecode.c.objc; path = FDFireflyIceChannelBLETests.m; sourceTree = "<group>"; };
		922F1E33182C97C800F06BF6 /* IOBluetooth.framework */ = {isa = PBXFileReference; lastKnownFileType = wrapper.framework; name = IOBluetooth.framework; path = Platforms/MacOSX.platform/Developer/SDKs/MacOSX10.9.sdk/System/Library/Frameworks/IOBluetooth.framework; sourceTree = DEVELOPER_DIR; };
		923493471854D19000FEFBDF /* FDIEEE754.h */ = {isa = PBXFileReference; fileEncoding = 4; lastKnownFileType = sourcecode.c.h; path = FDIEEE754.h; sourceTree = "<group>"; };
		923493481854D19000FEFBDF /* FDIEEE754.m */ = {isa = PBXFileReference; fileEncoding = 4; lastKnownFileType = sourcecode.c.objc; path = FDIEEE754.m; sourceTree = "<group>"; };
		924D015F18104C7200EB500A /* FDFireflyIceSimpleTask.h */ = {isa = PBXFileReference; fileEncoding = 4; lastKnownFileType = sourcecode.c.h; path = FDFireflyIceSimpleTask.h; sourceTree = "<group>"; };
		924D016018104C7200EB500A /* FDFireflyIceSimpleTask.m */ = {isa = PBXFileReference; fileEncoding = 4; lastKnownFileType = sourcecode.c.objc; path = FDFireflyIceSimpleTask.m; sourceTree = "<group>"; };
		9259AFFA18663CB30086F634 /* FDFireflyDeviceLogger.h */ = {isa = PBXFileReference; fileEncoding = 4; lastKnownFileType = sourcecode.c.h; path = FDFireflyDeviceLogger.h; sourceTree = "<group>"; };
		9259AFFB18663CB30086F634 /* FDFireflyDeviceLogger.m */ = {isa = PBXFileReference; fileEncoding = 4; lastKnownFileType = sourcecode.c.objc; path = FDFireflyDeviceLogger.m; sourceTree = "<group>"; };
		927F3DB517FA20A200C933DD /* FDFireflyIceManager.h */ = {isa = PBXFileReference; fileEncoding = 4; lastKnownFileType = sourcecode.c.h; path = FDFireflyIceManager.h; sourceTree = "<group>"; };
		927F3DB617FA20A200C933DD /* FDFireflyIceManager.m */ = {isa = PBXFileReference; fileEncoding = 4; lastKnownFileType = sourcecode.c.objc; path = FDFireflyIceManager.m; sourceTree = "<group>"; };
		929EF4B617EA06580044F6F9 /* libFireflyDevice.a */ = {isa = PBXFileReference; explicitFileType = archive.ar; includeInIndex = 0; path = libFireflyDevice.a; sourceTree = BUILT_PRODUCTS_DIR; };
		929EF4B917EA06580044F6F9 /* Foundation.framework */ = {isa = PBXFileReference; lastKnownFileType = wrapper.framework; name = Foundation.framework; path = System/Library/Frameworks/Foundation.framework; sourceTree = SDKROOT; };
		929EF4BD17EA06580044F6F9 /* FireflyDevice-Prefix.pch */ = {isa = PBXFileReference; lastKnownFileType = sourcecode.c.h; path = "FireflyDevice-Prefix.pch"; sourceTree = "<group>"; };
		929EF4BE17EA06580044F6F9 /* FireflyDevice.h */ = {isa = PBXFileReference; lastKnownFileType = sourcecode.c.h; path = FireflyDevice.h; sourceTree = "<group>"; };
		929EF4C017EA06580044F6F9 /* FireflyDevice.m */ = {isa = PBXFileReference; lastKnownFileType = sourcecode.c.objc; path = FireflyDevice.m; sourceTree = "<group>"; };
		929EF4C717EA06580044F6F9 /* FireflyDeviceTests.library.octest */ = {isa = PBXFileReference; explicitFileType = wrapper.cfbundle; includeInIndex = 0; path = FireflyDeviceTests.library.octest; sourceTree = BUILT_PRODUCTS_DIR; };
		929EF4C817EA06580044F6F9 /* SenTestingKit.framework */ = {isa = PBXFileReference; lastKnownFileType = wrapper.framework; name = SenTestingKit.framework; path = Library/Frameworks/SenTestingKit.framework; sourceTree = DEVELOPER_DIR; };
		929EF4CA17EA06580044F6F9 /* UIKit.framework */ = {isa = PBXFileReference; lastKnownFileType = wrapper.framework; name = UIKit.framework; path = Library/Frameworks/UIKit.framework; sourceTree = DEVELOPER_DIR; };
		929EF4D217EA06580044F6F9 /* FireflyDeviceTests-Info.plist */ = {isa = PBXFileReference; lastKnownFileType = text.plist.xml; path = "FireflyDeviceTests-Info.plist"; sourceTree = "<group>"; };
		929EF4D417EA06580044F6F9 /* en */ = {isa = PBXFileReference; lastKnownFileType = text.plist.strings; name = en; path = en.lproj/InfoPlist.strings; sourceTree = "<group>"; };
		929EF4D717EA06580044F6F9 /* FDHelloTaskTests.m */ = {isa = PBXFileReference; lastKnownFileType = sourcecode.c.objc; path = FDHelloTaskTests.m; sourceTree = "<group>"; };
		929EF4E117EA06C10044F6F9 /* FDDetour.h */ = {isa = PBXFileReference; fileEncoding = 4; lastKnownFileType = sourcecode.c.h; path = FDDetour.h; sourceTree = "<group>"; };
		929EF4E217EA06C10044F6F9 /* FDDetour.m */ = {isa = PBXFileReference; fileEncoding = 4; lastKnownFileType = sourcecode.c.objc; path = FDDetour.m; sourceTree = "<group>"; };
		929EF4E317EA06C10044F6F9 /* FDDetourSource.h */ = {isa = PBXFileReference; fileEncoding = 4; lastKnownFileType = sourcecode.c.h; path = FDDetourSource.h; sourceTree = "<group>"; };
		929EF4E417EA06C10044F6F9 /* FDDetourSource.m */ = {isa = PBXFileReference; fileEncoding = 4; lastKnownFileType = sourcecode.c.objc; path = FDDetourSource.m; sourceTree = "<group>"; };
		929EF4E517EA06C10044F6F9 /* FDExecutor.h */ = {isa = PBXFileReference; fileEncoding = 4; lastKnownFileType = sourcecode.c.h; path = FDExecutor.h; sourceTree = "<group>"; };
		929EF4E617EA06C10044F6F9 /* FDExecutor.m */ = {isa = PBXFileReference; fileEncoding = 4; lastKnownFileType = sourcecode.c.objc; path = FDExecutor.m; sourceTree = "<group>"; };
		929EF4E717EA06C10044F6F9 /* FDFireflyIce.h */ = {isa = PBXFileReference; fileEncoding = 4; lastKnownFileType = sourcecode.c.h; path = FDFireflyIce.h; sourceTree = "<group>"; };
		929EF4E817EA06C10044F6F9 /* FDFireflyIce.m */ = {isa = PBXFileReference; fileEncoding = 4; lastKnownFileType = sourcecode.c.objc; path = FDFireflyIce.m; sourceTree = "<group>"; };
		929EF4E917EA06C10044F6F9 /* FDFireflyIceChannel.h */ = {isa = PBXFileReference; fileEncoding = 4; lastKnownFileType = sourcecode.c.h; path = FDFireflyIceChannel.h; sourceTree = "<group>"; };
		929EF4EA17EA06C10044F6F9 /* FDFireflyIceChannel.m */ = {isa = PBXFileReference; fileEncoding = 4; lastKnownFileType = sourcecode.c.objc; path = FDFireflyIceChannel.m; sourceTree = "<group>"; };
		929EF4EB17EA06C10044F6F9 /* FDFireflyIceChannelBLE.h */ = {isa = PBXFileReference; fileEncoding = 4; lastKnownFileType = sourcecode.c.h; path = FDFireflyIceChannelBLE.h; sourceTree = "<group>"; };
		929EF4EC17EA06C10044F6F9 /* FDFireflyIceChannelBLE.m */ = {isa = PBXFileReference; fileEncoding = 4; lastKnownFileType = sourcecode.c.objc; path = FDFireflyIceChannelBLE.m; sourceTree = "<group>"; };
		929EF4ED17EA06C10044F6F9 /* FDFireflyIceCoder.h */ = {isa = PBXFileReference; fileEncoding = 4; lastKnownFileType = sourcecode.c.h; path = FDFireflyIceCoder.h; sourceTree = "<group>"; };
		929EF4EE17EA06C10044F6F9 /* FDFireflyIceCoder.m */ = {isa = PBXFileReference; fileEncoding = 4; lastKnownFileType = sourcecode.c.objc; path = FDFireflyIceCoder.m; sourceTree = "<group>"; };
		929EF4EF17EA06C10044F6F9 /* FDFireflyIceTaskSteps.h */ = {isa = PBXFileReference; fileEncoding = 4; lastKnownFileType = sourcecode.c.h; path = FDFireflyIceTaskSteps.h; sourceTree = "<group>"; };
		929EF4F017EA06C10044F6F9 /* FDFireflyIceTaskSteps.m */ = {isa = PBXFileReference; fileEncoding = 4; lastKnownFileType = sourcecode.c.objc; path = FDFireflyIceTaskSteps.m; sourceTree = "<group>"; };
		929EF4F117EA06C10044F6F9 /* FDFirmwareUpdateTask.h */ = {isa = PBXFileReference; fileEncoding = 4; lastKnownFileType = sourcecode.c.h; path = FDFirmwareUpdateTask.h; sourceTree = "<group>"; };
		929EF4F217EA06C10044F6F9 /* FDFirmwareUpdateTask.m */ = {isa = PBXFileReference; fileEncoding = 4; lastKnownFileType = sourcecode.c.objc; path = FDFirmwareUpdateTask.m; sourceTree = "<group>"; };
		929EF4F317EA06C10044F6F9 /* FDObservable.h */ = {isa = PBXFileReference; fileEncoding = 4; lastKnownFileType = sourcecode.c.h; path = FDObservable.h; sourceTree = "<group>"; };
		929EF4F417EA06C10044F6F9 /* FDObservable.m */ = {isa = PBXFileReference; fileEncoding = 4; lastKnownFileType = sourcecode.c.objc; path = FDObservable.m; sourceTree = "<group>"; };
		929EF4FF17EA07D60044F6F9 /* FDBinary.h */ = {isa = PBXFileReference; fileEncoding = 4; lastKnownFileType = sourcecode.c.h; path = FDBinary.h; sourceTree = "<group>"; };
		929EF50017EA07D60044F6F9 /* FDBinary.m */ = {isa = PBXFileReference; fileEncoding = 4; lastKnownFileType = sourcecode.c.objc; path = FDBinary.m; sourceTree = "<group>"; };
		929EF50117EA07D60044F6F9 /* FDCrypto.h */ = {isa = PBXFileReference; fileEncoding = 4; lastKnownFileType = sourcecode.c.h; path = FDCrypto.h; sourceTree = "<group>"; };
		929EF50217EA07D60044F6F9 /* FDCrypto.m */ = {isa = PBXFileReference; fileEncoding = 4; lastKnownFileType = sourcecode.c.objc; path = FDCrypto.m; sourceTree = "<group>"; };
		929EF50517EA0F420044F6F9 /* FDIntelHex.h */ = {isa = PBXFileReference; fileEncoding = 4; lastKnownFileType = sourcecode.c.h; path = FDIntelHex.h; sourceTree = "<group>"; };
		929EF50617EA0F420044F6F9 /* FDIntelHex.m */ = {isa = PBXFileReference; fileEncoding = 4; lastKnownFileType = sourcecode.c.objc; path = FDIntelHex.m; sourceTree = "<group>"; };
		92DF1393180B01AE00A1B849 /* FireflyDevice.framework */ = {isa = PBXFileReference; explicitFileType = wrapper.framework; includeInIndex = 0; path = FireflyDevice.framework; sourceTree = BUILT_PRODUCTS_DIR; };
		92DF1394180B01AE00A1B849 /* Cocoa.framework */ = {isa = PBXFileReference; lastKnownFileType = wrapper.framework; name = Cocoa.framework; path = Library/Frameworks/Cocoa.framework; sourceTree = DEVELOPER_DIR; };
		92DF1397180B01AE00A1B849 /* Foundation.framework */ = {isa = PBXFileReference; lastKnownFileType = wrapper.framework; name = Foundation.framework; path = Library/Frameworks/Foundation.framework; sourceTree = SDKROOT; };
		92DF1398180B01AE00A1B849 /* CoreData.framework */ = {isa = PBXFileReference; lastKnownFileType = wrapper.framework; name = CoreData.framework; path = Library/Frameworks/CoreData.framework; sourceTree = SDKROOT; };
		92DF1399180B01AE00A1B849 /* AppKit.framework */ = {isa = PBXFileReference; lastKnownFileType = wrapper.framework; name = AppKit.framework; path = Library/Frameworks/AppKit.framework; sourceTree = SDKROOT; };
		92DF13A8180B01AE00A1B849 /* FireflyDeviceTests.framework.xctest */ = {isa = PBXFileReference; explicitFileType = wrapper.cfbundle; includeInIndex = 0; path = FireflyDeviceTests.framework.xctest; sourceTree = BUILT_PRODUCTS_DIR; };
		92DF13A9180B01AE00A1B849 /* XCTest.framework */ = {isa = PBXFileReference; lastKnownFileType = wrapper.framework; name = XCTest.framework; path = Library/Frameworks/XCTest.framework; sourceTree = DEVELOPER_DIR; };
		92DF13DD180B031700A1B849 /* IOBluetooth.framework */ = {isa = PBXFileReference; lastKnownFileType = wrapper.framework; name = IOBluetooth.framework; path = Platforms/MacOSX.platform/Developer/SDKs/MacOSX10.8.sdk/System/Library/Frameworks/IOBluetooth.framework; sourceTree = DEVELOPER_DIR; };
		92DF13F6180B042600A1B849 /* FDFireflyIceChannelUSB.h */ = {isa = PBXFileReference; fileEncoding = 4; lastKnownFileType = sourcecode.c.h; path = FDFireflyIceChannelUSB.h; sourceTree = "<group>"; };
		92DF13F7180B042600A1B849 /* FDFireflyIceChannelUSB.m */ = {isa = PBXFileReference; fileEncoding = 4; lastKnownFileType = sourcecode.c.objc; path = FDFireflyIceChannelUSB.m; sourceTree = "<group>"; };
		92DF13FA180B047400A1B849 /* FDUSBHIDMonitor.h */ = {isa = PBXFileReference; fileEncoding = 4; lastKnownFileType = sourcecode.c.h; path = FDUSBHIDMonitor.h; sourceTree = "<group>"; };
		92DF13FB180B047400A1B849 /* FDUSBHIDMonitor.m */ = {isa = PBXFileReference; fileEncoding = 4; lastKnownFileType = sourcecode.c.objc; path = FDUSBHIDMonitor.m; sourceTree = "<group>"; };
		92DF1444180B092900A1B849 /* IOKit.framework */ = {isa = PBXFileReference; lastKnownFileType = wrapper.framework; name = IOKit.framework; path = Platforms/MacOSX.platform/Developer/SDKs/MacOSX10.8.sdk/System/Library/Frameworks/IOKit.framework; sourceTree = DEVELOPER_DIR; };
		92DF1463180B0C9400A1B849 /* FireflyIce.hex */ = {isa = PBXFileReference; fileEncoding = 4; lastKnownFileType = text; path = FireflyIce.hex; sourceTree = "<group>"; };
		92EAA71A1801CD24004DADFC /* FDHelloTask.h */ = {isa = PBXFileReference; fileEncoding = 4; lastKnownFileType = sourcecode.c.h; path = FDHelloTask.h; sourceTree = "<group>"; };
		92EAA71B1801CD24004DADFC /* FDHelloTask.m */ = {isa = PBXFileReference; fileEncoding = 4; lastKnownFileType = sourcecode.c.objc; path = FDHelloTask.m; sourceTree = "<group>"; };
		92F863F317F3B4E0000E23AF /* FDSyncTask.h */ = {isa = PBXFileReference; fileEncoding = 4; lastKnownFileType = sourcecode.c.h; path = FDSyncTask.h; sourceTree = "<group>"; };
		92F863F417F3B4E0000E23AF /* FDSyncTask.m */ = {isa = PBXFileReference; fileEncoding = 4; lastKnownFileType = sourcecode.c.objc; path = FDSyncTask.m; sourceTree = "<group>"; };
/* End PBXFileReference section */

/* Begin PBXFrameworksBuildPhase section */
		929EF4B317EA06580044F6F9 /* Frameworks */ = {
			isa = PBXFrameworksBuildPhase;
			buildActionMask = 2147483647;
			files = (
				929EF4BA17EA06580044F6F9 /* Foundation.framework in Frameworks */,
			);
			runOnlyForDeploymentPostprocessing = 0;
		};
		929EF4C317EA06580044F6F9 /* Frameworks */ = {
			isa = PBXFrameworksBuildPhase;
			buildActionMask = 2147483647;
			files = (
				929EF4C917EA06580044F6F9 /* SenTestingKit.framework in Frameworks */,
				929EF4CB17EA06580044F6F9 /* UIKit.framework in Frameworks */,
				929EF4CC17EA06580044F6F9 /* Foundation.framework in Frameworks */,
				929EF4CF17EA06580044F6F9 /* libFireflyDevice.a in Frameworks */,
			);
			runOnlyForDeploymentPostprocessing = 0;
		};
		92DF138F180B01AE00A1B849 /* Frameworks */ = {
			isa = PBXFrameworksBuildPhase;
			buildActionMask = 2147483647;
			files = (
				92DF1445180B092900A1B849 /* IOKit.framework in Frameworks */,
				92DF13DE180B031700A1B849 /* IOBluetooth.framework in Frameworks */,
				92DF1395180B01AE00A1B849 /* Cocoa.framework in Frameworks */,
			);
			runOnlyForDeploymentPostprocessing = 0;
		};
		92DF13A5180B01AE00A1B849 /* Frameworks */ = {
			isa = PBXFrameworksBuildPhase;
			buildActionMask = 2147483647;
			files = (
				922F1E34182C97C800F06BF6 /* IOBluetooth.framework in Frameworks */,
				921383E0182C6C1200D89159 /* OCMock.framework in Frameworks */,
				92DF13AE180B01AE00A1B849 /* FireflyDevice.framework in Frameworks */,
				92DF13AB180B01AE00A1B849 /* Cocoa.framework in Frameworks */,
				92DF13AA180B01AE00A1B849 /* XCTest.framework in Frameworks */,
			);
			runOnlyForDeploymentPostprocessing = 0;
		};
/* End PBXFrameworksBuildPhase section */

/* Begin PBXGroup section */
		929EF4AD17EA06580044F6F9 = {
			isa = PBXGroup;
			children = (
				929EF4BB17EA06580044F6F9 /* FireflyDevice */,
				929EF4D017EA06580044F6F9 /* FireflyDeviceTests */,
				929EF4B817EA06580044F6F9 /* Frameworks */,
				929EF4B717EA06580044F6F9 /* Products */,
			);
			sourceTree = "<group>";
		};
		929EF4B717EA06580044F6F9 /* Products */ = {
			isa = PBXGroup;
			children = (
				929EF4B617EA06580044F6F9 /* libFireflyDevice.a */,
				929EF4C717EA06580044F6F9 /* FireflyDeviceTests.library.octest */,
				92DF1393180B01AE00A1B849 /* FireflyDevice.framework */,
				92DF13A8180B01AE00A1B849 /* FireflyDeviceTests.framework.xctest */,
			);
			name = Products;
			sourceTree = "<group>";
		};
		929EF4B817EA06580044F6F9 /* Frameworks */ = {
			isa = PBXGroup;
			children = (
				922F1E33182C97C800F06BF6 /* IOBluetooth.framework */,
				921383A1182C43AE00D89159 /* OCMock.framework */,
				92DF1444180B092900A1B849 /* IOKit.framework */,
				92DF13DD180B031700A1B849 /* IOBluetooth.framework */,
				929EF4B917EA06580044F6F9 /* Foundation.framework */,
				929EF4C817EA06580044F6F9 /* SenTestingKit.framework */,
				929EF4CA17EA06580044F6F9 /* UIKit.framework */,
				92DF1394180B01AE00A1B849 /* Cocoa.framework */,
				92DF13A9180B01AE00A1B849 /* XCTest.framework */,
				92DF1396180B01AE00A1B849 /* Other Frameworks */,
			);
			name = Frameworks;
			sourceTree = "<group>";
		};
		929EF4BB17EA06580044F6F9 /* FireflyDevice */ = {
			isa = PBXGroup;
			children = (
				929EF4BC17EA06580044F6F9 /* Supporting Files */,
				9259AFFA18663CB30086F634 /* FDFireflyDeviceLogger.h */,
				9259AFFB18663CB30086F634 /* FDFireflyDeviceLogger.m */,
				92DF13FA180B047400A1B849 /* FDUSBHIDMonitor.h */,
				92DF13FB180B047400A1B849 /* FDUSBHIDMonitor.m */,
				929EF4BE17EA06580044F6F9 /* FireflyDevice.h */,
				929EF4C017EA06580044F6F9 /* FireflyDevice.m */,
				929EF4FF17EA07D60044F6F9 /* FDBinary.h */,
				929EF50017EA07D60044F6F9 /* FDBinary.m */,
				929EF50117EA07D60044F6F9 /* FDCrypto.h */,
				929EF50217EA07D60044F6F9 /* FDCrypto.m */,
				929EF4E117EA06C10044F6F9 /* FDDetour.h */,
				929EF4E217EA06C10044F6F9 /* FDDetour.m */,
				929EF4E317EA06C10044F6F9 /* FDDetourSource.h */,
				929EF4E417EA06C10044F6F9 /* FDDetourSource.m */,
				923493471854D19000FEFBDF /* FDIEEE754.h */,
				923493481854D19000FEFBDF /* FDIEEE754.m */,
				929EF50517EA0F420044F6F9 /* FDIntelHex.h */,
				929EF50617EA0F420044F6F9 /* FDIntelHex.m */,
				929EF4F317EA06C10044F6F9 /* FDObservable.h */,
				929EF4F417EA06C10044F6F9 /* FDObservable.m */,
				929EF4E517EA06C10044F6F9 /* FDExecutor.h */,
				929EF4E617EA06C10044F6F9 /* FDExecutor.m */,
				929EF4E717EA06C10044F6F9 /* FDFireflyIce.h */,
				929EF4E817EA06C10044F6F9 /* FDFireflyIce.m */,
				929EF4E917EA06C10044F6F9 /* FDFireflyIceChannel.h */,
				929EF4EA17EA06C10044F6F9 /* FDFireflyIceChannel.m */,
				929EF4EB17EA06C10044F6F9 /* FDFireflyIceChannelBLE.h */,
				929EF4EC17EA06C10044F6F9 /* FDFireflyIceChannelBLE.m */,
				92DF13F6180B042600A1B849 /* FDFireflyIceChannelUSB.h */,
				92DF13F7180B042600A1B849 /* FDFireflyIceChannelUSB.m */,
				929EF4ED17EA06C10044F6F9 /* FDFireflyIceCoder.h */,
				929EF4EE17EA06C10044F6F9 /* FDFireflyIceCoder.m */,
				929EF4EF17EA06C10044F6F9 /* FDFireflyIceTaskSteps.h */,
				929EF4F017EA06C10044F6F9 /* FDFireflyIceTaskSteps.m */,
				92EAA71A1801CD24004DADFC /* FDHelloTask.h */,
				92EAA71B1801CD24004DADFC /* FDHelloTask.m */,
				92F863F317F3B4E0000E23AF /* FDSyncTask.h */,
				92F863F417F3B4E0000E23AF /* FDSyncTask.m */,
				929EF4F117EA06C10044F6F9 /* FDFirmwareUpdateTask.h */,
				929EF4F217EA06C10044F6F9 /* FDFirmwareUpdateTask.m */,
				927F3DB517FA20A200C933DD /* FDFireflyIceManager.h */,
				927F3DB617FA20A200C933DD /* FDFireflyIceManager.m */,
				924D015F18104C7200EB500A /* FDFireflyIceSimpleTask.h */,
				924D016018104C7200EB500A /* FDFireflyIceSimpleTask.m */,
			);
			path = FireflyDevice;
			sourceTree = "<group>";
		};
		929EF4BC17EA06580044F6F9 /* Supporting Files */ = {
			isa = PBXGroup;
			children = (
				92DF1463180B0C9400A1B849 /* FireflyIce.hex */,
				929EF4BD17EA06580044F6F9 /* FireflyDevice-Prefix.pch */,
			);
			name = "Supporting Files";
			sourceTree = "<group>";
		};
		929EF4D017EA06580044F6F9 /* FireflyDeviceTests */ = {
			isa = PBXGroup;
			children = (
				929EF4D117EA06580044F6F9 /* Supporting Files */,
				929EF4D717EA06580044F6F9 /* FDHelloTaskTests.m */,
				922F1E30182C90FA00F06BF6 /* FDFireflyIceChannelBLETests.m */,
				922F06871857BB1A002948C1 /* FDIEEE754Tests.m */,
			);
			path = FireflyDeviceTests;
			sourceTree = "<group>";
		};
		929EF4D117EA06580044F6F9 /* Supporting Files */ = {
			isa = PBXGroup;
			children = (
				929EF4D217EA06580044F6F9 /* FireflyDeviceTests-Info.plist */,
				929EF4D317EA06580044F6F9 /* InfoPlist.strings */,
			);
			name = "Supporting Files";
			sourceTree = "<group>";
		};
		92DF1396180B01AE00A1B849 /* Other Frameworks */ = {
			isa = PBXGroup;
			children = (
				92DF1397180B01AE00A1B849 /* Foundation.framework */,
				92DF1398180B01AE00A1B849 /* CoreData.framework */,
				92DF1399180B01AE00A1B849 /* AppKit.framework */,
			);
			name = "Other Frameworks";
			sourceTree = "<group>";
		};
/* End PBXGroup section */

/* Begin PBXHeadersBuildPhase section */
		92DF1390180B01AE00A1B849 /* Headers */ = {
			isa = PBXHeadersBuildPhase;
			buildActionMask = 2147483647;
			files = (
				92DF13CF180B02C800A1B849 /* FDFireflyIceChannelBLE.h in Headers */,
				92DF13CD180B02C800A1B849 /* FDFireflyIceChannel.h in Headers */,
				92DF13DB180B02C800A1B849 /* FDFireflyIceManager.h in Headers */,
				92DF13D5180B02C800A1B849 /* FDHelloTask.h in Headers */,
				92DF13CB180B02C800A1B849 /* FDFireflyIce.h in Headers */,
				92DF13D3180B02C800A1B849 /* FDFireflyIceTaskSteps.h in Headers */,
				92DF13D9180B02C800A1B849 /* FDFirmwareUpdateTask.h in Headers */,
				92DF13C5180B02C800A1B849 /* FDIntelHex.h in Headers */,
				92DF13D1180B02C800A1B849 /* FDFireflyIceCoder.h in Headers */,
				92DF13C3180B02C800A1B849 /* FDDetourSource.h in Headers */,
				92DF13C9180B02C800A1B849 /* FDExecutor.h in Headers */,
				92DF13BD180B02BF00A1B849 /* FDBinary.h in Headers */,
				9234934B1854D34C00FEFBDF /* FDIEEE754.h in Headers */,
				92DF13FC180B047400A1B849 /* FDUSBHIDMonitor.h in Headers */,
				92DF13D7180B02C800A1B849 /* FDSyncTask.h in Headers */,
				92DF13F8180B042600A1B849 /* FDFireflyIceChannelUSB.h in Headers */,
				92DF13C1180B02C800A1B849 /* FDDetour.h in Headers */,
				924948F41820809000FA97D5 /* FDFireflyIceSimpleTask.h in Headers */,
				92DF13BF180B02C800A1B849 /* FDCrypto.h in Headers */,
				92DF13C7180B02C800A1B849 /* FDObservable.h in Headers */,
				9259B0001866414D0086F634 /* FDFireflyDeviceLogger.h in Headers */,
				922F8E61182D5D3100DC853F /* FireflyDevice.h in Headers */,
			);
			runOnlyForDeploymentPostprocessing = 0;
		};
/* End PBXHeadersBuildPhase section */

/* Begin PBXNativeTarget section */
		929EF4B517EA06580044F6F9 /* FireflyDevice.library */ = {
			isa = PBXNativeTarget;
			buildConfigurationList = 929EF4DB17EA06580044F6F9 /* Build configuration list for PBXNativeTarget "FireflyDevice.library" */;
			buildPhases = (
				929EF4B217EA06580044F6F9 /* Sources */,
				929EF4B317EA06580044F6F9 /* Frameworks */,
				929EF4B417EA06580044F6F9 /* CopyFiles */,
			);
			buildRules = (
			);
			dependencies = (
			);
			name = FireflyDevice.library;
			productName = FireflyDevice;
			productReference = 929EF4B617EA06580044F6F9 /* libFireflyDevice.a */;
			productType = "com.apple.product-type.library.static";
		};
		929EF4C617EA06580044F6F9 /* FireflyDeviceTests.library */ = {
			isa = PBXNativeTarget;
			buildConfigurationList = 929EF4DE17EA06580044F6F9 /* Build configuration list for PBXNativeTarget "FireflyDeviceTests.library" */;
			buildPhases = (
				929EF4C217EA06580044F6F9 /* Sources */,
				929EF4C317EA06580044F6F9 /* Frameworks */,
				929EF4C417EA06580044F6F9 /* Resources */,
				929EF4C517EA06580044F6F9 /* ShellScript */,
			);
			buildRules = (
			);
			dependencies = (
				929EF4CE17EA06580044F6F9 /* PBXTargetDependency */,
			);
			name = FireflyDeviceTests.library;
			productName = FireflyDeviceTests;
			productReference = 929EF4C717EA06580044F6F9 /* FireflyDeviceTests.library.octest */;
			productType = "com.apple.product-type.bundle";
		};
		92DF1392180B01AE00A1B849 /* FireflyDevice.framework */ = {
			isa = PBXNativeTarget;
			buildConfigurationList = 92DF13B7180B01AE00A1B849 /* Build configuration list for PBXNativeTarget "FireflyDevice.framework" */;
			buildPhases = (
				92DF138E180B01AE00A1B849 /* Sources */,
				92DF138F180B01AE00A1B849 /* Frameworks */,
				92DF1390180B01AE00A1B849 /* Headers */,
				92DF1391180B01AE00A1B849 /* Resources */,
			);
			buildRules = (
			);
			dependencies = (
			);
			name = FireflyDevice.framework;
			productName = FireflyDevice;
			productReference = 92DF1393180B01AE00A1B849 /* FireflyDevice.framework */;
			productType = "com.apple.product-type.framework";
		};
		92DF13A7180B01AE00A1B849 /* FireflyDeviceTests.framework */ = {
			isa = PBXNativeTarget;
			buildConfigurationList = 92DF13BA180B01AE00A1B849 /* Build configuration list for PBXNativeTarget "FireflyDeviceTests.framework" */;
			buildPhases = (
				92DF13A4180B01AE00A1B849 /* Sources */,
				92DF13A5180B01AE00A1B849 /* Frameworks */,
				92DF13A6180B01AE00A1B849 /* Resources */,
				921383E1182C6C2200D89159 /* CopyFiles */,
			);
			buildRules = (
			);
			dependencies = (
				92DF13AD180B01AE00A1B849 /* PBXTargetDependency */,
			);
			name = FireflyDeviceTests.framework;
			productName = FireflyDeviceTests;
			productReference = 92DF13A8180B01AE00A1B849 /* FireflyDeviceTests.framework.xctest */;
			productType = "com.apple.product-type.bundle.unit-test";
		};
/* End PBXNativeTarget section */

/* Begin PBXProject section */
		929EF4AE17EA06580044F6F9 /* Project object */ = {
			isa = PBXProject;
			attributes = {
				LastUpgradeCheck = 0460;
				ORGANIZATIONNAME = "Firefly Design";
				TargetAttributes = {
					92DF13A7180B01AE00A1B849 = {
						TestTargetID = 92DF1392180B01AE00A1B849;
					};
				};
			};
			buildConfigurationList = 929EF4B117EA06580044F6F9 /* Build configuration list for PBXProject "FireflyDevice" */;
			compatibilityVersion = "Xcode 3.2";
			developmentRegion = English;
			hasScannedForEncodings = 0;
			knownRegions = (
				en,
			);
			mainGroup = 929EF4AD17EA06580044F6F9;
			productRefGroup = 929EF4B717EA06580044F6F9 /* Products */;
			projectDirPath = "";
			projectRoot = "";
			targets = (
				929EF4B517EA06580044F6F9 /* FireflyDevice.library */,
				929EF4C617EA06580044F6F9 /* FireflyDeviceTests.library */,
				92DF1392180B01AE00A1B849 /* FireflyDevice.framework */,
				92DF13A7180B01AE00A1B849 /* FireflyDeviceTests.framework */,
			);
		};
/* End PBXProject section */

/* Begin PBXResourcesBuildPhase section */
		929EF4C417EA06580044F6F9 /* Resources */ = {
			isa = PBXResourcesBuildPhase;
			buildActionMask = 2147483647;
			files = (
				929EF4D517EA06580044F6F9 /* InfoPlist.strings in Resources */,
			);
			runOnlyForDeploymentPostprocessing = 0;
		};
		92DF1391180B01AE00A1B849 /* Resources */ = {
			isa = PBXResourcesBuildPhase;
			buildActionMask = 2147483647;
			files = (
				92DF1464180B0C9A00A1B849 /* FireflyIce.hex in Resources */,
			);
			runOnlyForDeploymentPostprocessing = 0;
		};
		92DF13A6180B01AE00A1B849 /* Resources */ = {
			isa = PBXResourcesBuildPhase;
			buildActionMask = 2147483647;
			files = (
			);
			runOnlyForDeploymentPostprocessing = 0;
		};
/* End PBXResourcesBuildPhase section */

/* Begin PBXShellScriptBuildPhase section */
		929EF4C517EA06580044F6F9 /* ShellScript */ = {
			isa = PBXShellScriptBuildPhase;
			buildActionMask = 2147483647;
			files = (
			);
			inputPaths = (
			);
			outputPaths = (
			);
			runOnlyForDeploymentPostprocessing = 0;
			shellPath = /bin/sh;
			shellScript = "# Run the unit tests in this test bundle.\n\"${SYSTEM_DEVELOPER_DIR}/Tools/RunUnitTests\"\n";
		};
/* End PBXShellScriptBuildPhase section */

/* Begin PBXSourcesBuildPhase section */
		929EF4B217EA06580044F6F9 /* Sources */ = {
			isa = PBXSourcesBuildPhase;
			buildActionMask = 2147483647;
			files = (
				929EF4C117EA06580044F6F9 /* FireflyDevice.m in Sources */,
				929EF4F517EA06C10044F6F9 /* FDDetour.m in Sources */,
				929EF4F617EA06C10044F6F9 /* FDDetourSource.m in Sources */,
				929EF4F717EA06C10044F6F9 /* FDExecutor.m in Sources */,
				92F863F517F3B4E0000E23AF /* FDSyncTask.m in Sources */,
				929EF4F817EA06C10044F6F9 /* FDFireflyIce.m in Sources */,
				929EF4F917EA06C10044F6F9 /* FDFireflyIceChannel.m in Sources */,
				929EF4FA17EA06C10044F6F9 /* FDFireflyIceChannelBLE.m in Sources */,
				924D016118104C7200EB500A /* FDFireflyIceSimpleTask.m in Sources */,
				929EF4FB17EA06C10044F6F9 /* FDFireflyIceCoder.m in Sources */,
				929EF4FC17EA06C10044F6F9 /* FDFireflyIceTaskSteps.m in Sources */,
				929EF4FD17EA06C10044F6F9 /* FDFirmwareUpdateTask.m in Sources */,
				92EAA71C1801CD24004DADFC /* FDHelloTask.m in Sources */,
				929EF4FE17EA06C10044F6F9 /* FDObservable.m in Sources */,
				929EF50317EA07D60044F6F9 /* FDBinary.m in Sources */,
				927F3DB717FA20A200C933DD /* FDFireflyIceManager.m in Sources */,
				923493491854D19000FEFBDF /* FDIEEE754.m in Sources */,
				929EF50417EA07D60044F6F9 /* FDCrypto.m in Sources */,
				929EF50717EA0F420044F6F9 /* FDIntelHex.m in Sources */,
				9259AFFC18663CB30086F634 /* FDFireflyDeviceLogger.m in Sources */,
			);
			runOnlyForDeploymentPostprocessing = 0;
		};
		929EF4C217EA06580044F6F9 /* Sources */ = {
			isa = PBXSourcesBuildPhase;
			buildActionMask = 2147483647;
			files = (
			);
			runOnlyForDeploymentPostprocessing = 0;
		};
		92DF138E180B01AE00A1B849 /* Sources */ = {
			isa = PBXSourcesBuildPhase;
			buildActionMask = 2147483647;
			files = (
				9234934A1854D33B00FEFBDF /* FDIEEE754.m in Sources */,
				92DF13D8180B02C800A1B849 /* FDSyncTask.m in Sources */,
				92DF13D4180B02C800A1B849 /* FDFireflyIceTaskSteps.m in Sources */,
				92DF13CA180B02C800A1B849 /* FDExecutor.m in Sources */,
				92DF13C8180B02C800A1B849 /* FDObservable.m in Sources */,
				92DF13D6180B02C800A1B849 /* FDHelloTask.m in Sources */,
				92DF13C6180B02C800A1B849 /* FDIntelHex.m in Sources */,
				924948F318207FEB00FA97D5 /* FDFireflyIceSimpleTask.m in Sources */,
				92DF13D2180B02C800A1B849 /* FDFireflyIceCoder.m in Sources */,
				92DF13BE180B02C800A1B849 /* FDBinary.m in Sources */,
				92DF13CC180B02C800A1B849 /* FDFireflyIce.m in Sources */,
				92DF13F9180B042600A1B849 /* FDFireflyIceChannelUSB.m in Sources */,
				92DF13DC180B02C800A1B849 /* FDFireflyIceManager.m in Sources */,
				92DF13FD180B047400A1B849 /* FDUSBHIDMonitor.m in Sources */,
				92DF13D0180B02C800A1B849 /* FDFireflyIceChannelBLE.m in Sources */,
				92DF13C2180B02C800A1B849 /* FDDetour.m in Sources */,
				925D78D2182163F800318FDC /* FireflyDevice.m in Sources */,
				92DF13C4180B02C800A1B849 /* FDDetourSource.m in Sources */,
				92DF13C0180B02C800A1B849 /* FDCrypto.m in Sources */,
				92DF13DA180B02C800A1B849 /* FDFirmwareUpdateTask.m in Sources */,
				92DF13CE180B02C800A1B849 /* FDFireflyIceChannel.m in Sources */,
				9259B0071866486F0086F634 /* FDFireflyDeviceLogger.m in Sources */,
			);
			runOnlyForDeploymentPostprocessing = 0;
		};
		92DF13A4180B01AE00A1B849 /* Sources */ = {
			isa = PBXSourcesBuildPhase;
			buildActionMask = 2147483647;
			files = (
				922F06891857BDE2002948C1 /* FDIEEE754Tests.m in Sources */,
				921383A5182C5B3B00D89159 /* FDHelloTaskTests.m in Sources */,
				922F1E32182C956F00F06BF6 /* FDFireflyIceChannelBLETests.m in Sources */,
			);
			runOnlyForDeploymentPostprocessing = 0;
		};
/* End PBXSourcesBuildPhase section */

/* Begin PBXTargetDependency section */
		929EF4CE17EA06580044F6F9 /* PBXTargetDependency */ = {
			isa = PBXTargetDependency;
			target = 929EF4B517EA06580044F6F9 /* FireflyDevice.library */;
			targetProxy = 929EF4CD17EA06580044F6F9 /* PBXContainerItemProxy */;
		};
		92DF13AD180B01AE00A1B849 /* PBXTargetDependency */ = {
			isa = PBXTargetDependency;
			target = 92DF1392180B01AE00A1B849 /* FireflyDevice.framework */;
			targetProxy = 92DF13AC180B01AE00A1B849 /* PBXContainerItemProxy */;
		};
/* End PBXTargetDependency section */

/* Begin PBXVariantGroup section */
		929EF4D317EA06580044F6F9 /* InfoPlist.strings */ = {
			isa = PBXVariantGroup;
			children = (
				929EF4D417EA06580044F6F9 /* en */,
			);
			name = InfoPlist.strings;
			sourceTree = "<group>";
		};
/* End PBXVariantGroup section */

/* Begin XCBuildConfiguration section */
		929EF4D917EA06580044F6F9 /* Debug */ = {
			isa = XCBuildConfiguration;
			buildSettings = {
				ALWAYS_SEARCH_USER_PATHS = NO;
				CLANG_CXX_LANGUAGE_STANDARD = "gnu++0x";
				CLANG_CXX_LIBRARY = "libc++";
				CLANG_ENABLE_OBJC_ARC = YES;
				CLANG_WARN_CONSTANT_CONVERSION = YES;
				CLANG_WARN_EMPTY_BODY = YES;
				CLANG_WARN_ENUM_CONVERSION = YES;
				CLANG_WARN_INT_CONVERSION = YES;
				CLANG_WARN__DUPLICATE_METHOD_MATCH = YES;
				COPY_PHASE_STRIP = NO;
				GCC_C_LANGUAGE_STANDARD = gnu99;
				GCC_DYNAMIC_NO_PIC = NO;
				GCC_OPTIMIZATION_LEVEL = 0;
				GCC_PREPROCESSOR_DEFINITIONS = (
					"DEBUG=1",
					"$(inherited)",
				);
				GCC_SYMBOLS_PRIVATE_EXTERN = NO;
				GCC_WARN_ABOUT_RETURN_TYPE = YES;
				GCC_WARN_UNINITIALIZED_AUTOS = YES;
				GCC_WARN_UNUSED_VARIABLE = YES;
				IPHONEOS_DEPLOYMENT_TARGET = 7.0;
				MACOSX_DEPLOYMENT_TARGET = 10.6;
				ONLY_ACTIVE_ARCH = YES;
				SDKROOT = iphoneos;
			};
			name = Debug;
		};
		929EF4DA17EA06580044F6F9 /* Release */ = {
			isa = XCBuildConfiguration;
			buildSettings = {
				ALWAYS_SEARCH_USER_PATHS = NO;
				CLANG_CXX_LANGUAGE_STANDARD = "gnu++0x";
				CLANG_CXX_LIBRARY = "libc++";
				CLANG_ENABLE_OBJC_ARC = YES;
				CLANG_WARN_CONSTANT_CONVERSION = YES;
				CLANG_WARN_EMPTY_BODY = YES;
				CLANG_WARN_ENUM_CONVERSION = YES;
				CLANG_WARN_INT_CONVERSION = YES;
				CLANG_WARN__DUPLICATE_METHOD_MATCH = YES;
				COPY_PHASE_STRIP = YES;
				GCC_C_LANGUAGE_STANDARD = gnu99;
				GCC_WARN_ABOUT_RETURN_TYPE = YES;
				GCC_WARN_UNINITIALIZED_AUTOS = YES;
				GCC_WARN_UNUSED_VARIABLE = YES;
				IPHONEOS_DEPLOYMENT_TARGET = 7.0;
				MACOSX_DEPLOYMENT_TARGET = 10.6;
				SDKROOT = iphoneos;
				VALIDATE_PRODUCT = YES;
			};
			name = Release;
		};
		929EF4DC17EA06580044F6F9 /* Debug */ = {
			isa = XCBuildConfiguration;
			buildSettings = {
				ARCHS = "$(ARCHS_STANDARD_INCLUDING_64_BIT)";
				DSTROOT = /tmp/FireflyDevice.dst;
				GCC_PRECOMPILE_PREFIX_HEADER = YES;
				GCC_PREFIX_HEADER = "FireflyDevice/FireflyDevice-Prefix.pch";
				IPHONEOS_DEPLOYMENT_TARGET = 7.0;
				OTHER_LDFLAGS = "-ObjC";
				PRODUCT_NAME = FireflyDevice;
				SKIP_INSTALL = YES;
			};
			name = Debug;
		};
		929EF4DD17EA06580044F6F9 /* Release */ = {
			isa = XCBuildConfiguration;
			buildSettings = {
				ARCHS = "$(ARCHS_STANDARD_INCLUDING_64_BIT)";
				DSTROOT = /tmp/FireflyDevice.dst;
				GCC_PRECOMPILE_PREFIX_HEADER = YES;
				GCC_PREFIX_HEADER = "FireflyDevice/FireflyDevice-Prefix.pch";
				IPHONEOS_DEPLOYMENT_TARGET = 7.0;
				OTHER_LDFLAGS = "-ObjC";
				PRODUCT_NAME = FireflyDevice;
				SKIP_INSTALL = YES;
			};
			name = Release;
		};
		929EF4DF17EA06580044F6F9 /* Debug */ = {
			isa = XCBuildConfiguration;
			buildSettings = {
				FRAMEWORK_SEARCH_PATHS = (
					"\"$(SDKROOT)/Developer/Library/Frameworks\"",
					"\"$(DEVELOPER_LIBRARY_DIR)/Frameworks\"",
				);
				GCC_PRECOMPILE_PREFIX_HEADER = YES;
				GCC_PREFIX_HEADER = "FireflyDevice/FireflyDevice-Prefix.pch";
				INFOPLIST_FILE = "FireflyDeviceTests/FireflyDeviceTests-Info.plist";
				PRODUCT_NAME = "$(TARGET_NAME)";
				WRAPPER_EXTENSION = octest;
			};
			name = Debug;
		};
		929EF4E017EA06580044F6F9 /* Release */ = {
			isa = XCBuildConfiguration;
			buildSettings = {
				FRAMEWORK_SEARCH_PATHS = (
					"\"$(SDKROOT)/Developer/Library/Frameworks\"",
					"\"$(DEVELOPER_LIBRARY_DIR)/Frameworks\"",
				);
				GCC_PRECOMPILE_PREFIX_HEADER = YES;
				GCC_PREFIX_HEADER = "FireflyDevice/FireflyDevice-Prefix.pch";
				INFOPLIST_FILE = "FireflyDeviceTests/FireflyDeviceTests-Info.plist";
				PRODUCT_NAME = "$(TARGET_NAME)";
				WRAPPER_EXTENSION = octest;
			};
			name = Release;
		};
		92DF13B8180B01AE00A1B849 /* Debug */ = {
			isa = XCBuildConfiguration;
			buildSettings = {
				CLANG_WARN_BOOL_CONVERSION = YES;
				CLANG_WARN_DIRECT_OBJC_ISA_USAGE = YES_ERROR;
				CLANG_WARN_OBJC_ROOT_CLASS = YES_ERROR;
				CODE_SIGN_IDENTITY = "Mac Developer";
				COMBINE_HIDPI_IMAGES = YES;
				DYLIB_COMPATIBILITY_VERSION = 1;
				DYLIB_CURRENT_VERSION = 1;
				FRAMEWORK_SEARCH_PATHS = (
					"$(inherited)",
					"$(DEVELOPER_FRAMEWORKS_DIR)",
					/Users/denis/sandbox/denisbohm/ocmock/OSX,
				);
				FRAMEWORK_VERSION = A;
				GCC_ENABLE_OBJC_EXCEPTIONS = YES;
				GCC_PRECOMPILE_PREFIX_HEADER = YES;
				GCC_PREFIX_HEADER = "FireflyDevice/FireflyDevice-Prefix.pch";
				GCC_PREPROCESSOR_DEFINITIONS = (
					"DEBUG=1",
					"$(inherited)",
				);
				GCC_WARN_64_TO_32_BIT_CONVERSION = YES;
				GCC_WARN_ABOUT_RETURN_TYPE = YES_ERROR;
				GCC_WARN_UNDECLARED_SELECTOR = YES;
				GCC_WARN_UNUSED_FUNCTION = YES;
				INFOPLIST_FILE = "FireflyDevice/FireflyDevice-Info.plist";
				INSTALL_PATH = "@executable_path/../Frameworks";
				MACOSX_DEPLOYMENT_TARGET = 10.8;
				PRODUCT_NAME = FireflyDevice;
				SDKROOT = macosx;
				SKIP_INSTALL = YES;
				WRAPPER_EXTENSION = framework;
			};
			name = Debug;
		};
		92DF13B9180B01AE00A1B849 /* Release */ = {
			isa = XCBuildConfiguration;
			buildSettings = {
				CLANG_WARN_BOOL_CONVERSION = YES;
				CLANG_WARN_DIRECT_OBJC_ISA_USAGE = YES_ERROR;
				CLANG_WARN_OBJC_ROOT_CLASS = YES_ERROR;
				CODE_SIGN_IDENTITY = "Mac Developer";
				COMBINE_HIDPI_IMAGES = YES;
				DEBUG_INFORMATION_FORMAT = "dwarf-with-dsym";
				DYLIB_COMPATIBILITY_VERSION = 1;
				DYLIB_CURRENT_VERSION = 1;
				ENABLE_NS_ASSERTIONS = NO;
				FRAMEWORK_SEARCH_PATHS = (
					"$(inherited)",
					"$(DEVELOPER_FRAMEWORKS_DIR)",
					/Users/denis/sandbox/denisbohm/ocmock/OSX,
				);
				FRAMEWORK_VERSION = A;
				GCC_ENABLE_OBJC_EXCEPTIONS = YES;
				GCC_PRECOMPILE_PREFIX_HEADER = YES;
				GCC_PREFIX_HEADER = "FireflyDevice/FireflyDevice-Prefix.pch";
				GCC_WARN_64_TO_32_BIT_CONVERSION = YES;
				GCC_WARN_ABOUT_RETURN_TYPE = YES_ERROR;
				GCC_WARN_UNDECLARED_SELECTOR = YES;
				GCC_WARN_UNUSED_FUNCTION = YES;
				INFOPLIST_FILE = "FireflyDevice/FireflyDevice-Info.plist";
				INSTALL_PATH = "@executable_path/../Frameworks";
				MACOSX_DEPLOYMENT_TARGET = 10.8;
				PRODUCT_NAME = FireflyDevice;
				SDKROOT = macosx;
				SKIP_INSTALL = YES;
				WRAPPER_EXTENSION = framework;
			};
			name = Release;
		};
		92DF13BB180B01AE00A1B849 /* Debug */ = {
			isa = XCBuildConfiguration;
			buildSettings = {
				BUNDLE_LOADER = "$(BUILT_PRODUCTS_DIR)/FireflyDevice.framework/Versions/A/FireflyDevice";
				CLANG_WARN_BOOL_CONVERSION = YES;
				CLANG_WARN_DIRECT_OBJC_ISA_USAGE = YES_ERROR;
				CLANG_WARN_OBJC_ROOT_CLASS = YES_ERROR;
				COMBINE_HIDPI_IMAGES = YES;
				FRAMEWORK_SEARCH_PATHS = (
					"$(DEVELOPER_FRAMEWORKS_DIR)",
					"$(inherited)",
					/Users/denis/sandbox/denisbohm/ocmock/OSX,
				);
				GCC_ENABLE_OBJC_EXCEPTIONS = YES;
				GCC_GENERATE_TEST_COVERAGE_FILES = YES;
				GCC_INSTRUMENT_PROGRAM_FLOW_ARCS = YES;
				GCC_PRECOMPILE_PREFIX_HEADER = YES;
				GCC_PREFIX_HEADER = "FireflyDevice/FireflyDevice-Prefix.pch";
				GCC_PREPROCESSOR_DEFINITIONS = (
					"DEBUG=1",
					"$(inherited)",
				);
				GCC_WARN_64_TO_32_BIT_CONVERSION = YES;
				GCC_WARN_ABOUT_RETURN_TYPE = YES_ERROR;
				GCC_WARN_UNDECLARED_SELECTOR = YES;
				GCC_WARN_UNUSED_FUNCTION = YES;
				INFOPLIST_FILE = "FireflyDeviceTests/FireflyDeviceTests-Info.plist";
				MACOSX_DEPLOYMENT_TARGET = 10.8;
				PRODUCT_NAME = "$(TARGET_NAME)";
				SDKROOT = macosx;
				TEST_HOST = "$(BUNDLE_LOADER)";
				WRAPPER_EXTENSION = xctest;
			};
			name = Debug;
		};
		92DF13BC180B01AE00A1B849 /* Release */ = {
			isa = XCBuildConfiguration;
			buildSettings = {
				BUNDLE_LOADER = "$(BUILT_PRODUCTS_DIR)/FireflyDevice.framework/Versions/A/FireflyDevice";
				CLANG_WARN_BOOL_CONVERSION = YES;
				CLANG_WARN_DIRECT_OBJC_ISA_USAGE = YES_ERROR;
				CLANG_WARN_OBJC_ROOT_CLASS = YES_ERROR;
				COMBINE_HIDPI_IMAGES = YES;
				DEBUG_INFORMATION_FORMAT = "dwarf-with-dsym";
				ENABLE_NS_ASSERTIONS = NO;
				FRAMEWORK_SEARCH_PATHS = (
					"$(DEVELOPER_FRAMEWORKS_DIR)",
					"$(inherited)",
					/Users/denis/sandbox/denisbohm/ocmock/OSX,
				);
				GCC_ENABLE_OBJC_EXCEPTIONS = YES;
				GCC_GENERATE_TEST_COVERAGE_FILES = YES;
				GCC_INSTRUMENT_PROGRAM_FLOW_ARCS = YES;
				GCC_PRECOMPILE_PREFIX_HEADER = YES;
				GCC_PREFIX_HEADER = "FireflyDevice/FireflyDevice-Prefix.pch";
				GCC_WARN_64_TO_32_BIT_CONVERSION = YES;
				GCC_WARN_ABOUT_RETURN_TYPE = YES_ERROR;
				GCC_WARN_UNDECLARED_SELECTOR = YES;
				GCC_WARN_UNUSED_FUNCTION = YES;
				INFOPLIST_FILE = "FireflyDeviceTests/FireflyDeviceTests-Info.plist";
				MACOSX_DEPLOYMENT_TARGET = 10.8;
				PRODUCT_NAME = "$(TARGET_NAME)";
				SDKROOT = macosx;
				TEST_HOST = "$(BUNDLE_LOADER)";
				WRAPPER_EXTENSION = xctest;
			};
			name = Release;
		};
/* End XCBuildConfiguration section */

/* Begin XCConfigurationList section */
		929EF4B117EA06580044F6F9 /* Build configuration list for PBXProject "FireflyDevice" */ = {
			isa = XCConfigurationList;
			buildConfigurations = (
				929EF4D917EA06580044F6F9 /* Debug */,
				929EF4DA17EA06580044F6F9 /* Release */,
			);
			defaultConfigurationIsVisible = 0;
			defaultConfigurationName = Release;
		};
		929EF4DB17EA06580044F6F9 /* Build configuration list for PBXNativeTarget "FireflyDevice.library" */ = {
			isa = XCConfigurationList;
			buildConfigurations = (
				929EF4DC17EA06580044F6F9 /* Debug */,
				929EF4DD17EA06580044F6F9 /* Release */,
			);
			defaultConfigurationIsVisible = 0;
			defaultConfigurationName = Release;
		};
		929EF4DE17EA06580044F6F9 /* Build configuration list for PBXNativeTarget "FireflyDeviceTests.library" */ = {
			isa = XCConfigurationList;
			buildConfigurations = (
				929EF4DF17EA06580044F6F9 /* Debug */,
				929EF4E017EA06580044F6F9 /* Release */,
			);
			defaultConfigurationIsVisible = 0;
			defaultConfigurationName = Release;
		};
		92DF13B7180B01AE00A1B849 /* Build configuration list for PBXNativeTarget "FireflyDevice.framework" */ = {
			isa = XCConfigurationList;
			buildConfigurations = (
				92DF13B8180B01AE00A1B849 /* Debug */,
				92DF13B9180B01AE00A1B849 /* Release */,
			);
			defaultConfigurationIsVisible = 0;
			defaultConfigurationName = Release;
		};
		92DF13BA180B01AE00A1B849 /* Build configuration list for PBXNativeTarget "FireflyDeviceTests.framework" */ = {
			isa = XCConfigurationList;
			buildConfigurations = (
				92DF13BB180B01AE00A1B849 /* Debug */,
				92DF13BC180B01AE00A1B849 /* Release */,
			);
			defaultConfigurationIsVisible = 0;
			defaultConfigurationName = Release;
		};
/* End XCConfigurationList section */
	};
	rootObject = 929EF4AE17EA06580044F6F9 /* Project object */;
}
