// !$*UTF8*$!
{
	archiveVersion = 1;
	classes = {
	};
	objectVersion = 46;
	objects = {

/* Begin PBXBuildFile section */
		927F3DB717FA20A200C933DD /* FDFireflyIceManager.m in Sources */ = {isa = PBXBuildFile; fileRef = 927F3DB617FA20A200C933DD /* FDFireflyIceManager.m */; };
		927F3DBC17FA4F0B00C933DD /* FDSyncTask.h in CopyFiles */ = {isa = PBXBuildFile; fileRef = 92F863F317F3B4E0000E23AF /* FDSyncTask.h */; };
		927F3DBD17FA4F0B00C933DD /* FDFireflyIceManager.h in CopyFiles */ = {isa = PBXBuildFile; fileRef = 927F3DB517FA20A200C933DD /* FDFireflyIceManager.h */; };
		929EF4BA17EA06580044F6F9 /* Foundation.framework in Frameworks */ = {isa = PBXBuildFile; fileRef = 929EF4B917EA06580044F6F9 /* Foundation.framework */; };
		929EF4BF17EA06580044F6F9 /* FireflyDevice.h in CopyFiles */ = {isa = PBXBuildFile; fileRef = 929EF4BE17EA06580044F6F9 /* FireflyDevice.h */; };
		929EF4C117EA06580044F6F9 /* FireflyDevice.m in Sources */ = {isa = PBXBuildFile; fileRef = 929EF4C017EA06580044F6F9 /* FireflyDevice.m */; };
		929EF4C917EA06580044F6F9 /* SenTestingKit.framework in Frameworks */ = {isa = PBXBuildFile; fileRef = 929EF4C817EA06580044F6F9 /* SenTestingKit.framework */; };
		929EF4CB17EA06580044F6F9 /* UIKit.framework in Frameworks */ = {isa = PBXBuildFile; fileRef = 929EF4CA17EA06580044F6F9 /* UIKit.framework */; };
		929EF4CC17EA06580044F6F9 /* Foundation.framework in Frameworks */ = {isa = PBXBuildFile; fileRef = 929EF4B917EA06580044F6F9 /* Foundation.framework */; };
		929EF4CF17EA06580044F6F9 /* libFireflyDevice.a in Frameworks */ = {isa = PBXBuildFile; fileRef = 929EF4B617EA06580044F6F9 /* libFireflyDevice.a */; };
		929EF4D517EA06580044F6F9 /* InfoPlist.strings in Resources */ = {isa = PBXBuildFile; fileRef = 929EF4D317EA06580044F6F9 /* InfoPlist.strings */; };
		929EF4D817EA06580044F6F9 /* FireflyDeviceTests.m in Sources */ = {isa = PBXBuildFile; fileRef = 929EF4D717EA06580044F6F9 /* FireflyDeviceTests.m */; };
		929EF4F517EA06C10044F6F9 /* FDDetour.m in Sources */ = {isa = PBXBuildFile; fileRef = 929EF4E217EA06C10044F6F9 /* FDDetour.m */; };
		929EF4F617EA06C10044F6F9 /* FDDetourSource.m in Sources */ = {isa = PBXBuildFile; fileRef = 929EF4E417EA06C10044F6F9 /* FDDetourSource.m */; };
		929EF4F717EA06C10044F6F9 /* FDExecutor.m in Sources */ = {isa = PBXBuildFile; fileRef = 929EF4E617EA06C10044F6F9 /* FDExecutor.m */; };
		929EF4F817EA06C10044F6F9 /* FDFireflyIce.m in Sources */ = {isa = PBXBuildFile; fileRef = 929EF4E817EA06C10044F6F9 /* FDFireflyIce.m */; };
		929EF4F917EA06C10044F6F9 /* FDFireflyIceChannel.m in Sources */ = {isa = PBXBuildFile; fileRef = 929EF4EA17EA06C10044F6F9 /* FDFireflyIceChannel.m */; };
		929EF4FA17EA06C10044F6F9 /* FDFireflyIceChannelBLE.m in Sources */ = {isa = PBXBuildFile; fileRef = 929EF4EC17EA06C10044F6F9 /* FDFireflyIceChannelBLE.m */; };
		929EF4FB17EA06C10044F6F9 /* FDFireflyIceCoder.m in Sources */ = {isa = PBXBuildFile; fileRef = 929EF4EE17EA06C10044F6F9 /* FDFireflyIceCoder.m */; };
		929EF4FC17EA06C10044F6F9 /* FDFireflyIceTaskSteps.m in Sources */ = {isa = PBXBuildFile; fileRef = 929EF4F017EA06C10044F6F9 /* FDFireflyIceTaskSteps.m */; };
		929EF4FD17EA06C10044F6F9 /* FDFirmwareUpdateTask.m in Sources */ = {isa = PBXBuildFile; fileRef = 929EF4F217EA06C10044F6F9 /* FDFirmwareUpdateTask.m */; };
		929EF4FE17EA06C10044F6F9 /* FDObservable.m in Sources */ = {isa = PBXBuildFile; fileRef = 929EF4F417EA06C10044F6F9 /* FDObservable.m */; };
		929EF50317EA07D60044F6F9 /* FDBinary.m in Sources */ = {isa = PBXBuildFile; fileRef = 929EF50017EA07D60044F6F9 /* FDBinary.m */; };
		929EF50417EA07D60044F6F9 /* FDCrypto.m in Sources */ = {isa = PBXBuildFile; fileRef = 929EF50217EA07D60044F6F9 /* FDCrypto.m */; };
		929EF50717EA0F420044F6F9 /* FDIntelHex.m in Sources */ = {isa = PBXBuildFile; fileRef = 929EF50617EA0F420044F6F9 /* FDIntelHex.m */; };
		92D7338517EAB5DA007A1254 /* FDBinary.h in CopyFiles */ = {isa = PBXBuildFile; fileRef = 929EF4FF17EA07D60044F6F9 /* FDBinary.h */; };
		92D7338617EAB5DA007A1254 /* FDCrypto.h in CopyFiles */ = {isa = PBXBuildFile; fileRef = 929EF50117EA07D60044F6F9 /* FDCrypto.h */; };
		92D7338717EAB5DA007A1254 /* FDDetour.h in CopyFiles */ = {isa = PBXBuildFile; fileRef = 929EF4E117EA06C10044F6F9 /* FDDetour.h */; };
		92D7338817EAB5DA007A1254 /* FDDetourSource.h in CopyFiles */ = {isa = PBXBuildFile; fileRef = 929EF4E317EA06C10044F6F9 /* FDDetourSource.h */; };
		92D7338917EAB5DA007A1254 /* FDIntelHex.h in CopyFiles */ = {isa = PBXBuildFile; fileRef = 929EF50517EA0F420044F6F9 /* FDIntelHex.h */; };
		92D7338A17EAB5DA007A1254 /* FDExecutor.h in CopyFiles */ = {isa = PBXBuildFile; fileRef = 929EF4E517EA06C10044F6F9 /* FDExecutor.h */; };
		92D7338B17EAB5DA007A1254 /* FDFireflyIce.h in CopyFiles */ = {isa = PBXBuildFile; fileRef = 929EF4E717EA06C10044F6F9 /* FDFireflyIce.h */; };
		92D7338C17EAB5DA007A1254 /* FDFireflyIceChannel.h in CopyFiles */ = {isa = PBXBuildFile; fileRef = 929EF4E917EA06C10044F6F9 /* FDFireflyIceChannel.h */; };
		92D7338D17EAB5DA007A1254 /* FDFireflyIceChannelBLE.h in CopyFiles */ = {isa = PBXBuildFile; fileRef = 929EF4EB17EA06C10044F6F9 /* FDFireflyIceChannelBLE.h */; };
		92D7338E17EAB5DA007A1254 /* FDFireflyIceCoder.h in CopyFiles */ = {isa = PBXBuildFile; fileRef = 929EF4ED17EA06C10044F6F9 /* FDFireflyIceCoder.h */; };
		92D7338F17EAB5DA007A1254 /* FDFireflyIceTaskSteps.h in CopyFiles */ = {isa = PBXBuildFile; fileRef = 929EF4EF17EA06C10044F6F9 /* FDFireflyIceTaskSteps.h */; };
		92D7339017EAB5DA007A1254 /* FDFirmwareUpdateTask.h in CopyFiles */ = {isa = PBXBuildFile; fileRef = 929EF4F117EA06C10044F6F9 /* FDFirmwareUpdateTask.h */; };
		92D7339117EAB5DA007A1254 /* FDObservable.h in CopyFiles */ = {isa = PBXBuildFile; fileRef = 929EF4F317EA06C10044F6F9 /* FDObservable.h */; };
		92EAA71C1801CD24004DADFC /* FDHelloTask.m in Sources */ = {isa = PBXBuildFile; fileRef = 92EAA71B1801CD24004DADFC /* FDHelloTask.m */; };
		92F863F517F3B4E0000E23AF /* FDSyncTask.m in Sources */ = {isa = PBXBuildFile; fileRef = 92F863F417F3B4E0000E23AF /* FDSyncTask.m */; };
/* End PBXBuildFile section */

/* Begin PBXContainerItemProxy section */
		929EF4CD17EA06580044F6F9 /* PBXContainerItemProxy */ = {
			isa = PBXContainerItemProxy;
			containerPortal = 929EF4AE17EA06580044F6F9 /* Project object */;
			proxyType = 1;
			remoteGlobalIDString = 929EF4B517EA06580044F6F9;
			remoteInfo = FireflyDevice;
		};
/* End PBXContainerItemProxy section */

/* Begin PBXCopyFilesBuildPhase section */
		929EF4B417EA06580044F6F9 /* CopyFiles */ = {
			isa = PBXCopyFilesBuildPhase;
			buildActionMask = 2147483647;
			dstPath = "include/${PRODUCT_NAME}";
			dstSubfolderSpec = 16;
			files = (
				927F3DBC17FA4F0B00C933DD /* FDSyncTask.h in CopyFiles */,
				927F3DBD17FA4F0B00C933DD /* FDFireflyIceManager.h in CopyFiles */,
				92D7338517EAB5DA007A1254 /* FDBinary.h in CopyFiles */,
				92D7338617EAB5DA007A1254 /* FDCrypto.h in CopyFiles */,
				92D7338717EAB5DA007A1254 /* FDDetour.h in CopyFiles */,
				92D7338817EAB5DA007A1254 /* FDDetourSource.h in CopyFiles */,
				92D7338917EAB5DA007A1254 /* FDIntelHex.h in CopyFiles */,
				92D7338A17EAB5DA007A1254 /* FDExecutor.h in CopyFiles */,
				92D7338B17EAB5DA007A1254 /* FDFireflyIce.h in CopyFiles */,
				92D7338C17EAB5DA007A1254 /* FDFireflyIceChannel.h in CopyFiles */,
				92D7338D17EAB5DA007A1254 /* FDFireflyIceChannelBLE.h in CopyFiles */,
				92D7338E17EAB5DA007A1254 /* FDFireflyIceCoder.h in CopyFiles */,
				92D7338F17EAB5DA007A1254 /* FDFireflyIceTaskSteps.h in CopyFiles */,
				92D7339017EAB5DA007A1254 /* FDFirmwareUpdateTask.h in CopyFiles */,
				92D7339117EAB5DA007A1254 /* FDObservable.h in CopyFiles */,
				929EF4BF17EA06580044F6F9 /* FireflyDevice.h in CopyFiles */,
			);
			runOnlyForDeploymentPostprocessing = 0;
		};
/* End PBXCopyFilesBuildPhase section */

/* Begin PBXFileReference section */
		927F3DB517FA20A200C933DD /* FDFireflyIceManager.h */ = {isa = PBXFileReference; fileEncoding = 4; lastKnownFileType = sourcecode.c.h; path = FDFireflyIceManager.h; sourceTree = "<group>"; };
		927F3DB617FA20A200C933DD /* FDFireflyIceManager.m */ = {isa = PBXFileReference; fileEncoding = 4; lastKnownFileType = sourcecode.c.objc; path = FDFireflyIceManager.m; sourceTree = "<group>"; };
		929EF4B617EA06580044F6F9 /* libFireflyDevice.a */ = {isa = PBXFileReference; explicitFileType = archive.ar; includeInIndex = 0; path = libFireflyDevice.a; sourceTree = BUILT_PRODUCTS_DIR; };
		929EF4B917EA06580044F6F9 /* Foundation.framework */ = {isa = PBXFileReference; lastKnownFileType = wrapper.framework; name = Foundation.framework; path = System/Library/Frameworks/Foundation.framework; sourceTree = SDKROOT; };
		929EF4BD17EA06580044F6F9 /* FireflyDevice-Prefix.pch */ = {isa = PBXFileReference; lastKnownFileType = sourcecode.c.h; path = "FireflyDevice-Prefix.pch"; sourceTree = "<group>"; };
		929EF4BE17EA06580044F6F9 /* FireflyDevice.h */ = {isa = PBXFileReference; lastKnownFileType = sourcecode.c.h; path = FireflyDevice.h; sourceTree = "<group>"; };
		929EF4C017EA06580044F6F9 /* FireflyDevice.m */ = {isa = PBXFileReference; lastKnownFileType = sourcecode.c.objc; path = FireflyDevice.m; sourceTree = "<group>"; };
		929EF4C717EA06580044F6F9 /* FireflyDeviceTests.octest */ = {isa = PBXFileReference; explicitFileType = wrapper.cfbundle; includeInIndex = 0; path = FireflyDeviceTests.octest; sourceTree = BUILT_PRODUCTS_DIR; };
		929EF4C817EA06580044F6F9 /* SenTestingKit.framework */ = {isa = PBXFileReference; lastKnownFileType = wrapper.framework; name = SenTestingKit.framework; path = Library/Frameworks/SenTestingKit.framework; sourceTree = DEVELOPER_DIR; };
		929EF4CA17EA06580044F6F9 /* UIKit.framework */ = {isa = PBXFileReference; lastKnownFileType = wrapper.framework; name = UIKit.framework; path = Library/Frameworks/UIKit.framework; sourceTree = DEVELOPER_DIR; };
		929EF4D217EA06580044F6F9 /* FireflyDeviceTests-Info.plist */ = {isa = PBXFileReference; lastKnownFileType = text.plist.xml; path = "FireflyDeviceTests-Info.plist"; sourceTree = "<group>"; };
		929EF4D417EA06580044F6F9 /* en */ = {isa = PBXFileReference; lastKnownFileType = text.plist.strings; name = en; path = en.lproj/InfoPlist.strings; sourceTree = "<group>"; };
		929EF4D617EA06580044F6F9 /* FireflyDeviceTests.h */ = {isa = PBXFileReference; lastKnownFileType = sourcecode.c.h; path = FireflyDeviceTests.h; sourceTree = "<group>"; };
		929EF4D717EA06580044F6F9 /* FireflyDeviceTests.m */ = {isa = PBXFileReference; lastKnownFileType = sourcecode.c.objc; path = FireflyDeviceTests.m; sourceTree = "<group>"; };
		929EF4E117EA06C10044F6F9 /* FDDetour.h */ = {isa = PBXFileReference; fileEncoding = 4; lastKnownFileType = sourcecode.c.h; path = FDDetour.h; sourceTree = "<group>"; };
		929EF4E217EA06C10044F6F9 /* FDDetour.m */ = {isa = PBXFileReference; fileEncoding = 4; lastKnownFileType = sourcecode.c.objc; path = FDDetour.m; sourceTree = "<group>"; };
		929EF4E317EA06C10044F6F9 /* FDDetourSource.h */ = {isa = PBXFileReference; fileEncoding = 4; lastKnownFileType = sourcecode.c.h; path = FDDetourSource.h; sourceTree = "<group>"; };
		929EF4E417EA06C10044F6F9 /* FDDetourSource.m */ = {isa = PBXFileReference; fileEncoding = 4; lastKnownFileType = sourcecode.c.objc; path = FDDetourSource.m; sourceTree = "<group>"; };
		929EF4E517EA06C10044F6F9 /* FDExecutor.h */ = {isa = PBXFileReference; fileEncoding = 4; lastKnownFileType = sourcecode.c.h; path = FDExecutor.h; sourceTree = "<group>"; };
		929EF4E617EA06C10044F6F9 /* FDExecutor.m */ = {isa = PBXFileReference; fileEncoding = 4; lastKnownFileType = sourcecode.c.objc; path = FDExecutor.m; sourceTree = "<group>"; };
		929EF4E717EA06C10044F6F9 /* FDFireflyIce.h */ = {isa = PBXFileReference; fileEncoding = 4; lastKnownFileType = sourcecode.c.h; path = FDFireflyIce.h; sourceTree = "<group>"; };
		929EF4E817EA06C10044F6F9 /* FDFireflyIce.m */ = {isa = PBXFileReference; fileEncoding = 4; lastKnownFileType = sourcecode.c.objc; path = FDFireflyIce.m; sourceTree = "<group>"; };
		929EF4E917EA06C10044F6F9 /* FDFireflyIceChannel.h */ = {isa = PBXFileReference; fileEncoding = 4; lastKnownFileType = sourcecode.c.h; path = FDFireflyIceChannel.h; sourceTree = "<group>"; };
		929EF4EA17EA06C10044F6F9 /* FDFireflyIceChannel.m */ = {isa = PBXFileReference; fileEncoding = 4; lastKnownFileType = sourcecode.c.objc; path = FDFireflyIceChannel.m; sourceTree = "<group>"; };
		929EF4EB17EA06C10044F6F9 /* FDFireflyIceChannelBLE.h */ = {isa = PBXFileReference; fileEncoding = 4; lastKnownFileType = sourcecode.c.h; path = FDFireflyIceChannelBLE.h; sourceTree = "<group>"; };
		929EF4EC17EA06C10044F6F9 /* FDFireflyIceChannelBLE.m */ = {isa = PBXFileReference; fileEncoding = 4; lastKnownFileType = sourcecode.c.objc; path = FDFireflyIceChannelBLE.m; sourceTree = "<group>"; };
		929EF4ED17EA06C10044F6F9 /* FDFireflyIceCoder.h */ = {isa = PBXFileReference; fileEncoding = 4; lastKnownFileType = sourcecode.c.h; path = FDFireflyIceCoder.h; sourceTree = "<group>"; };
		929EF4EE17EA06C10044F6F9 /* FDFireflyIceCoder.m */ = {isa = PBXFileReference; fileEncoding = 4; lastKnownFileType = sourcecode.c.objc; path = FDFireflyIceCoder.m; sourceTree = "<group>"; };
		929EF4EF17EA06C10044F6F9 /* FDFireflyIceTaskSteps.h */ = {isa = PBXFileReference; fileEncoding = 4; lastKnownFileType = sourcecode.c.h; path = FDFireflyIceTaskSteps.h; sourceTree = "<group>"; };
		929EF4F017EA06C10044F6F9 /* FDFireflyIceTaskSteps.m */ = {isa = PBXFileReference; fileEncoding = 4; lastKnownFileType = sourcecode.c.objc; path = FDFireflyIceTaskSteps.m; sourceTree = "<group>"; };
		929EF4F117EA06C10044F6F9 /* FDFirmwareUpdateTask.h */ = {isa = PBXFileReference; fileEncoding = 4; lastKnownFileType = sourcecode.c.h; path = FDFirmwareUpdateTask.h; sourceTree = "<group>"; };
		929EF4F217EA06C10044F6F9 /* FDFirmwareUpdateTask.m */ = {isa = PBXFileReference; fileEncoding = 4; lastKnownFileType = sourcecode.c.objc; path = FDFirmwareUpdateTask.m; sourceTree = "<group>"; };
		929EF4F317EA06C10044F6F9 /* FDObservable.h */ = {isa = PBXFileReference; fileEncoding = 4; lastKnownFileType = sourcecode.c.h; path = FDObservable.h; sourceTree = "<group>"; };
		929EF4F417EA06C10044F6F9 /* FDObservable.m */ = {isa = PBXFileReference; fileEncoding = 4; lastKnownFileType = sourcecode.c.objc; path = FDObservable.m; sourceTree = "<group>"; };
		929EF4FF17EA07D60044F6F9 /* FDBinary.h */ = {isa = PBXFileReference; fileEncoding = 4; lastKnownFileType = sourcecode.c.h; path = FDBinary.h; sourceTree = "<group>"; };
		929EF50017EA07D60044F6F9 /* FDBinary.m */ = {isa = PBXFileReference; fileEncoding = 4; lastKnownFileType = sourcecode.c.objc; path = FDBinary.m; sourceTree = "<group>"; };
		929EF50117EA07D60044F6F9 /* FDCrypto.h */ = {isa = PBXFileReference; fileEncoding = 4; lastKnownFileType = sourcecode.c.h; path = FDCrypto.h; sourceTree = "<group>"; };
		929EF50217EA07D60044F6F9 /* FDCrypto.m */ = {isa = PBXFileReference; fileEncoding = 4; lastKnownFileType = sourcecode.c.objc; path = FDCrypto.m; sourceTree = "<group>"; };
		929EF50517EA0F420044F6F9 /* FDIntelHex.h */ = {isa = PBXFileReference; fileEncoding = 4; lastKnownFileType = sourcecode.c.h; path = FDIntelHex.h; sourceTree = "<group>"; };
		929EF50617EA0F420044F6F9 /* FDIntelHex.m */ = {isa = PBXFileReference; fileEncoding = 4; lastKnownFileType = sourcecode.c.objc; path = FDIntelHex.m; sourceTree = "<group>"; };
		92EAA71A1801CD24004DADFC /* FDHelloTask.h */ = {isa = PBXFileReference; fileEncoding = 4; lastKnownFileType = sourcecode.c.h; path = FDHelloTask.h; sourceTree = "<group>"; };
		92EAA71B1801CD24004DADFC /* FDHelloTask.m */ = {isa = PBXFileReference; fileEncoding = 4; lastKnownFileType = sourcecode.c.objc; path = FDHelloTask.m; sourceTree = "<group>"; };
		92F863F317F3B4E0000E23AF /* FDSyncTask.h */ = {isa = PBXFileReference; fileEncoding = 4; lastKnownFileType = sourcecode.c.h; path = FDSyncTask.h; sourceTree = "<group>"; };
		92F863F417F3B4E0000E23AF /* FDSyncTask.m */ = {isa = PBXFileReference; fileEncoding = 4; lastKnownFileType = sourcecode.c.objc; path = FDSyncTask.m; sourceTree = "<group>"; };
/* End PBXFileReference section */

/* Begin PBXFrameworksBuildPhase section */
		929EF4B317EA06580044F6F9 /* Frameworks */ = {
			isa = PBXFrameworksBuildPhase;
			buildActionMask = 2147483647;
			files = (
				929EF4BA17EA06580044F6F9 /* Foundation.framework in Frameworks */,
			);
			runOnlyForDeploymentPostprocessing = 0;
		};
		929EF4C317EA06580044F6F9 /* Frameworks */ = {
			isa = PBXFrameworksBuildPhase;
			buildActionMask = 2147483647;
			files = (
				929EF4C917EA06580044F6F9 /* SenTestingKit.framework in Frameworks */,
				929EF4CB17EA06580044F6F9 /* UIKit.framework in Frameworks */,
				929EF4CC17EA06580044F6F9 /* Foundation.framework in Frameworks */,
				929EF4CF17EA06580044F6F9 /* libFireflyDevice.a in Frameworks */,
			);
			runOnlyForDeploymentPostprocessing = 0;
		};
/* End PBXFrameworksBuildPhase section */

/* Begin PBXGroup section */
		929EF4AD17EA06580044F6F9 = {
			isa = PBXGroup;
			children = (
				929EF4BB17EA06580044F6F9 /* FireflyDevice */,
				929EF4D017EA06580044F6F9 /* FireflyDeviceTests */,
				929EF4B817EA06580044F6F9 /* Frameworks */,
				929EF4B717EA06580044F6F9 /* Products */,
			);
			sourceTree = "<group>";
		};
		929EF4B717EA06580044F6F9 /* Products */ = {
			isa = PBXGroup;
			children = (
				929EF4B617EA06580044F6F9 /* libFireflyDevice.a */,
				929EF4C717EA06580044F6F9 /* FireflyDeviceTests.octest */,
			);
			name = Products;
			sourceTree = "<group>";
		};
		929EF4B817EA06580044F6F9 /* Frameworks */ = {
			isa = PBXGroup;
			children = (
				929EF4B917EA06580044F6F9 /* Foundation.framework */,
				929EF4C817EA06580044F6F9 /* SenTestingKit.framework */,
				929EF4CA17EA06580044F6F9 /* UIKit.framework */,
			);
			name = Frameworks;
			sourceTree = "<group>";
		};
		929EF4BB17EA06580044F6F9 /* FireflyDevice */ = {
			isa = PBXGroup;
			children = (
				929EF4BC17EA06580044F6F9 /* Supporting Files */,
				929EF4BE17EA06580044F6F9 /* FireflyDevice.h */,
				929EF4C017EA06580044F6F9 /* FireflyDevice.m */,
				929EF4FF17EA07D60044F6F9 /* FDBinary.h */,
				929EF50017EA07D60044F6F9 /* FDBinary.m */,
				929EF50117EA07D60044F6F9 /* FDCrypto.h */,
				929EF50217EA07D60044F6F9 /* FDCrypto.m */,
				929EF4E117EA06C10044F6F9 /* FDDetour.h */,
				929EF4E217EA06C10044F6F9 /* FDDetour.m */,
				929EF4E317EA06C10044F6F9 /* FDDetourSource.h */,
				929EF4E417EA06C10044F6F9 /* FDDetourSource.m */,
				929EF50517EA0F420044F6F9 /* FDIntelHex.h */,
				929EF50617EA0F420044F6F9 /* FDIntelHex.m */,
				929EF4F317EA06C10044F6F9 /* FDObservable.h */,
				929EF4F417EA06C10044F6F9 /* FDObservable.m */,
				929EF4E517EA06C10044F6F9 /* FDExecutor.h */,
				929EF4E617EA06C10044F6F9 /* FDExecutor.m */,
				929EF4E717EA06C10044F6F9 /* FDFireflyIce.h */,
				929EF4E817EA06C10044F6F9 /* FDFireflyIce.m */,
				929EF4E917EA06C10044F6F9 /* FDFireflyIceChannel.h */,
				929EF4EA17EA06C10044F6F9 /* FDFireflyIceChannel.m */,
				929EF4EB17EA06C10044F6F9 /* FDFireflyIceChannelBLE.h */,
				929EF4EC17EA06C10044F6F9 /* FDFireflyIceChannelBLE.m */,
				929EF4ED17EA06C10044F6F9 /* FDFireflyIceCoder.h */,
				929EF4EE17EA06C10044F6F9 /* FDFireflyIceCoder.m */,
				929EF4EF17EA06C10044F6F9 /* FDFireflyIceTaskSteps.h */,
				929EF4F017EA06C10044F6F9 /* FDFireflyIceTaskSteps.m */,
				92EAA71A1801CD24004DADFC /* FDHelloTask.h */,
				92EAA71B1801CD24004DADFC /* FDHelloTask.m */,
				92F863F317F3B4E0000E23AF /* FDSyncTask.h */,
				92F863F417F3B4E0000E23AF /* FDSyncTask.m */,
				929EF4F117EA06C10044F6F9 /* FDFirmwareUpdateTask.h */,
				929EF4F217EA06C10044F6F9 /* FDFirmwareUpdateTask.m */,
				927F3DB517FA20A200C933DD /* FDFireflyIceManager.h */,
				927F3DB617FA20A200C933DD /* FDFireflyIceManager.m */,
			);
			path = FireflyDevice;
			sourceTree = "<group>";
		};
		929EF4BC17EA06580044F6F9 /* Supporting Files */ = {
			isa = PBXGroup;
			children = (
				929EF4BD17EA06580044F6F9 /* FireflyDevice-Prefix.pch */,
			);
			name = "Supporting Files";
			sourceTree = "<group>";
		};
		929EF4D017EA06580044F6F9 /* FireflyDeviceTests */ = {
			isa = PBXGroup;
			children = (
				929EF4D617EA06580044F6F9 /* FireflyDeviceTests.h */,
				929EF4D717EA06580044F6F9 /* FireflyDeviceTests.m */,
				929EF4D117EA06580044F6F9 /* Supporting Files */,
			);
			path = FireflyDeviceTests;
			sourceTree = "<group>";
		};
		929EF4D117EA06580044F6F9 /* Supporting Files */ = {
			isa = PBXGroup;
			children = (
				929EF4D217EA06580044F6F9 /* FireflyDeviceTests-Info.plist */,
				929EF4D317EA06580044F6F9 /* InfoPlist.strings */,
			);
			name = "Supporting Files";
			sourceTree = "<group>";
		};
/* End PBXGroup section */

/* Begin PBXNativeTarget section */
		929EF4B517EA06580044F6F9 /* FireflyDevice */ = {
			isa = PBXNativeTarget;
			buildConfigurationList = 929EF4DB17EA06580044F6F9 /* Build configuration list for PBXNativeTarget "FireflyDevice" */;
			buildPhases = (
				929EF4B217EA06580044F6F9 /* Sources */,
				929EF4B317EA06580044F6F9 /* Frameworks */,
				929EF4B417EA06580044F6F9 /* CopyFiles */,
			);
			buildRules = (
			);
			dependencies = (
			);
			name = FireflyDevice;
			productName = FireflyDevice;
			productReference = 929EF4B617EA06580044F6F9 /* libFireflyDevice.a */;
			productType = "com.apple.product-type.library.static";
		};
		929EF4C617EA06580044F6F9 /* FireflyDeviceTests */ = {
			isa = PBXNativeTarget;
			buildConfigurationList = 929EF4DE17EA06580044F6F9 /* Build configuration list for PBXNativeTarget "FireflyDeviceTests" */;
			buildPhases = (
				929EF4C217EA06580044F6F9 /* Sources */,
				929EF4C317EA06580044F6F9 /* Frameworks */,
				929EF4C417EA06580044F6F9 /* Resources */,
				929EF4C517EA06580044F6F9 /* ShellScript */,
			);
			buildRules = (
			);
			dependencies = (
				929EF4CE17EA06580044F6F9 /* PBXTargetDependency */,
			);
			name = FireflyDeviceTests;
			productName = FireflyDeviceTests;
			productReference = 929EF4C717EA06580044F6F9 /* FireflyDeviceTests.octest */;
			productType = "com.apple.product-type.bundle";
		};
/* End PBXNativeTarget section */

/* Begin PBXProject section */
		929EF4AE17EA06580044F6F9 /* Project object */ = {
			isa = PBXProject;
			attributes = {
				LastUpgradeCheck = 0460;
				ORGANIZATIONNAME = "Firefly Design";
			};
			buildConfigurationList = 929EF4B117EA06580044F6F9 /* Build configuration list for PBXProject "FireflyDevice" */;
			compatibilityVersion = "Xcode 3.2";
			developmentRegion = English;
			hasScannedForEncodings = 0;
			knownRegions = (
				en,
			);
			mainGroup = 929EF4AD17EA06580044F6F9;
			productRefGroup = 929EF4B717EA06580044F6F9 /* Products */;
			projectDirPath = "";
			projectRoot = "";
			targets = (
				929EF4B517EA06580044F6F9 /* FireflyDevice */,
				929EF4C617EA06580044F6F9 /* FireflyDeviceTests */,
			);
		};
/* End PBXProject section */

/* Begin PBXResourcesBuildPhase section */
		929EF4C417EA06580044F6F9 /* Resources */ = {
			isa = PBXResourcesBuildPhase;
			buildActionMask = 2147483647;
			files = (
				929EF4D517EA06580044F6F9 /* InfoPlist.strings in Resources */,
			);
			runOnlyForDeploymentPostprocessing = 0;
		};
/* End PBXResourcesBuildPhase section */

/* Begin PBXShellScriptBuildPhase section */
		929EF4C517EA06580044F6F9 /* ShellScript */ = {
			isa = PBXShellScriptBuildPhase;
			buildActionMask = 2147483647;
			files = (
			);
			inputPaths = (
			);
			outputPaths = (
			);
			runOnlyForDeploymentPostprocessing = 0;
			shellPath = /bin/sh;
			shellScript = "# Run the unit tests in this test bundle.\n\"${SYSTEM_DEVELOPER_DIR}/Tools/RunUnitTests\"\n";
		};
/* End PBXShellScriptBuildPhase section */

/* Begin PBXSourcesBuildPhase section */
		929EF4B217EA06580044F6F9 /* Sources */ = {
			isa = PBXSourcesBuildPhase;
			buildActionMask = 2147483647;
			files = (
				929EF4C117EA06580044F6F9 /* FireflyDevice.m in Sources */,
				929EF4F517EA06C10044F6F9 /* FDDetour.m in Sources */,
				929EF4F617EA06C10044F6F9 /* FDDetourSource.m in Sources */,
				929EF4F717EA06C10044F6F9 /* FDExecutor.m in Sources */,
				92F863F517F3B4E0000E23AF /* FDSyncTask.m in Sources */,
				929EF4F817EA06C10044F6F9 /* FDFireflyIce.m in Sources */,
				929EF4F917EA06C10044F6F9 /* FDFireflyIceChannel.m in Sources */,
				929EF4FA17EA06C10044F6F9 /* FDFireflyIceChannelBLE.m in Sources */,
				929EF4FB17EA06C10044F6F9 /* FDFireflyIceCoder.m in Sources */,
				929EF4FC17EA06C10044F6F9 /* FDFireflyIceTaskSteps.m in Sources */,
				929EF4FD17EA06C10044F6F9 /* FDFirmwareUpdateTask.m in Sources */,
				92EAA71C1801CD24004DADFC /* FDHelloTask.m in Sources */,
				929EF4FE17EA06C10044F6F9 /* FDObservable.m in Sources */,
				929EF50317EA07D60044F6F9 /* FDBinary.m in Sources */,
				927F3DB717FA20A200C933DD /* FDFireflyIceManager.m in Sources */,
				929EF50417EA07D60044F6F9 /* FDCrypto.m in Sources */,
				929EF50717EA0F420044F6F9 /* FDIntelHex.m in Sources */,
			);
			runOnlyForDeploymentPostprocessing = 0;
		};
		929EF4C217EA06580044F6F9 /* Sources */ = {
			isa = PBXSourcesBuildPhase;
			buildActionMask = 2147483647;
			files = (
				929EF4D817EA06580044F6F9 /* FireflyDeviceTests.m in Sources */,
			);
			runOnlyForDeploymentPostprocessing = 0;
		};
/* End PBXSourcesBuildPhase section */

/* Begin PBXTargetDependency section */
		929EF4CE17EA06580044F6F9 /* PBXTargetDependency */ = {
			isa = PBXTargetDependency;
			target = 929EF4B517EA06580044F6F9 /* FireflyDevice */;
			targetProxy = 929EF4CD17EA06580044F6F9 /* PBXContainerItemProxy */;
		};
/* End PBXTargetDependency section */

/* Begin PBXVariantGroup section */
		929EF4D317EA06580044F6F9 /* InfoPlist.strings */ = {
			isa = PBXVariantGroup;
			children = (
				929EF4D417EA06580044F6F9 /* en */,
			);
			name = InfoPlist.strings;
			sourceTree = "<group>";
		};
/* End PBXVariantGroup section */

/* Begin XCBuildConfiguration section */
		929EF4D917EA06580044F6F9 /* Debug */ = {
			isa = XCBuildConfiguration;
			buildSettings = {
				ALWAYS_SEARCH_USER_PATHS = NO;
				CLANG_CXX_LANGUAGE_STANDARD = "gnu++0x";
				CLANG_CXX_LIBRARY = "libc++";
				CLANG_ENABLE_OBJC_ARC = YES;
				CLANG_WARN_CONSTANT_CONVERSION = YES;
				CLANG_WARN_EMPTY_BODY = YES;
				CLANG_WARN_ENUM_CONVERSION = YES;
				CLANG_WARN_INT_CONVERSION = YES;
				CLANG_WARN__DUPLICATE_METHOD_MATCH = YES;
				COPY_PHASE_STRIP = NO;
				GCC_C_LANGUAGE_STANDARD = gnu99;
				GCC_DYNAMIC_NO_PIC = NO;
				GCC_OPTIMIZATION_LEVEL = 0;
				GCC_PREPROCESSOR_DEFINITIONS = (
					"DEBUG=1",
					"$(inherited)",
				);
				GCC_SYMBOLS_PRIVATE_EXTERN = NO;
				GCC_WARN_ABOUT_RETURN_TYPE = YES;
				GCC_WARN_UNINITIALIZED_AUTOS = YES;
				GCC_WARN_UNUSED_VARIABLE = YES;
				IPHONEOS_DEPLOYMENT_TARGET = 6.1;
				ONLY_ACTIVE_ARCH = YES;
				SDKROOT = iphoneos;
			};
			name = Debug;
		};
		929EF4DA17EA06580044F6F9 /* Release */ = {
			isa = XCBuildConfiguration;
			buildSettings = {
				ALWAYS_SEARCH_USER_PATHS = NO;
				CLANG_CXX_LANGUAGE_STANDARD = "gnu++0x";
				CLANG_CXX_LIBRARY = "libc++";
				CLANG_ENABLE_OBJC_ARC = YES;
				CLANG_WARN_CONSTANT_CONVERSION = YES;
				CLANG_WARN_EMPTY_BODY = YES;
				CLANG_WARN_ENUM_CONVERSION = YES;
				CLANG_WARN_INT_CONVERSION = YES;
				CLANG_WARN__DUPLICATE_METHOD_MATCH = YES;
				COPY_PHASE_STRIP = YES;
				GCC_C_LANGUAGE_STANDARD = gnu99;
				GCC_WARN_ABOUT_RETURN_TYPE = YES;
				GCC_WARN_UNINITIALIZED_AUTOS = YES;
				GCC_WARN_UNUSED_VARIABLE = YES;
				IPHONEOS_DEPLOYMENT_TARGET = 6.1;
				SDKROOT = iphoneos;
				VALIDATE_PRODUCT = YES;
			};
			name = Release;
		};
		929EF4DC17EA06580044F6F9 /* Debug */ = {
			isa = XCBuildConfiguration;
			buildSettings = {
				DSTROOT = /tmp/FireflyDevice.dst;
				GCC_PRECOMPILE_PREFIX_HEADER = YES;
				GCC_PREFIX_HEADER = "FireflyDevice/FireflyDevice-Prefix.pch";
				OTHER_LDFLAGS = "-ObjC";
				PRODUCT_NAME = "$(TARGET_NAME)";
				SKIP_INSTALL = YES;
			};
			name = Debug;
		};
		929EF4DD17EA06580044F6F9 /* Release */ = {
			isa = XCBuildConfiguration;
			buildSettings = {
				DSTROOT = /tmp/FireflyDevice.dst;
				GCC_PRECOMPILE_PREFIX_HEADER = YES;
				GCC_PREFIX_HEADER = "FireflyDevice/FireflyDevice-Prefix.pch";
				OTHER_LDFLAGS = "-ObjC";
				PRODUCT_NAME = "$(TARGET_NAME)";
				SKIP_INSTALL = YES;
			};
			name = Release;
		};
		929EF4DF17EA06580044F6F9 /* Debug */ = {
			isa = XCBuildConfiguration;
			buildSettings = {
				FRAMEWORK_SEARCH_PATHS = (
					"\"$(SDKROOT)/Developer/Library/Frameworks\"",
					"\"$(DEVELOPER_LIBRARY_DIR)/Frameworks\"",
				);
				GCC_PRECOMPILE_PREFIX_HEADER = YES;
				GCC_PREFIX_HEADER = "FireflyDevice/FireflyDevice-Prefix.pch";
				INFOPLIST_FILE = "FireflyDeviceTests/FireflyDeviceTests-Info.plist";
				PRODUCT_NAME = "$(TARGET_NAME)";
				WRAPPER_EXTENSION = octest;
			};
			name = Debug;
		};
		929EF4E017EA06580044F6F9 /* Release */ = {
			isa = XCBuildConfiguration;
			buildSettings = {
				FRAMEWORK_SEARCH_PATHS = (
					"\"$(SDKROOT)/Developer/Library/Frameworks\"",
					"\"$(DEVELOPER_LIBRARY_DIR)/Frameworks\"",
				);
				GCC_PRECOMPILE_PREFIX_HEADER = YES;
				GCC_PREFIX_HEADER = "FireflyDevice/FireflyDevice-Prefix.pch";
				INFOPLIST_FILE = "FireflyDeviceTests/FireflyDeviceTests-Info.plist";
				PRODUCT_NAME = "$(TARGET_NAME)";
				WRAPPER_EXTENSION = octest;
			};
			name = Release;
		};
/* End XCBuildConfiguration section */

/* Begin XCConfigurationList section */
		929EF4B117EA06580044F6F9 /* Build configuration list for PBXProject "FireflyDevice" */ = {
			isa = XCConfigurationList;
			buildConfigurations = (
				929EF4D917EA06580044F6F9 /* Debug */,
				929EF4DA17EA06580044F6F9 /* Release */,
			);
			defaultConfigurationIsVisible = 0;
			defaultConfigurationName = Release;
		};
		929EF4DB17EA06580044F6F9 /* Build configuration list for PBXNativeTarget "FireflyDevice" */ = {
			isa = XCConfigurationList;
			buildConfigurations = (
				929EF4DC17EA06580044F6F9 /* Debug */,
				929EF4DD17EA06580044F6F9 /* Release */,
			);
			defaultConfigurationIsVisible = 0;
			defaultConfigurationName = Release;
		};
		929EF4DE17EA06580044F6F9 /* Build configuration list for PBXNativeTarget "FireflyDeviceTests" */ = {
			isa = XCConfigurationList;
			buildConfigurations = (
				929EF4DF17EA06580044F6F9 /* Debug */,
				929EF4E017EA06580044F6F9 /* Release */,
			);
			defaultConfigurationIsVisible = 0;
			defaultConfigurationName = Release;
		};
/* End XCConfigurationList section */
	};
	rootObject = 929EF4AE17EA06580044F6F9 /* Project object */;
}
